// !$*UTF8*$!
{
	archiveVersion = 1;
	classes = {
	};
	objectVersion = 48;
	objects = {

/* Begin PBXBuildFile section */
		451876711EA75D9800A8AA13 /* renderer.cpp in Sources */ = {isa = PBXBuildFile; fileRef = 4518766F1EA75D9800A8AA13 /* renderer.cpp */; };
		4518767F1EA893F600A8AA13 /* file io.cpp in Sources */ = {isa = PBXBuildFile; fileRef = 4518767D1EA893F600A8AA13 /* file io.cpp */; };
		451876861EA9924800A8AA13 /* texture atlas.cpp in Sources */ = {isa = PBXBuildFile; fileRef = 451876841EA9924800A8AA13 /* texture atlas.cpp */; };
		451876891EA9925100A8AA13 /* texture atlas.cpp in Sources */ = {isa = PBXBuildFile; fileRef = 451876871EA9925100A8AA13 /* texture atlas.cpp */; };
		4518768C1EA9925F00A8AA13 /* texture atlas.cpp in Sources */ = {isa = PBXBuildFile; fileRef = 4518768A1EA9925F00A8AA13 /* texture atlas.cpp */; };
		451876941EA9DEE900A8AA13 /* libyaml-cpp.a in Frameworks */ = {isa = PBXBuildFile; fileRef = 451876931EA9DEE900A8AA13 /* libyaml-cpp.a */; };
		451876961EAAF2E900A8AA13 /* Materials in Resources */ = {isa = PBXBuildFile; fileRef = 451876951EAAF2E900A8AA13 /* Materials */; };
		451F721E1DD94B8A000D9E1A /* comp.cpp in Sources */ = {isa = PBXBuildFile; fileRef = 451F72131DD94B8A000D9E1A /* comp.cpp */; };
		451F721F1DD94B8A000D9E1A /* format.cpp in Sources */ = {isa = PBXBuildFile; fileRef = 451F72171DD94B8A000D9E1A /* format.cpp */; };
		45321BE11EA4810C003484DE /* get nsview.mm in Sources */ = {isa = PBXBuildFile; fileRef = 45321BDF1EA4810C003484DE /* get nsview.mm */; };
		45321BF21EA4973D003484DE /* Ogre.framework in Frameworks */ = {isa = PBXBuildFile; fileRef = 45321BE31EA4973D003484DE /* Ogre.framework */; };
		45321BF31EA4973D003484DE /* OgreOverlay.framework in Frameworks */ = {isa = PBXBuildFile; fileRef = 45321BE41EA4973D003484DE /* OgreOverlay.framework */; };
		45321BF41EA4973D003484DE /* OgrePaging.framework in Frameworks */ = {isa = PBXBuildFile; fileRef = 45321BE51EA4973D003484DE /* OgrePaging.framework */; };
		45321BF51EA4973D003484DE /* OgreProperty.framework in Frameworks */ = {isa = PBXBuildFile; fileRef = 45321BE61EA4973D003484DE /* OgreProperty.framework */; };
		45321BF61EA4973D003484DE /* OgreRTShaderSystem.framework in Frameworks */ = {isa = PBXBuildFile; fileRef = 45321BE71EA4973D003484DE /* OgreRTShaderSystem.framework */; };
		45321BF71EA4973D003484DE /* OgreTerrain.framework in Frameworks */ = {isa = PBXBuildFile; fileRef = 45321BE81EA4973D003484DE /* OgreTerrain.framework */; };
		45321BF81EA4973D003484DE /* OgreVolume.framework in Frameworks */ = {isa = PBXBuildFile; fileRef = 45321BE91EA4973D003484DE /* OgreVolume.framework */; };
		45321BF91EA4973D003484DE /* Plugin_BSPSceneManager.framework in Frameworks */ = {isa = PBXBuildFile; fileRef = 45321BEA1EA4973D003484DE /* Plugin_BSPSceneManager.framework */; };
		45321BFB1EA4973D003484DE /* Plugin_OctreeSceneManager.framework in Frameworks */ = {isa = PBXBuildFile; fileRef = 45321BEC1EA4973D003484DE /* Plugin_OctreeSceneManager.framework */; };
		45321BFD1EA4973D003484DE /* Plugin_ParticleFX.framework in Frameworks */ = {isa = PBXBuildFile; fileRef = 45321BEE1EA4973D003484DE /* Plugin_ParticleFX.framework */; };
		45321BFF1EA4973D003484DE /* RenderSystem_GL.framework in Frameworks */ = {isa = PBXBuildFile; fileRef = 45321BF01EA4973D003484DE /* RenderSystem_GL.framework */; };
		45321C0B1EA4A4BA003484DE /* libSDL2-2.0.0.dylib in Frameworks */ = {isa = PBXBuildFile; fileRef = 45321C0A1EA4A4BA003484DE /* libSDL2-2.0.0.dylib */; };
		45321C0D1EA4A602003484DE /* libtinyxml2.4.0.1.dylib in Frameworks */ = {isa = PBXBuildFile; fileRef = 45321C0C1EA4A602003484DE /* libtinyxml2.4.0.1.dylib */; };
		45321C121EA5BD66003484DE /* type name.cpp in Sources */ = {isa = PBXBuildFile; fileRef = 45321C101EA5BD66003484DE /* type name.cpp */; };
		45321C181EA5EC25003484DE /* window manager.cpp in Sources */ = {isa = PBXBuildFile; fileRef = 45321C161EA5EC25003484DE /* window manager.cpp */; };
		453B5CD11E949DCF00D0235E /* system info.cpp in Sources */ = {isa = PBXBuildFile; fileRef = 453B5CCF1E949DCF00D0235E /* system info.cpp */; };
		453B5CD31E949EFC00D0235E /* system info.mm in Sources */ = {isa = PBXBuildFile; fileRef = 453B5CD21E949EFC00D0235E /* system info.mm */; };
		455598021E1F623500076822 /* Images.xcassets in Resources */ = {isa = PBXBuildFile; fileRef = 455598011E1F623500076822 /* Images.xcassets */; };
		455D7A221DE156D300219FA1 /* actor.cpp in Sources */ = {isa = PBXBuildFile; fileRef = 455D7A201DE156D300219FA1 /* actor.cpp */; };
		455D7A251DE15EA100219FA1 /* actor factory.cpp in Sources */ = {isa = PBXBuildFile; fileRef = 455D7A231DE15EA100219FA1 /* actor factory.cpp */; };
		455D7A351DE2C1D100219FA1 /* frame anim.cpp in Sources */ = {isa = PBXBuildFile; fileRef = 455D7A331DE2C1D100219FA1 /* frame anim.cpp */; };
		4563E59C1EA3082100415853 /* ogre plugins.cfg in Resources */ = {isa = PBXBuildFile; fileRef = 4563E59A1EA3082100415853 /* ogre plugins.cfg */; };
		4563E59F1EA30AE800415853 /* ogre resources.cfg in Resources */ = {isa = PBXBuildFile; fileRef = 4563E59E1EA30AE800415853 /* ogre resources.cfg */; };
		45682C9B1E66B0A300C3E60F /* aabb.cpp in Sources */ = {isa = PBXBuildFile; fileRef = 45682C991E66B0A300C3E60F /* aabb.cpp */; };
		45682C9E1E6A2AD100C3E60F /* aabb stack.cpp in Sources */ = {isa = PBXBuildFile; fileRef = 45682C9C1E6A2AD000C3E60F /* aabb stack.cpp */; };
		45682CA41E6A7B3B00C3E60F /* point in polygon.cpp in Sources */ = {isa = PBXBuildFile; fileRef = 45682CA21E6A7B3B00C3E60F /* point in polygon.cpp */; };
		45682CA71E6A865600C3E60F /* button.cpp in Sources */ = {isa = PBXBuildFile; fileRef = 45682CA51E6A865600C3E60F /* button.cpp */; };
		45682CB01E6BF45400C3E60F /* height stack.cpp in Sources */ = {isa = PBXBuildFile; fileRef = 45682CAE1E6BF45400C3E60F /* height stack.cpp */; };
		45682CC01E7367D400C3E60F /* root.cpp in Sources */ = {isa = PBXBuildFile; fileRef = 45682CBE1E7367D300C3E60F /* root.cpp */; };
		45760EF31E90818500E0EE66 /* Fonts in Resources */ = {isa = PBXBuildFile; fileRef = 45760EF21E90818500E0EE66 /* Fonts */; };
		45760F151E90CE9E00E0EE66 /* window.cpp in Sources */ = {isa = PBXBuildFile; fileRef = 45760F131E90CE9E00E0EE66 /* window.cpp */; };
		45760F1E1E90ED8200E0EE66 /* input manager.cpp in Sources */ = {isa = PBXBuildFile; fileRef = 45760F1C1E90ED8200E0EE66 /* input manager.cpp */; };
		45760F211E922AFD00E0EE66 /* input manager.cpp in Sources */ = {isa = PBXBuildFile; fileRef = 45760F1F1E922AFD00E0EE66 /* input manager.cpp */; };
		45760F241E9231FD00E0EE66 /* window library.cpp in Sources */ = {isa = PBXBuildFile; fileRef = 45760F221E9231FD00E0EE66 /* window library.cpp */; };
		457DEF911EB584D9003E4275 /* conversions.cpp in Sources */ = {isa = PBXBuildFile; fileRef = 457DEF8F1EB584D9003E4275 /* conversions.cpp */; };
		45811D3A1E669E02004719EC /* element.cpp in Sources */ = {isa = PBXBuildFile; fileRef = 45811D381E669E02004719EC /* element.cpp */; };
		4584E4061E04A84A007E044F /* delta anim.cpp in Sources */ = {isa = PBXBuildFile; fileRef = 4584E4041E04A84A007E044F /* delta anim.cpp */; };
		4584E41D1E063BC8007E044F /* move test.cpp in Sources */ = {isa = PBXBuildFile; fileRef = 4584E41B1E063BC8007E044F /* move test.cpp */; };
		459390611E287B2100F564ED /* property.cpp in Sources */ = {isa = PBXBuildFile; fileRef = 4593905F1E287B2100F564ED /* property.cpp */; };
		4593907E1E28B5FE00F564ED /* Meshes in Resources */ = {isa = PBXBuildFile; fileRef = 4593907D1E28B5FE00F564ED /* Meshes */; };
		459390881E2B566C00F564ED /* mouseless fly camera controller.cpp in Sources */ = {isa = PBXBuildFile; fileRef = 459390861E2B566C00F564ED /* mouseless fly camera controller.cpp */; };
		459621A11ECECDB300BE557B /* ui screen.cpp in Sources */ = {isa = PBXBuildFile; fileRef = 4596219F1ECECDB300BE557B /* ui screen.cpp */; };
		459621A41ECECDBE00BE557B /* ui screen.cpp in Sources */ = {isa = PBXBuildFile; fileRef = 459621A21ECECDBE00BE557B /* ui screen.cpp */; };
		459621A71ECECDC900BE557B /* ui screen.cpp in Sources */ = {isa = PBXBuildFile; fileRef = 459621A51ECECDC900BE557B /* ui screen.cpp */; };
		459621AA1ECED32A00BE557B /* exceptions.cpp in Sources */ = {isa = PBXBuildFile; fileRef = 459621A81ECED32A00BE557B /* exceptions.cpp */; };
		459621AC1ECEDC5400BE557B /* UI Screens in Resources */ = {isa = PBXBuildFile; fileRef = 459621AB1ECEDC5400BE557B /* UI Screens */; };
		45A628971EC4480300F5022B /* logic impl.cpp in Sources */ = {isa = PBXBuildFile; fileRef = 45A628911EC4480300F5022B /* logic impl.cpp */; };
		45A628981EC4480300F5022B /* app impl.cpp in Sources */ = {isa = PBXBuildFile; fileRef = 45A628931EC4480300F5022B /* app impl.cpp */; };
		45A628991EC4480300F5022B /* human view impl.cpp in Sources */ = {isa = PBXBuildFile; fileRef = 45A628951EC4480300F5022B /* human view impl.cpp */; };
		45A6289B1EC44A4600F5022B /* libboost_system.dylib in Frameworks */ = {isa = PBXBuildFile; fileRef = 45A6289A1EC44A4600F5022B /* libboost_system.dylib */; };
		45A9F7DD1E7E017700070663 /* input.cpp in Sources */ = {isa = PBXBuildFile; fileRef = 45A9F7DB1E7E017700070663 /* input.cpp */; };
		45A9F7E41E7F489800070663 /* Images in Resources */ = {isa = PBXBuildFile; fileRef = 45A9F7E31E7F489800070663 /* Images */; };
		45A9F7EA1E7F57E900070663 /* image.cpp in Sources */ = {isa = PBXBuildFile; fileRef = 45A9F7E81E7F57E900070663 /* image.cpp */; };
		45A9F7ED1E7F5B0400070663 /* checkbox.cpp in Sources */ = {isa = PBXBuildFile; fileRef = 45A9F7EB1E7F5B0400070663 /* checkbox.cpp */; };
		45BE36BA1DEC08ED003B36D1 /* event.cpp in Sources */ = {isa = PBXBuildFile; fileRef = 45BE36B61DEC08ED003B36D1 /* event.cpp */; };
		45BE36BB1DEC08ED003B36D1 /* manager.cpp in Sources */ = {isa = PBXBuildFile; fileRef = 45BE36B81DEC08ED003B36D1 /* manager.cpp */; };
		45BFEC191DD5653E00D0C200 /* main.cpp in Sources */ = {isa = PBXBuildFile; fileRef = 45BFEC181DD5653E00D0C200 /* main.cpp */; };
		45C8379C1ED57F2C002CE59B /* state element.cpp in Sources */ = {isa = PBXBuildFile; fileRef = 45C8379A1ED57F2C002CE59B /* state element.cpp */; };
		45C837A01ED93E71002CE59B /* state change observers.cpp in Sources */ = {isa = PBXBuildFile; fileRef = 45C8379E1ED93E71002CE59B /* state change observers.cpp */; };
		45C837A31ED94CFE002CE59B /* radio.cpp in Sources */ = {isa = PBXBuildFile; fileRef = 45C837A11ED94CFE002CE59B /* radio.cpp */; };
		45D3328A1EB19F5600E70CD9 /* terminal color.cpp in Sources */ = {isa = PBXBuildFile; fileRef = 45D332881EB19F5500E70CD9 /* terminal color.cpp */; };
		45D3328D1EB1E78D00E70CD9 /* paragraph.cpp in Sources */ = {isa = PBXBuildFile; fileRef = 45D3328B1EB1E78D00E70CD9 /* paragraph.cpp */; };
		45E108AD1E38147600D121BA /* any.cpp in Sources */ = {isa = PBXBuildFile; fileRef = 45E108AB1E38147600D121BA /* any.cpp */; };
		45F028D11DD59E28007A758A /* component.cpp in Sources */ = {isa = PBXBuildFile; fileRef = 45F028CD1DD59E28007A758A /* component.cpp */; };
		45F028E41DD59E99007A758A /* blockallocator.cpp in Sources */ = {isa = PBXBuildFile; fileRef = 45F028D51DD59E99007A758A /* blockallocator.cpp */; };
		45F028E51DD59E99007A758A /* blockallocatorview.cpp in Sources */ = {isa = PBXBuildFile; fileRef = 45F028D71DD59E99007A758A /* blockallocatorview.cpp */; };
		45F028E61DD59E99007A758A /* byteptr.cpp in Sources */ = {isa = PBXBuildFile; fileRef = 45F028D91DD59E99007A758A /* byteptr.cpp */; };
		45F028E71DD59E99007A758A /* exceptions.cpp in Sources */ = {isa = PBXBuildFile; fileRef = 45F028DB1DD59E99007A758A /* exceptions.cpp */; };
		45F028E91DD59E99007A758A /* buffer.cpp in Sources */ = {isa = PBXBuildFile; fileRef = 45F028DF1DD59E99007A758A /* buffer.cpp */; };
		45F0293D1DD59F6C007A758A /* profiler.cpp in Sources */ = {isa = PBXBuildFile; fileRef = 45F029371DD59F6C007A758A /* profiler.cpp */; };
		45F0293E1DD59F6C007A758A /* singleton.cpp in Sources */ = {isa = PBXBuildFile; fileRef = 45F029391DD59F6C007A758A /* singleton.cpp */; };
		45F166BA1DFB884700922B84 /* base.cpp in Sources */ = {isa = PBXBuildFile; fileRef = 45F166B81DFB884700922B84 /* base.cpp */; };
		45F166C31DFCD9B900922B84 /* event.cpp in Sources */ = {isa = PBXBuildFile; fileRef = 45F166C11DFCD9B900922B84 /* event.cpp */; };
		45F166DD1DFCE1F800922B84 /* mouse.cpp in Sources */ = {isa = PBXBuildFile; fileRef = 45F166DA1DFCE1F800922B84 /* mouse.cpp */; };
		45F166DE1DFCE1F800922B84 /* keyboard.cpp in Sources */ = {isa = PBXBuildFile; fileRef = 45F166DC1DFCE1F800922B84 /* keyboard.cpp */; };
		45F166E81DFD15F600922B84 /* base.cpp in Sources */ = {isa = PBXBuildFile; fileRef = 45F166E51DFD15F600922B84 /* base.cpp */; };
		45F1671E1E00EC8F00922B84 /* process.cpp in Sources */ = {isa = PBXBuildFile; fileRef = 45F1671C1E00EC8F00922B84 /* process.cpp */; };
		45F167211E00EC9B00922B84 /* process manager.cpp in Sources */ = {isa = PBXBuildFile; fileRef = 45F1671F1E00EC9B00922B84 /* process manager.cpp */; };
		45F167241E01149600922B84 /* logger.cpp in Sources */ = {isa = PBXBuildFile; fileRef = 45F167221E01149600922B84 /* logger.cpp */; };
		45F1672B1E01315300922B84 /* base.cpp in Sources */ = {isa = PBXBuildFile; fileRef = 45F167291E01315300922B84 /* base.cpp */; };
		45F167371E0230DF00922B84 /* base.cpp in Sources */ = {isa = PBXBuildFile; fileRef = 45F167351E0230DF00922B84 /* base.cpp */; };
		45F1673E1E023B9F00922B84 /* events.cpp in Sources */ = {isa = PBXBuildFile; fileRef = 45F1673C1E023B9F00922B84 /* events.cpp */; };
		45F167441E0354AA00922B84 /* fps.cpp in Sources */ = {isa = PBXBuildFile; fileRef = 45F167421E0354AA00922B84 /* fps.cpp */; };
		45F4F7101DDAC52C005FD5C5 /* bits.cpp in Sources */ = {isa = PBXBuildFile; fileRef = 45F4F70E1DDAC52C005FD5C5 /* bits.cpp */; };
/* End PBXBuildFile section */

/* Begin PBXContainerItemProxy section */
		45D332861EAEF58F00E70CD9 /* PBXContainerItemProxy */ = {
			isa = PBXContainerItemProxy;
			containerPortal = 451876AA1EAAF80500A8AA13 /* Texture Atlas Generator.xcodeproj */;
			proxyType = 2;
			remoteGlobalIDString = 451876A01EAAF80500A8AA13;
			remoteInfo = atlasgen;
		};
/* End PBXContainerItemProxy section */

/* Begin PBXFileReference section */
		450CFFA61E93878F007FFF72 /* vectors.hpp */ = {isa = PBXFileReference; lastKnownFileType = sourcecode.cpp.h; path = vectors.hpp; sourceTree = "<group>"; };
		4518766B1EA7021500A8AA13 /* make array.hpp */ = {isa = PBXFileReference; lastKnownFileType = sourcecode.cpp.h; path = "make array.hpp"; sourceTree = "<group>"; };
		4518766F1EA75D9800A8AA13 /* renderer.cpp */ = {isa = PBXFileReference; fileEncoding = 4; lastKnownFileType = sourcecode.cpp.cpp; path = renderer.cpp; sourceTree = "<group>"; };
		451876701EA75D9800A8AA13 /* renderer.hpp */ = {isa = PBXFileReference; fileEncoding = 4; lastKnownFileType = sourcecode.cpp.h; path = renderer.hpp; sourceTree = "<group>"; };
		4518767D1EA893F600A8AA13 /* file io.cpp */ = {isa = PBXFileReference; fileEncoding = 4; lastKnownFileType = sourcecode.cpp.cpp; path = "file io.cpp"; sourceTree = "<group>"; };
		4518767E1EA893F600A8AA13 /* file io.hpp */ = {isa = PBXFileReference; fileEncoding = 4; lastKnownFileType = sourcecode.cpp.h; path = "file io.hpp"; sourceTree = "<group>"; };
		451876841EA9924800A8AA13 /* texture atlas.cpp */ = {isa = PBXFileReference; fileEncoding = 4; lastKnownFileType = sourcecode.cpp.cpp; path = "texture atlas.cpp"; sourceTree = "<group>"; };
		451876851EA9924800A8AA13 /* texture atlas.hpp */ = {isa = PBXFileReference; fileEncoding = 4; lastKnownFileType = sourcecode.cpp.h; path = "texture atlas.hpp"; sourceTree = "<group>"; };
		451876871EA9925100A8AA13 /* texture atlas.cpp */ = {isa = PBXFileReference; fileEncoding = 4; lastKnownFileType = sourcecode.cpp.cpp; path = "texture atlas.cpp"; sourceTree = "<group>"; };
		451876881EA9925100A8AA13 /* texture atlas.hpp */ = {isa = PBXFileReference; fileEncoding = 4; lastKnownFileType = sourcecode.cpp.h; path = "texture atlas.hpp"; sourceTree = "<group>"; };
		4518768A1EA9925F00A8AA13 /* texture atlas.cpp */ = {isa = PBXFileReference; fileEncoding = 4; lastKnownFileType = sourcecode.cpp.cpp; path = "texture atlas.cpp"; sourceTree = "<group>"; };
		4518768B1EA9925F00A8AA13 /* texture atlas.hpp */ = {isa = PBXFileReference; fileEncoding = 4; lastKnownFileType = sourcecode.cpp.h; path = "texture atlas.hpp"; sourceTree = "<group>"; };
		451876931EA9DEE900A8AA13 /* libyaml-cpp.a */ = {isa = PBXFileReference; lastKnownFileType = archive.ar; name = "libyaml-cpp.a"; path = "../../../../../../../../usr/local/lib/libyaml-cpp.a"; sourceTree = "<group>"; };
		451876951EAAF2E900A8AA13 /* Materials */ = {isa = PBXFileReference; lastKnownFileType = folder; path = Materials; sourceTree = "<group>"; };
		451876AA1EAAF80500A8AA13 /* Texture Atlas Generator.xcodeproj */ = {isa = PBXFileReference; lastKnownFileType = "wrapper.pb-project"; name = "Texture Atlas Generator.xcodeproj"; path = "Texture Atlas Generator/Texture Atlas Generator.xcodeproj"; sourceTree = "<group>"; };
		451F720E1DD94B8A000D9E1A /* angleconstants.hpp */ = {isa = PBXFileReference; fileEncoding = 4; lastKnownFileType = sourcecode.cpp.h; lineEnding = 0; path = angleconstants.hpp; sourceTree = "<group>"; xcLanguageSpecificationIdentifier = xcode.lang.cpp; };
		451F72111DD94B8A000D9E1A /* byteconstants.hpp */ = {isa = PBXFileReference; fileEncoding = 4; lastKnownFileType = sourcecode.cpp.h; lineEnding = 0; path = byteconstants.hpp; sourceTree = "<group>"; xcLanguageSpecificationIdentifier = xcode.lang.cpp; };
		451F72121DD94B8A000D9E1A /* clamp.hpp */ = {isa = PBXFileReference; fileEncoding = 4; lastKnownFileType = sourcecode.cpp.h; lineEnding = 0; path = clamp.hpp; sourceTree = "<group>"; xcLanguageSpecificationIdentifier = xcode.lang.cpp; };
		451F72131DD94B8A000D9E1A /* comp.cpp */ = {isa = PBXFileReference; fileEncoding = 4; lastKnownFileType = sourcecode.cpp.cpp; lineEnding = 0; path = comp.cpp; sourceTree = "<group>"; xcLanguageSpecificationIdentifier = xcode.lang.cpp; };
		451F72141DD94B8A000D9E1A /* comp.hpp */ = {isa = PBXFileReference; fileEncoding = 4; lastKnownFileType = sourcecode.cpp.h; lineEnding = 0; path = comp.hpp; sourceTree = "<group>"; xcLanguageSpecificationIdentifier = xcode.lang.cpp; };
		451F72151DD94B8A000D9E1A /* constants.hpp */ = {isa = PBXFileReference; fileEncoding = 4; lastKnownFileType = sourcecode.cpp.h; lineEnding = 0; path = constants.hpp; sourceTree = "<group>"; xcLanguageSpecificationIdentifier = xcode.lang.cpp; };
		451F72161DD94B8A000D9E1A /* fac.hpp */ = {isa = PBXFileReference; fileEncoding = 4; lastKnownFileType = sourcecode.cpp.h; path = fac.hpp; sourceTree = "<group>"; };
		451F72171DD94B8A000D9E1A /* format.cpp */ = {isa = PBXFileReference; fileEncoding = 4; lastKnownFileType = sourcecode.cpp.cpp; path = format.cpp; sourceTree = "<group>"; };
		451F72181DD94B8A000D9E1A /* format.hpp */ = {isa = PBXFileReference; fileEncoding = 4; lastKnownFileType = sourcecode.cpp.h; path = format.hpp; sourceTree = "<group>"; };
		451F72191DD94B8A000D9E1A /* interpolate.hpp */ = {isa = PBXFileReference; fileEncoding = 4; lastKnownFileType = sourcecode.cpp.h; path = interpolate.hpp; sourceTree = "<group>"; };
		451F721A1DD94B8A000D9E1A /* pow.hpp */ = {isa = PBXFileReference; fileEncoding = 4; lastKnownFileType = sourcecode.cpp.h; path = pow.hpp; sourceTree = "<group>"; };
		451F721B1DD94B8A000D9E1A /* scale.hpp */ = {isa = PBXFileReference; fileEncoding = 4; lastKnownFileType = sourcecode.cpp.h; path = scale.hpp; sourceTree = "<group>"; };
		451F721C1DD94B8A000D9E1A /* siconstants.hpp */ = {isa = PBXFileReference; fileEncoding = 4; lastKnownFileType = sourcecode.cpp.h; path = siconstants.hpp; sourceTree = "<group>"; };
		451F72401DD94F5F000D9E1A /* get.hpp */ = {isa = PBXFileReference; fileEncoding = 4; lastKnownFileType = sourcecode.cpp.h; path = get.hpp; sourceTree = "<group>"; };
		45321BDF1EA4810C003484DE /* get nsview.mm */ = {isa = PBXFileReference; fileEncoding = 4; lastKnownFileType = sourcecode.cpp.objcpp; path = "get nsview.mm"; sourceTree = "<group>"; };
		45321BE01EA4810C003484DE /* get nsview.hpp */ = {isa = PBXFileReference; fileEncoding = 4; lastKnownFileType = sourcecode.cpp.h; path = "get nsview.hpp"; sourceTree = "<group>"; };
		45321BE31EA4973D003484DE /* Ogre.framework */ = {isa = PBXFileReference; lastKnownFileType = wrapper.framework; path = Ogre.framework; sourceTree = "<group>"; };
		45321BE41EA4973D003484DE /* OgreOverlay.framework */ = {isa = PBXFileReference; lastKnownFileType = wrapper.framework; path = OgreOverlay.framework; sourceTree = "<group>"; };
		45321BE51EA4973D003484DE /* OgrePaging.framework */ = {isa = PBXFileReference; lastKnownFileType = wrapper.framework; path = OgrePaging.framework; sourceTree = "<group>"; };
		45321BE61EA4973D003484DE /* OgreProperty.framework */ = {isa = PBXFileReference; lastKnownFileType = wrapper.framework; path = OgreProperty.framework; sourceTree = "<group>"; };
		45321BE71EA4973D003484DE /* OgreRTShaderSystem.framework */ = {isa = PBXFileReference; lastKnownFileType = wrapper.framework; path = OgreRTShaderSystem.framework; sourceTree = "<group>"; };
		45321BE81EA4973D003484DE /* OgreTerrain.framework */ = {isa = PBXFileReference; lastKnownFileType = wrapper.framework; path = OgreTerrain.framework; sourceTree = "<group>"; };
		45321BE91EA4973D003484DE /* OgreVolume.framework */ = {isa = PBXFileReference; lastKnownFileType = wrapper.framework; path = OgreVolume.framework; sourceTree = "<group>"; };
		45321BEA1EA4973D003484DE /* Plugin_BSPSceneManager.framework */ = {isa = PBXFileReference; lastKnownFileType = wrapper.framework; path = Plugin_BSPSceneManager.framework; sourceTree = "<group>"; };
		45321BEC1EA4973D003484DE /* Plugin_OctreeSceneManager.framework */ = {isa = PBXFileReference; lastKnownFileType = wrapper.framework; path = Plugin_OctreeSceneManager.framework; sourceTree = "<group>"; };
		45321BEE1EA4973D003484DE /* Plugin_ParticleFX.framework */ = {isa = PBXFileReference; lastKnownFileType = wrapper.framework; path = Plugin_ParticleFX.framework; sourceTree = "<group>"; };
		45321BF01EA4973D003484DE /* RenderSystem_GL.framework */ = {isa = PBXFileReference; lastKnownFileType = wrapper.framework; path = RenderSystem_GL.framework; sourceTree = "<group>"; };
		45321C081EA4A1D9003484DE /* libboost_system.dylib */ = {isa = PBXFileReference; lastKnownFileType = "compiled.mach-o.dylib"; name = libboost_system.dylib; path = ../../../../../../../../usr/local/Cellar/boost/1.63.0/lib/libboost_system.dylib; sourceTree = "<group>"; };
		45321C0A1EA4A4BA003484DE /* libSDL2-2.0.0.dylib */ = {isa = PBXFileReference; lastKnownFileType = "compiled.mach-o.dylib"; name = "libSDL2-2.0.0.dylib"; path = "../../../../../../../../usr/local/Cellar/sdl2/2.0.5/lib/libSDL2-2.0.0.dylib"; sourceTree = "<group>"; };
		45321C0C1EA4A602003484DE /* libtinyxml2.4.0.1.dylib */ = {isa = PBXFileReference; lastKnownFileType = "compiled.mach-o.dylib"; name = libtinyxml2.4.0.1.dylib; path = ../../../../../../../../usr/local/Cellar/tinyxml2/4.0.1/lib/libtinyxml2.4.0.1.dylib; sourceTree = "<group>"; };
		45321C0E1EA59972003484DE /* ogre.pch */ = {isa = PBXFileReference; lastKnownFileType = sourcecode.c.h; path = ogre.pch; sourceTree = "<group>"; };
		45321C101EA5BD66003484DE /* type name.cpp */ = {isa = PBXFileReference; fileEncoding = 4; lastKnownFileType = sourcecode.cpp.cpp; path = "type name.cpp"; sourceTree = "<group>"; };
		45321C111EA5BD66003484DE /* type name.hpp */ = {isa = PBXFileReference; fileEncoding = 4; lastKnownFileType = sourcecode.cpp.h; path = "type name.hpp"; sourceTree = "<group>"; };
		45321C141EA5E8C7003484DE /* window manager.hpp */ = {isa = PBXFileReference; fileEncoding = 4; lastKnownFileType = sourcecode.cpp.h; path = "window manager.hpp"; sourceTree = "<group>"; };
		45321C161EA5EC25003484DE /* window manager.cpp */ = {isa = PBXFileReference; fileEncoding = 4; lastKnownFileType = sourcecode.cpp.cpp; path = "window manager.cpp"; sourceTree = "<group>"; };
		45321C171EA5EC25003484DE /* window manager.hpp */ = {isa = PBXFileReference; fileEncoding = 4; lastKnownFileType = sourcecode.cpp.h; path = "window manager.hpp"; sourceTree = "<group>"; };
		453B5CCB1E949D0600D0235E /* system info.hpp */ = {isa = PBXFileReference; lastKnownFileType = sourcecode.cpp.h; path = "system info.hpp"; sourceTree = "<group>"; };
		453B5CCD1E949D9100D0235E /* system info.hpp */ = {isa = PBXFileReference; fileEncoding = 4; lastKnownFileType = sourcecode.cpp.h; path = "system info.hpp"; sourceTree = "<group>"; };
		453B5CCF1E949DCF00D0235E /* system info.cpp */ = {isa = PBXFileReference; fileEncoding = 4; lastKnownFileType = sourcecode.cpp.cpp; path = "system info.cpp"; sourceTree = "<group>"; };
		453B5CD01E949DCF00D0235E /* system info.hpp */ = {isa = PBXFileReference; fileEncoding = 4; lastKnownFileType = sourcecode.cpp.h; path = "system info.hpp"; sourceTree = "<group>"; };
		453B5CD21E949EFC00D0235E /* system info.mm */ = {isa = PBXFileReference; fileEncoding = 4; lastKnownFileType = sourcecode.cpp.objcpp; path = "system info.mm"; sourceTree = "<group>"; };
		453FDD8D1DF146A000CB4A7E /* debug.hpp */ = {isa = PBXFileReference; lastKnownFileType = sourcecode.cpp.h; path = debug.hpp; sourceTree = "<group>"; };
		455598011E1F623500076822 /* Images.xcassets */ = {isa = PBXFileReference; lastKnownFileType = folder.assetcatalog; path = Images.xcassets; sourceTree = "<group>"; };
		455D7A201DE156D300219FA1 /* actor.cpp */ = {isa = PBXFileReference; fileEncoding = 4; lastKnownFileType = sourcecode.cpp.cpp; path = actor.cpp; sourceTree = "<group>"; };
		455D7A211DE156D300219FA1 /* actor.hpp */ = {isa = PBXFileReference; fileEncoding = 4; lastKnownFileType = sourcecode.cpp.h; path = actor.hpp; sourceTree = "<group>"; };
		455D7A231DE15EA100219FA1 /* actor factory.cpp */ = {isa = PBXFileReference; fileEncoding = 4; lastKnownFileType = sourcecode.cpp.cpp; path = "actor factory.cpp"; sourceTree = "<group>"; };
		455D7A241DE15EA100219FA1 /* actor factory.hpp */ = {isa = PBXFileReference; fileEncoding = 4; lastKnownFileType = sourcecode.cpp.h; path = "actor factory.hpp"; sourceTree = "<group>"; };
		455D7A2E1DE2B85E00219FA1 /* freq limiter.hpp */ = {isa = PBXFileReference; fileEncoding = 4; lastKnownFileType = sourcecode.cpp.h; path = "freq limiter.hpp"; sourceTree = "<group>"; };
		455D7A331DE2C1D100219FA1 /* frame anim.cpp */ = {isa = PBXFileReference; fileEncoding = 4; lastKnownFileType = sourcecode.cpp.cpp; path = "frame anim.cpp"; sourceTree = "<group>"; };
		455D7A341DE2C1D100219FA1 /* frame anim.hpp */ = {isa = PBXFileReference; fileEncoding = 4; lastKnownFileType = sourcecode.cpp.h; path = "frame anim.hpp"; sourceTree = "<group>"; };
		455D7A371DE407E000219FA1 /* delta.hpp */ = {isa = PBXFileReference; fileEncoding = 4; lastKnownFileType = sourcecode.cpp.h; path = delta.hpp; sourceTree = "<group>"; };
		4563E5531E9F6E4E00415853 /* array conv.hpp */ = {isa = PBXFileReference; lastKnownFileType = sourcecode.cpp.h; path = "array conv.hpp"; sourceTree = "<group>"; };
		4563E5651EA1AB3200415853 /* safe down cast.hpp */ = {isa = PBXFileReference; fileEncoding = 4; lastKnownFileType = sourcecode.cpp.h; path = "safe down cast.hpp"; sourceTree = "<group>"; };
		4563E59A1EA3082100415853 /* ogre plugins.cfg */ = {isa = PBXFileReference; fileEncoding = 4; lastKnownFileType = text; path = "ogre plugins.cfg"; sourceTree = "<group>"; };
		4563E59E1EA30AE800415853 /* ogre resources.cfg */ = {isa = PBXFileReference; fileEncoding = 4; lastKnownFileType = text; path = "ogre resources.cfg"; sourceTree = "<group>"; };
		45682C991E66B0A300C3E60F /* aabb.cpp */ = {isa = PBXFileReference; fileEncoding = 4; lastKnownFileType = sourcecode.cpp.cpp; path = aabb.cpp; sourceTree = "<group>"; };
		45682C9A1E66B0A300C3E60F /* aabb.hpp */ = {isa = PBXFileReference; fileEncoding = 4; lastKnownFileType = sourcecode.cpp.h; path = aabb.hpp; sourceTree = "<group>"; };
		45682C9C1E6A2AD000C3E60F /* aabb stack.cpp */ = {isa = PBXFileReference; fileEncoding = 4; lastKnownFileType = sourcecode.cpp.cpp; path = "aabb stack.cpp"; sourceTree = "<group>"; };
		45682C9D1E6A2AD000C3E60F /* aabb stack.hpp */ = {isa = PBXFileReference; fileEncoding = 4; lastKnownFileType = sourcecode.cpp.h; path = "aabb stack.hpp"; sourceTree = "<group>"; };
		45682CA01E6A33FC00C3E60F /* combine.hpp */ = {isa = PBXFileReference; fileEncoding = 4; lastKnownFileType = sourcecode.cpp.h; path = combine.hpp; sourceTree = "<group>"; };
		45682CA21E6A7B3B00C3E60F /* point in polygon.cpp */ = {isa = PBXFileReference; fileEncoding = 4; lastKnownFileType = sourcecode.cpp.cpp; path = "point in polygon.cpp"; sourceTree = "<group>"; };
		45682CA31E6A7B3B00C3E60F /* point in polygon.hpp */ = {isa = PBXFileReference; fileEncoding = 4; lastKnownFileType = sourcecode.cpp.h; path = "point in polygon.hpp"; sourceTree = "<group>"; };
		45682CA51E6A865600C3E60F /* button.cpp */ = {isa = PBXFileReference; fileEncoding = 4; lastKnownFileType = sourcecode.cpp.cpp; path = button.cpp; sourceTree = "<group>"; };
		45682CA61E6A865600C3E60F /* button.hpp */ = {isa = PBXFileReference; fileEncoding = 4; lastKnownFileType = sourcecode.cpp.h; path = button.hpp; sourceTree = "<group>"; };
		45682CAE1E6BF45400C3E60F /* height stack.cpp */ = {isa = PBXFileReference; fileEncoding = 4; lastKnownFileType = sourcecode.cpp.cpp; path = "height stack.cpp"; sourceTree = "<group>"; };
		45682CAF1E6BF45400C3E60F /* height stack.hpp */ = {isa = PBXFileReference; fileEncoding = 4; lastKnownFileType = sourcecode.cpp.h; path = "height stack.hpp"; sourceTree = "<group>"; };
		45682CB21E6BF5BD00C3E60F /* op stack.hpp */ = {isa = PBXFileReference; fileEncoding = 4; lastKnownFileType = sourcecode.cpp.h; path = "op stack.hpp"; sourceTree = "<group>"; };
		45682CBA1E71355700C3E60F /* int least.hpp */ = {isa = PBXFileReference; lastKnownFileType = sourcecode.cpp.h; path = "int least.hpp"; sourceTree = "<group>"; };
		45682CBC1E728B4E00C3E60F /* round.hpp */ = {isa = PBXFileReference; fileEncoding = 4; lastKnownFileType = sourcecode.cpp.h; path = round.hpp; sourceTree = "<group>"; };
		45682CBE1E7367D300C3E60F /* root.cpp */ = {isa = PBXFileReference; fileEncoding = 4; lastKnownFileType = sourcecode.cpp.cpp; path = root.cpp; sourceTree = "<group>"; };
		45682CBF1E7367D300C3E60F /* root.hpp */ = {isa = PBXFileReference; fileEncoding = 4; lastKnownFileType = sourcecode.cpp.h; path = root.hpp; sourceTree = "<group>"; };
		45760EF21E90818500E0EE66 /* Fonts */ = {isa = PBXFileReference; lastKnownFileType = folder; path = Fonts; sourceTree = "<group>"; };
		45760F081E90AD3300E0EE66 /* window library.hpp */ = {isa = PBXFileReference; fileEncoding = 4; lastKnownFileType = sourcecode.cpp.h; path = "window library.hpp"; sourceTree = "<group>"; };
		45760F0B1E90AF9A00E0EE66 /* window.hpp */ = {isa = PBXFileReference; fileEncoding = 4; lastKnownFileType = sourcecode.cpp.h; path = window.hpp; sourceTree = "<group>"; };
		45760F101E90C4A600E0EE66 /* bool enable.hpp */ = {isa = PBXFileReference; lastKnownFileType = sourcecode.cpp.h; path = "bool enable.hpp"; sourceTree = "<group>"; };
		45760F131E90CE9E00E0EE66 /* window.cpp */ = {isa = PBXFileReference; fileEncoding = 4; lastKnownFileType = sourcecode.cpp.cpp; path = window.cpp; sourceTree = "<group>"; };
		45760F141E90CE9E00E0EE66 /* window.hpp */ = {isa = PBXFileReference; fileEncoding = 4; lastKnownFileType = sourcecode.cpp.h; path = window.hpp; sourceTree = "<group>"; };
		45760F1C1E90ED8200E0EE66 /* input manager.cpp */ = {isa = PBXFileReference; fileEncoding = 4; lastKnownFileType = sourcecode.cpp.cpp; path = "input manager.cpp"; sourceTree = "<group>"; };
		45760F1D1E90ED8200E0EE66 /* input manager.hpp */ = {isa = PBXFileReference; fileEncoding = 4; lastKnownFileType = sourcecode.cpp.h; path = "input manager.hpp"; sourceTree = "<group>"; };
		45760F1F1E922AFD00E0EE66 /* input manager.cpp */ = {isa = PBXFileReference; fileEncoding = 4; lastKnownFileType = sourcecode.cpp.cpp; path = "input manager.cpp"; sourceTree = "<group>"; };
		45760F201E922AFD00E0EE66 /* input manager.hpp */ = {isa = PBXFileReference; fileEncoding = 4; lastKnownFileType = sourcecode.cpp.h; path = "input manager.hpp"; sourceTree = "<group>"; };
		45760F221E9231FD00E0EE66 /* window library.cpp */ = {isa = PBXFileReference; fileEncoding = 4; lastKnownFileType = sourcecode.cpp.cpp; path = "window library.cpp"; sourceTree = "<group>"; };
		45760F231E9231FD00E0EE66 /* window library.hpp */ = {isa = PBXFileReference; fileEncoding = 4; lastKnownFileType = sourcecode.cpp.h; path = "window library.hpp"; sourceTree = "<group>"; };
		457DEF8C1EB2F543003E4275 /* rect.hpp */ = {isa = PBXFileReference; lastKnownFileType = sourcecode.cpp.h; path = rect.hpp; sourceTree = "<group>"; };
		457DEF8E1EB41745003E4275 /* types.hpp */ = {isa = PBXFileReference; lastKnownFileType = sourcecode.cpp.h; path = types.hpp; sourceTree = "<group>"; };
		457DEF8F1EB584D9003E4275 /* conversions.cpp */ = {isa = PBXFileReference; fileEncoding = 4; lastKnownFileType = sourcecode.cpp.cpp; path = conversions.cpp; sourceTree = "<group>"; };
		457DEF901EB584D9003E4275 /* conversions.hpp */ = {isa = PBXFileReference; fileEncoding = 4; lastKnownFileType = sourcecode.cpp.h; path = conversions.hpp; sourceTree = "<group>"; };
		45811D381E669E02004719EC /* element.cpp */ = {isa = PBXFileReference; fileEncoding = 4; lastKnownFileType = sourcecode.cpp.cpp; path = element.cpp; sourceTree = "<group>"; };
		45811D391E669E02004719EC /* element.hpp */ = {isa = PBXFileReference; fileEncoding = 4; lastKnownFileType = sourcecode.cpp.h; path = element.hpp; sourceTree = "<group>"; };
		4584E4041E04A84A007E044F /* delta anim.cpp */ = {isa = PBXFileReference; fileEncoding = 4; lastKnownFileType = sourcecode.cpp.cpp; path = "delta anim.cpp"; sourceTree = "<group>"; };
		4584E4051E04A84A007E044F /* delta anim.hpp */ = {isa = PBXFileReference; fileEncoding = 4; lastKnownFileType = sourcecode.cpp.h; path = "delta anim.hpp"; sourceTree = "<group>"; };
		4584E41B1E063BC8007E044F /* move test.cpp */ = {isa = PBXFileReference; fileEncoding = 4; lastKnownFileType = sourcecode.cpp.cpp; path = "move test.cpp"; sourceTree = "<group>"; };
		4584E41C1E063BC8007E044F /* move test.hpp */ = {isa = PBXFileReference; fileEncoding = 4; lastKnownFileType = sourcecode.cpp.h; path = "move test.hpp"; sourceTree = "<group>"; };
		4593905F1E287B2100F564ED /* property.cpp */ = {isa = PBXFileReference; fileEncoding = 4; lastKnownFileType = sourcecode.cpp.cpp; path = property.cpp; sourceTree = "<group>"; };
		459390601E287B2100F564ED /* property.hpp */ = {isa = PBXFileReference; fileEncoding = 4; lastKnownFileType = sourcecode.cpp.h; path = property.hpp; sourceTree = "<group>"; };
		4593907D1E28B5FE00F564ED /* Meshes */ = {isa = PBXFileReference; lastKnownFileType = folder; path = Meshes; sourceTree = "<group>"; };
		459390861E2B566C00F564ED /* mouseless fly camera controller.cpp */ = {isa = PBXFileReference; fileEncoding = 4; lastKnownFileType = sourcecode.cpp.cpp; path = "mouseless fly camera controller.cpp"; sourceTree = "<group>"; };
		459390871E2B566C00F564ED /* mouseless fly camera controller.hpp */ = {isa = PBXFileReference; fileEncoding = 4; lastKnownFileType = sourcecode.cpp.h; path = "mouseless fly camera controller.hpp"; sourceTree = "<group>"; };
		4596219B1ECACD4600BE557B /* dispatcher.hpp */ = {isa = PBXFileReference; lastKnownFileType = sourcecode.cpp.h; path = dispatcher.hpp; sourceTree = "<group>"; };
		4596219F1ECECDB300BE557B /* ui screen.cpp */ = {isa = PBXFileReference; fileEncoding = 4; lastKnownFileType = sourcecode.cpp.cpp; path = "ui screen.cpp"; sourceTree = "<group>"; };
		459621A01ECECDB300BE557B /* ui screen.hpp */ = {isa = PBXFileReference; fileEncoding = 4; lastKnownFileType = sourcecode.cpp.h; path = "ui screen.hpp"; sourceTree = "<group>"; };
		459621A21ECECDBE00BE557B /* ui screen.cpp */ = {isa = PBXFileReference; fileEncoding = 4; lastKnownFileType = sourcecode.cpp.cpp; path = "ui screen.cpp"; sourceTree = "<group>"; };
		459621A31ECECDBE00BE557B /* ui screen.hpp */ = {isa = PBXFileReference; fileEncoding = 4; lastKnownFileType = sourcecode.cpp.h; path = "ui screen.hpp"; sourceTree = "<group>"; };
		459621A51ECECDC900BE557B /* ui screen.cpp */ = {isa = PBXFileReference; fileEncoding = 4; lastKnownFileType = sourcecode.cpp.cpp; path = "ui screen.cpp"; sourceTree = "<group>"; };
		459621A61ECECDC900BE557B /* ui screen.hpp */ = {isa = PBXFileReference; fileEncoding = 4; lastKnownFileType = sourcecode.cpp.h; path = "ui screen.hpp"; sourceTree = "<group>"; };
		459621A81ECED32A00BE557B /* exceptions.cpp */ = {isa = PBXFileReference; fileEncoding = 4; lastKnownFileType = sourcecode.cpp.cpp; path = exceptions.cpp; sourceTree = "<group>"; };
		459621A91ECED32A00BE557B /* exceptions.hpp */ = {isa = PBXFileReference; fileEncoding = 4; lastKnownFileType = sourcecode.cpp.h; path = exceptions.hpp; sourceTree = "<group>"; };
		459621AB1ECEDC5400BE557B /* UI Screens */ = {isa = PBXFileReference; lastKnownFileType = folder; path = "UI Screens"; sourceTree = "<group>"; };
		45975A611ED03F3C008CC1F6 /* string enum.hpp */ = {isa = PBXFileReference; lastKnownFileType = sourcecode.cpp.h; path = "string enum.hpp"; sourceTree = "<group>"; };
		45A628911EC4480300F5022B /* logic impl.cpp */ = {isa = PBXFileReference; fileEncoding = 4; lastKnownFileType = sourcecode.cpp.cpp; path = "logic impl.cpp"; sourceTree = "<group>"; };
		45A628921EC4480300F5022B /* logic impl.hpp */ = {isa = PBXFileReference; fileEncoding = 4; lastKnownFileType = sourcecode.cpp.h; path = "logic impl.hpp"; sourceTree = "<group>"; };
		45A628931EC4480300F5022B /* app impl.cpp */ = {isa = PBXFileReference; fileEncoding = 4; lastKnownFileType = sourcecode.cpp.cpp; path = "app impl.cpp"; sourceTree = "<group>"; };
		45A628941EC4480300F5022B /* app impl.hpp */ = {isa = PBXFileReference; fileEncoding = 4; lastKnownFileType = sourcecode.cpp.h; path = "app impl.hpp"; sourceTree = "<group>"; };
		45A628951EC4480300F5022B /* human view impl.cpp */ = {isa = PBXFileReference; fileEncoding = 4; lastKnownFileType = sourcecode.cpp.cpp; path = "human view impl.cpp"; sourceTree = "<group>"; };
		45A628961EC4480300F5022B /* human view impl.hpp */ = {isa = PBXFileReference; fileEncoding = 4; lastKnownFileType = sourcecode.cpp.h; path = "human view impl.hpp"; sourceTree = "<group>"; };
		45A6289A1EC44A4600F5022B /* libboost_system.dylib */ = {isa = PBXFileReference; lastKnownFileType = "compiled.mach-o.dylib"; name = libboost_system.dylib; path = ../../../../../../../../usr/local/Cellar/boost/1.64.0_1/lib/libboost_system.dylib; sourceTree = "<group>"; };
		45A628B81EC81C9C00F5022B /* callable.hpp */ = {isa = PBXFileReference; lastKnownFileType = sourcecode.cpp.h; path = callable.hpp; sourceTree = "<group>"; };
		45A9F7C71E7BC0B200070663 /* local.hpp */ = {isa = PBXFileReference; fileEncoding = 4; lastKnownFileType = sourcecode.cpp.h; path = local.hpp; sourceTree = "<group>"; };
		45A9F7CA1E7BC0BA00070663 /* global.hpp */ = {isa = PBXFileReference; fileEncoding = 4; lastKnownFileType = sourcecode.cpp.h; path = global.hpp; sourceTree = "<group>"; };
		45A9F7D31E7CB50300070663 /* type gen.hpp */ = {isa = PBXFileReference; fileEncoding = 4; lastKnownFileType = sourcecode.cpp.h; path = "type gen.hpp"; sourceTree = "<group>"; };
		45A9F7D91E7D0E0D00070663 /* member function.hpp */ = {isa = PBXFileReference; fileEncoding = 4; lastKnownFileType = sourcecode.cpp.h; path = "member function.hpp"; sourceTree = "<group>"; };
		45A9F7DB1E7E017700070663 /* input.cpp */ = {isa = PBXFileReference; fileEncoding = 4; lastKnownFileType = sourcecode.cpp.cpp; path = input.cpp; sourceTree = "<group>"; };
		45A9F7DC1E7E017700070663 /* input.hpp */ = {isa = PBXFileReference; fileEncoding = 4; lastKnownFileType = sourcecode.cpp.h; path = input.hpp; sourceTree = "<group>"; };
		45A9F7DF1E7E464A00070663 /* variadic type traits.hpp */ = {isa = PBXFileReference; fileEncoding = 4; lastKnownFileType = sourcecode.cpp.h; path = "variadic type traits.hpp"; sourceTree = "<group>"; };
		45A9F7E31E7F489800070663 /* Images */ = {isa = PBXFileReference; lastKnownFileType = folder; path = Images; sourceTree = "<group>"; };
		45A9F7E61E7F4C2F00070663 /* abs.hpp */ = {isa = PBXFileReference; fileEncoding = 4; lastKnownFileType = sourcecode.cpp.h; path = abs.hpp; sourceTree = "<group>"; };
		45A9F7E81E7F57E900070663 /* image.cpp */ = {isa = PBXFileReference; fileEncoding = 4; lastKnownFileType = sourcecode.cpp.cpp; path = image.cpp; sourceTree = "<group>"; };
		45A9F7E91E7F57E900070663 /* image.hpp */ = {isa = PBXFileReference; fileEncoding = 4; lastKnownFileType = sourcecode.cpp.h; path = image.hpp; sourceTree = "<group>"; };
		45A9F7EB1E7F5B0400070663 /* checkbox.cpp */ = {isa = PBXFileReference; fileEncoding = 4; lastKnownFileType = sourcecode.cpp.cpp; path = checkbox.cpp; sourceTree = "<group>"; };
		45A9F7EC1E7F5B0400070663 /* checkbox.hpp */ = {isa = PBXFileReference; fileEncoding = 4; lastKnownFileType = sourcecode.cpp.h; path = checkbox.hpp; sourceTree = "<group>"; };
		45A9F7F21E7F8CFD00070663 /* benchmark.hpp */ = {isa = PBXFileReference; fileEncoding = 4; lastKnownFileType = sourcecode.cpp.h; path = benchmark.hpp; sourceTree = "<group>"; };
		45A9F7F51E7FB4D200070663 /* logic.hpp */ = {isa = PBXFileReference; fileEncoding = 4; lastKnownFileType = sourcecode.cpp.h; path = logic.hpp; sourceTree = "<group>"; };
		45BE36991DE8F85A003B36D1 /* interval.hpp */ = {isa = PBXFileReference; fileEncoding = 4; lastKnownFileType = sourcecode.cpp.h; path = interval.hpp; sourceTree = "<group>"; };
		45BE36B41DEBFBF0003B36D1 /* stopwatch.hpp */ = {isa = PBXFileReference; fileEncoding = 4; lastKnownFileType = sourcecode.cpp.h; path = stopwatch.hpp; sourceTree = "<group>"; };
		45BE36B61DEC08ED003B36D1 /* event.cpp */ = {isa = PBXFileReference; fileEncoding = 4; lastKnownFileType = sourcecode.cpp.cpp; path = event.cpp; sourceTree = "<group>"; };
		45BE36B71DEC08ED003B36D1 /* event.hpp */ = {isa = PBXFileReference; fileEncoding = 4; lastKnownFileType = sourcecode.cpp.h; path = event.hpp; sourceTree = "<group>"; };
		45BE36B81DEC08ED003B36D1 /* manager.cpp */ = {isa = PBXFileReference; fileEncoding = 4; lastKnownFileType = sourcecode.cpp.cpp; path = manager.cpp; sourceTree = "<group>"; };
		45BE36B91DEC08ED003B36D1 /* manager.hpp */ = {isa = PBXFileReference; fileEncoding = 4; lastKnownFileType = sourcecode.cpp.h; path = manager.hpp; sourceTree = "<group>"; };
		45BE36C21DED3B13003B36D1 /* timer.hpp */ = {isa = PBXFileReference; fileEncoding = 4; lastKnownFileType = sourcecode.cpp.h; path = timer.hpp; sourceTree = "<group>"; };
		45BFEC101DD5653E00D0C200 /* Game Engine.app */ = {isa = PBXFileReference; explicitFileType = wrapper.application; includeInIndex = 0; path = "Game Engine.app"; sourceTree = BUILT_PRODUCTS_DIR; };
		45BFEC181DD5653E00D0C200 /* main.cpp */ = {isa = PBXFileReference; lastKnownFileType = sourcecode.cpp.cpp; path = main.cpp; sourceTree = "<group>"; };
		45BFEC671DD598DE00D0C200 /* Game Engine-Info.plist */ = {isa = PBXFileReference; fileEncoding = 4; lastKnownFileType = text.plist.xml; path = "Game Engine-Info.plist"; sourceTree = "<group>"; };
		45C8379A1ED57F2C002CE59B /* state element.cpp */ = {isa = PBXFileReference; fileEncoding = 4; lastKnownFileType = sourcecode.cpp.cpp; path = "state element.cpp"; sourceTree = "<group>"; };
		45C8379B1ED57F2C002CE59B /* state element.hpp */ = {isa = PBXFileReference; fileEncoding = 4; lastKnownFileType = sourcecode.cpp.h; path = "state element.hpp"; sourceTree = "<group>"; };
		45C8379D1ED9239D002CE59B /* static state element.hpp */ = {isa = PBXFileReference; lastKnownFileType = sourcecode.cpp.h; path = "static state element.hpp"; sourceTree = "<group>"; };
		45C8379E1ED93E71002CE59B /* state change observers.cpp */ = {isa = PBXFileReference; fileEncoding = 4; lastKnownFileType = sourcecode.cpp.cpp; path = "state change observers.cpp"; sourceTree = "<group>"; };
		45C8379F1ED93E71002CE59B /* state change observers.hpp */ = {isa = PBXFileReference; fileEncoding = 4; lastKnownFileType = sourcecode.cpp.h; path = "state change observers.hpp"; sourceTree = "<group>"; };
		45C837A11ED94CFE002CE59B /* radio.cpp */ = {isa = PBXFileReference; fileEncoding = 4; lastKnownFileType = sourcecode.cpp.cpp; path = radio.cpp; sourceTree = "<group>"; };
		45C837A21ED94CFE002CE59B /* radio.hpp */ = {isa = PBXFileReference; fileEncoding = 4; lastKnownFileType = sourcecode.cpp.h; path = radio.hpp; sourceTree = "<group>"; };
		45D332881EB19F5500E70CD9 /* terminal color.cpp */ = {isa = PBXFileReference; fileEncoding = 4; lastKnownFileType = sourcecode.cpp.cpp; path = "terminal color.cpp"; sourceTree = "<group>"; };
		45D332891EB19F5600E70CD9 /* terminal color.hpp */ = {isa = PBXFileReference; fileEncoding = 4; lastKnownFileType = sourcecode.cpp.h; path = "terminal color.hpp"; sourceTree = "<group>"; };
		45D3328B1EB1E78D00E70CD9 /* paragraph.cpp */ = {isa = PBXFileReference; fileEncoding = 4; lastKnownFileType = sourcecode.cpp.cpp; path = paragraph.cpp; sourceTree = "<group>"; };
		45D3328C1EB1E78D00E70CD9 /* paragraph.hpp */ = {isa = PBXFileReference; fileEncoding = 4; lastKnownFileType = sourcecode.cpp.h; path = paragraph.hpp; sourceTree = "<group>"; };
		45E1088D1E30976F00D121BA /* fixed point.hpp */ = {isa = PBXFileReference; fileEncoding = 4; lastKnownFileType = sourcecode.cpp.h; path = "fixed point.hpp"; sourceTree = "<group>"; };
		45E108AB1E38147600D121BA /* any.cpp */ = {isa = PBXFileReference; fileEncoding = 4; lastKnownFileType = sourcecode.cpp.cpp; path = any.cpp; sourceTree = "<group>"; };
		45E108AC1E38147600D121BA /* any.hpp */ = {isa = PBXFileReference; fileEncoding = 4; lastKnownFileType = sourcecode.cpp.h; path = any.hpp; sourceTree = "<group>"; };
		45F028CD1DD59E28007A758A /* component.cpp */ = {isa = PBXFileReference; fileEncoding = 4; lastKnownFileType = sourcecode.cpp.cpp; lineEnding = 0; path = component.cpp; sourceTree = "<group>"; xcLanguageSpecificationIdentifier = xcode.lang.cpp; };
		45F028CE1DD59E28007A758A /* component.hpp */ = {isa = PBXFileReference; fileEncoding = 4; lastKnownFileType = sourcecode.cpp.h; lineEnding = 0; path = component.hpp; sourceTree = "<group>"; xcLanguageSpecificationIdentifier = xcode.lang.cpp; };
		45F028D51DD59E99007A758A /* blockallocator.cpp */ = {isa = PBXFileReference; fileEncoding = 4; lastKnownFileType = sourcecode.cpp.cpp; path = blockallocator.cpp; sourceTree = "<group>"; };
		45F028D61DD59E99007A758A /* blockallocator.hpp */ = {isa = PBXFileReference; fileEncoding = 4; lastKnownFileType = sourcecode.cpp.h; path = blockallocator.hpp; sourceTree = "<group>"; };
		45F028D71DD59E99007A758A /* blockallocatorview.cpp */ = {isa = PBXFileReference; fileEncoding = 4; lastKnownFileType = sourcecode.cpp.cpp; path = blockallocatorview.cpp; sourceTree = "<group>"; };
		45F028D81DD59E99007A758A /* blockallocatorview.hpp */ = {isa = PBXFileReference; fileEncoding = 4; lastKnownFileType = sourcecode.cpp.h; path = blockallocatorview.hpp; sourceTree = "<group>"; };
		45F028D91DD59E99007A758A /* byteptr.cpp */ = {isa = PBXFileReference; fileEncoding = 4; lastKnownFileType = sourcecode.cpp.cpp; lineEnding = 0; path = byteptr.cpp; sourceTree = "<group>"; xcLanguageSpecificationIdentifier = xcode.lang.cpp; };
		45F028DA1DD59E99007A758A /* byteptr.hpp */ = {isa = PBXFileReference; fileEncoding = 4; lastKnownFileType = sourcecode.cpp.h; lineEnding = 0; path = byteptr.hpp; sourceTree = "<group>"; xcLanguageSpecificationIdentifier = xcode.lang.cpp; };
		45F028DB1DD59E99007A758A /* exceptions.cpp */ = {isa = PBXFileReference; fileEncoding = 4; lastKnownFileType = sourcecode.cpp.cpp; path = exceptions.cpp; sourceTree = "<group>"; };
		45F028DC1DD59E99007A758A /* exceptions.hpp */ = {isa = PBXFileReference; fileEncoding = 4; lastKnownFileType = sourcecode.cpp.h; path = exceptions.hpp; sourceTree = "<group>"; };
		45F028DE1DD59E99007A758A /* view.hpp */ = {isa = PBXFileReference; fileEncoding = 4; lastKnownFileType = sourcecode.cpp.h; path = view.hpp; sourceTree = "<group>"; };
		45F028DF1DD59E99007A758A /* buffer.cpp */ = {isa = PBXFileReference; fileEncoding = 4; lastKnownFileType = sourcecode.cpp.cpp; path = buffer.cpp; sourceTree = "<group>"; };
		45F028E01DD59E99007A758A /* buffer.hpp */ = {isa = PBXFileReference; fileEncoding = 4; lastKnownFileType = sourcecode.cpp.h; path = buffer.hpp; sourceTree = "<group>"; };
		45F029341DD59F6C007A758A /* instance limiter.hpp */ = {isa = PBXFileReference; fileEncoding = 4; lastKnownFileType = sourcecode.cpp.h; path = "instance limiter.hpp"; sourceTree = "<group>"; };
		45F029371DD59F6C007A758A /* profiler.cpp */ = {isa = PBXFileReference; fileEncoding = 4; lastKnownFileType = sourcecode.cpp.cpp; path = profiler.cpp; sourceTree = "<group>"; };
		45F029381DD59F6C007A758A /* profiler.hpp */ = {isa = PBXFileReference; fileEncoding = 4; lastKnownFileType = sourcecode.cpp.h; path = profiler.hpp; sourceTree = "<group>"; };
		45F029391DD59F6C007A758A /* singleton.cpp */ = {isa = PBXFileReference; fileEncoding = 4; lastKnownFileType = sourcecode.cpp.cpp; path = singleton.cpp; sourceTree = "<group>"; };
		45F0293A1DD59F6C007A758A /* singleton.hpp */ = {isa = PBXFileReference; fileEncoding = 4; lastKnownFileType = sourcecode.cpp.h; path = singleton.hpp; sourceTree = "<group>"; };
		45F1669C1DF3B27800922B84 /* range.hpp */ = {isa = PBXFileReference; fileEncoding = 4; lastKnownFileType = sourcecode.cpp.h; path = range.hpp; sourceTree = "<group>"; };
		45F166A81DF4008500922B84 /* bool enum.hpp */ = {isa = PBXFileReference; fileEncoding = 4; lastKnownFileType = sourcecode.cpp.h; path = "bool enum.hpp"; sourceTree = "<group>"; };
		45F166B81DFB884700922B84 /* base.cpp */ = {isa = PBXFileReference; fileEncoding = 4; lastKnownFileType = sourcecode.cpp.cpp; path = base.cpp; sourceTree = "<group>"; };
		45F166B91DFB884700922B84 /* base.hpp */ = {isa = PBXFileReference; fileEncoding = 4; lastKnownFileType = sourcecode.cpp.h; path = base.hpp; sourceTree = "<group>"; };
		45F166C11DFCD9B900922B84 /* event.cpp */ = {isa = PBXFileReference; fileEncoding = 4; lastKnownFileType = sourcecode.cpp.cpp; path = event.cpp; sourceTree = "<group>"; };
		45F166C21DFCD9B900922B84 /* event.hpp */ = {isa = PBXFileReference; fileEncoding = 4; lastKnownFileType = sourcecode.cpp.h; path = event.hpp; sourceTree = "<group>"; };
		45F166D91DFCE1F800922B84 /* keyboard.hpp */ = {isa = PBXFileReference; fileEncoding = 4; lastKnownFileType = sourcecode.cpp.h; path = keyboard.hpp; sourceTree = "<group>"; };
		45F166DA1DFCE1F800922B84 /* mouse.cpp */ = {isa = PBXFileReference; fileEncoding = 4; lastKnownFileType = sourcecode.cpp.cpp; path = mouse.cpp; sourceTree = "<group>"; };
		45F166DB1DFCE1F800922B84 /* mouse.hpp */ = {isa = PBXFileReference; fileEncoding = 4; lastKnownFileType = sourcecode.cpp.h; path = mouse.hpp; sourceTree = "<group>"; };
		45F166DC1DFCE1F800922B84 /* keyboard.cpp */ = {isa = PBXFileReference; fileEncoding = 4; lastKnownFileType = sourcecode.cpp.cpp; path = keyboard.cpp; sourceTree = "<group>"; };
		45F166E51DFD15F600922B84 /* base.cpp */ = {isa = PBXFileReference; fileEncoding = 4; lastKnownFileType = sourcecode.cpp.cpp; path = base.cpp; sourceTree = "<group>"; };
		45F166E61DFD15F600922B84 /* base.hpp */ = {isa = PBXFileReference; fileEncoding = 4; lastKnownFileType = sourcecode.cpp.h; path = base.hpp; sourceTree = "<group>"; };
		45F1671C1E00EC8F00922B84 /* process.cpp */ = {isa = PBXFileReference; fileEncoding = 4; lastKnownFileType = sourcecode.cpp.cpp; path = process.cpp; sourceTree = "<group>"; };
		45F1671D1E00EC8F00922B84 /* process.hpp */ = {isa = PBXFileReference; fileEncoding = 4; lastKnownFileType = sourcecode.cpp.h; path = process.hpp; sourceTree = "<group>"; };
		45F1671F1E00EC9B00922B84 /* process manager.cpp */ = {isa = PBXFileReference; fileEncoding = 4; lastKnownFileType = sourcecode.cpp.cpp; path = "process manager.cpp"; sourceTree = "<group>"; };
		45F167201E00EC9B00922B84 /* process manager.hpp */ = {isa = PBXFileReference; fileEncoding = 4; lastKnownFileType = sourcecode.cpp.h; path = "process manager.hpp"; sourceTree = "<group>"; };
		45F167221E01149600922B84 /* logger.cpp */ = {isa = PBXFileReference; fileEncoding = 4; lastKnownFileType = sourcecode.cpp.cpp; path = logger.cpp; sourceTree = "<group>"; };
		45F167231E01149600922B84 /* logger.hpp */ = {isa = PBXFileReference; fileEncoding = 4; lastKnownFileType = sourcecode.cpp.h; path = logger.hpp; sourceTree = "<group>"; };
		45F167291E01315300922B84 /* base.cpp */ = {isa = PBXFileReference; fileEncoding = 4; lastKnownFileType = sourcecode.cpp.cpp; path = base.cpp; sourceTree = "<group>"; };
		45F1672A1E01315300922B84 /* base.hpp */ = {isa = PBXFileReference; fileEncoding = 4; lastKnownFileType = sourcecode.cpp.h; path = base.hpp; sourceTree = "<group>"; };
		45F167351E0230DF00922B84 /* base.cpp */ = {isa = PBXFileReference; fileEncoding = 4; lastKnownFileType = sourcecode.cpp.cpp; path = base.cpp; sourceTree = "<group>"; };
		45F167361E0230DF00922B84 /* base.hpp */ = {isa = PBXFileReference; fileEncoding = 4; lastKnownFileType = sourcecode.cpp.h; path = base.hpp; sourceTree = "<group>"; };
		45F1673C1E023B9F00922B84 /* events.cpp */ = {isa = PBXFileReference; fileEncoding = 4; lastKnownFileType = sourcecode.cpp.cpp; path = events.cpp; sourceTree = "<group>"; };
		45F1673D1E023B9F00922B84 /* events.hpp */ = {isa = PBXFileReference; fileEncoding = 4; lastKnownFileType = sourcecode.cpp.h; path = events.hpp; sourceTree = "<group>"; };
		45F167421E0354AA00922B84 /* fps.cpp */ = {isa = PBXFileReference; fileEncoding = 4; lastKnownFileType = sourcecode.cpp.cpp; path = fps.cpp; sourceTree = "<group>"; };
		45F167431E0354AA00922B84 /* fps.hpp */ = {isa = PBXFileReference; fileEncoding = 4; lastKnownFileType = sourcecode.cpp.h; path = fps.hpp; sourceTree = "<group>"; };
		45F4F70E1DDAC52C005FD5C5 /* bits.cpp */ = {isa = PBXFileReference; fileEncoding = 4; lastKnownFileType = sourcecode.cpp.cpp; path = bits.cpp; sourceTree = "<group>"; };
		45F4F70F1DDAC52C005FD5C5 /* bits.hpp */ = {isa = PBXFileReference; fileEncoding = 4; lastKnownFileType = sourcecode.cpp.h; path = bits.hpp; sourceTree = "<group>"; };
		45F4F7121DDC0242005FD5C5 /* unitconstants.hpp */ = {isa = PBXFileReference; fileEncoding = 4; lastKnownFileType = sourcecode.cpp.h; path = unitconstants.hpp; sourceTree = "<group>"; };
/* End PBXFileReference section */

/* Begin PBXFrameworksBuildPhase section */
		45BFEC0C1DD5653E00D0C200 /* Frameworks */ = {
			isa = PBXFrameworksBuildPhase;
			buildActionMask = 2147483647;
			files = (
				45A6289B1EC44A4600F5022B /* libboost_system.dylib in Frameworks */,
				451876941EA9DEE900A8AA13 /* libyaml-cpp.a in Frameworks */,
				45321C0D1EA4A602003484DE /* libtinyxml2.4.0.1.dylib in Frameworks */,
				45321C0B1EA4A4BA003484DE /* libSDL2-2.0.0.dylib in Frameworks */,
				45321BF21EA4973D003484DE /* Ogre.framework in Frameworks */,
				45321BF31EA4973D003484DE /* OgreOverlay.framework in Frameworks */,
				45321BF41EA4973D003484DE /* OgrePaging.framework in Frameworks */,
				45321BF51EA4973D003484DE /* OgreProperty.framework in Frameworks */,
				45321BF61EA4973D003484DE /* OgreRTShaderSystem.framework in Frameworks */,
				45321BF71EA4973D003484DE /* OgreTerrain.framework in Frameworks */,
				45321BF81EA4973D003484DE /* OgreVolume.framework in Frameworks */,
				45321BF91EA4973D003484DE /* Plugin_BSPSceneManager.framework in Frameworks */,
				45321BFB1EA4973D003484DE /* Plugin_OctreeSceneManager.framework in Frameworks */,
				45321BFD1EA4973D003484DE /* Plugin_ParticleFX.framework in Frameworks */,
				45321BFF1EA4973D003484DE /* RenderSystem_GL.framework in Frameworks */,
			);
			runOnlyForDeploymentPostprocessing = 0;
		};
/* End PBXFrameworksBuildPhase section */

/* Begin PBXGroup section */
		451876801EA990C500A8AA13 /* Resource */ = {
			isa = PBXGroup;
			children = (
				451876831EA9920800A8AA13 /* Managers */,
				451876821EA9920200A8AA13 /* Handles */,
				451876811EA9915500A8AA13 /* Serializers */,
				459621A81ECED32A00BE557B /* exceptions.cpp */,
				459621A91ECED32A00BE557B /* exceptions.hpp */,
			);
			path = Resource;
			sourceTree = "<group>";
		};
		451876811EA9915500A8AA13 /* Serializers */ = {
			isa = PBXGroup;
			children = (
				451876841EA9924800A8AA13 /* texture atlas.cpp */,
				451876851EA9924800A8AA13 /* texture atlas.hpp */,
				459621A51ECECDC900BE557B /* ui screen.cpp */,
				459621A61ECECDC900BE557B /* ui screen.hpp */,
			);
			path = Serializers;
			sourceTree = "<group>";
		};
		451876821EA9920200A8AA13 /* Handles */ = {
			isa = PBXGroup;
			children = (
				451876871EA9925100A8AA13 /* texture atlas.cpp */,
				451876881EA9925100A8AA13 /* texture atlas.hpp */,
				459621A21ECECDBE00BE557B /* ui screen.cpp */,
				459621A31ECECDBE00BE557B /* ui screen.hpp */,
			);
			path = Handles;
			sourceTree = "<group>";
		};
		451876831EA9920800A8AA13 /* Managers */ = {
			isa = PBXGroup;
			children = (
				4518768A1EA9925F00A8AA13 /* texture atlas.cpp */,
				4518768B1EA9925F00A8AA13 /* texture atlas.hpp */,
				4596219F1ECECDB300BE557B /* ui screen.cpp */,
				459621A01ECECDB300BE557B /* ui screen.hpp */,
			);
			path = Managers;
			sourceTree = "<group>";
		};
		451876B01EAAF83A00A8AA13 /* Tools */ = {
			isa = PBXGroup;
			children = (
				451876AA1EAAF80500A8AA13 /* Texture Atlas Generator.xcodeproj */,
			);
			path = Tools;
			sourceTree = "<group>";
		};
		451F720D1DD94B5E000D9E1A /* Math */ = {
			isa = PBXGroup;
			children = (
				451F72151DD94B8A000D9E1A /* constants.hpp */,
				451F720E1DD94B8A000D9E1A /* angleconstants.hpp */,
				451F72111DD94B8A000D9E1A /* byteconstants.hpp */,
				451F721C1DD94B8A000D9E1A /* siconstants.hpp */,
				45F4F7121DDC0242005FD5C5 /* unitconstants.hpp */,
				451F72121DD94B8A000D9E1A /* clamp.hpp */,
				451F72131DD94B8A000D9E1A /* comp.cpp */,
				451F72141DD94B8A000D9E1A /* comp.hpp */,
				451F72161DD94B8A000D9E1A /* fac.hpp */,
				451F72171DD94B8A000D9E1A /* format.cpp */,
				451F72181DD94B8A000D9E1A /* format.hpp */,
				451F72191DD94B8A000D9E1A /* interpolate.hpp */,
				451F721A1DD94B8A000D9E1A /* pow.hpp */,
				451F721B1DD94B8A000D9E1A /* scale.hpp */,
				45F1669C1DF3B27800922B84 /* range.hpp */,
				45E1088D1E30976F00D121BA /* fixed point.hpp */,
				45682CBC1E728B4E00C3E60F /* round.hpp */,
				45A9F7E61E7F4C2F00070663 /* abs.hpp */,
				45A9F7F51E7FB4D200070663 /* logic.hpp */,
				450CFFA61E93878F007FFF72 /* vectors.hpp */,
				457DEF8C1EB2F543003E4275 /* rect.hpp */,
			);
			path = Math;
			sourceTree = "<group>";
		};
		451F72421DD958D7000D9E1A /* ID */ = {
			isa = PBXGroup;
			children = (
				45A9F7C71E7BC0B200070663 /* local.hpp */,
				45A9F7CA1E7BC0BA00070663 /* global.hpp */,
			);
			path = ID;
			sourceTree = "<group>";
		};
		453B5CCA1E949CB300D0235E /* MacOS */ = {
			isa = PBXGroup;
			children = (
				453B5CD21E949EFC00D0235E /* system info.mm */,
				453B5CCD1E949D9100D0235E /* system info.hpp */,
			);
			path = MacOS;
			sourceTree = "<group>";
		};
		453FDD9A1DF28A1D00CB4A7E /* Game View */ = {
			isa = PBXGroup;
			children = (
				45F166B81DFB884700922B84 /* base.cpp */,
				45F166B91DFB884700922B84 /* base.hpp */,
				45F166E21DFD15AA00922B84 /* Human */,
			);
			path = "Game View";
			sourceTree = "<group>";
		};
		453FDDAA1DF37B7800CB4A7E /* Input */ = {
			isa = PBXGroup;
			children = (
				459390851E2B55F100F564ED /* Listeners */,
				45F166D21DFCDF5700922B84 /* State */,
				45F166C11DFCD9B900922B84 /* event.cpp */,
				45F166C21DFCD9B900922B84 /* event.hpp */,
			);
			path = Input;
			sourceTree = "<group>";
		};
		455597CD1E1346F900076822 /* Frameworks */ = {
			isa = PBXGroup;
			children = (
				45A6289A1EC44A4600F5022B /* libboost_system.dylib */,
				451876931EA9DEE900A8AA13 /* libyaml-cpp.a */,
				45321C0C1EA4A602003484DE /* libtinyxml2.4.0.1.dylib */,
				45321C0A1EA4A4BA003484DE /* libSDL2-2.0.0.dylib */,
				45321C081EA4A1D9003484DE /* libboost_system.dylib */,
				45321BE31EA4973D003484DE /* Ogre.framework */,
				45321BE41EA4973D003484DE /* OgreOverlay.framework */,
				45321BE51EA4973D003484DE /* OgrePaging.framework */,
				45321BE61EA4973D003484DE /* OgreProperty.framework */,
				45321BE71EA4973D003484DE /* OgreRTShaderSystem.framework */,
				45321BE81EA4973D003484DE /* OgreTerrain.framework */,
				45321BE91EA4973D003484DE /* OgreVolume.framework */,
				45321BEA1EA4973D003484DE /* Plugin_BSPSceneManager.framework */,
				45321BEC1EA4973D003484DE /* Plugin_OctreeSceneManager.framework */,
				45321BEE1EA4973D003484DE /* Plugin_ParticleFX.framework */,
				45321BF01EA4973D003484DE /* RenderSystem_GL.framework */,
			);
			name = Frameworks;
			path = "Game Engine/Frameworks";
			sourceTree = "<group>";
		};
		4555982B1E21EE8300076822 /* Resources */ = {
			isa = PBXGroup;
			children = (
				4563E59A1EA3082100415853 /* ogre plugins.cfg */,
				451876951EAAF2E900A8AA13 /* Materials */,
				45760EF21E90818500E0EE66 /* Fonts */,
				45A9F7E31E7F489800070663 /* Images */,
				4593907D1E28B5FE00F564ED /* Meshes */,
				459621AB1ECEDC5400BE557B /* UI Screens */,
				4563E59E1EA30AE800415853 /* ogre resources.cfg */,
			);
			path = Resources;
			sourceTree = "<group>";
		};
		455D7A2C1DE2B7D300219FA1 /* Time */ = {
			isa = PBXGroup;
			children = (
				451F72401DD94F5F000D9E1A /* get.hpp */,
				455D7A2E1DE2B85E00219FA1 /* freq limiter.hpp */,
				455D7A331DE2C1D100219FA1 /* frame anim.cpp */,
				455D7A341DE2C1D100219FA1 /* frame anim.hpp */,
				455D7A371DE407E000219FA1 /* delta.hpp */,
				45BE36991DE8F85A003B36D1 /* interval.hpp */,
				45BE36B41DEBFBF0003B36D1 /* stopwatch.hpp */,
				45BE36C21DED3B13003B36D1 /* timer.hpp */,
				45F167421E0354AA00922B84 /* fps.cpp */,
				45F167431E0354AA00922B84 /* fps.hpp */,
				4584E4041E04A84A007E044F /* delta anim.cpp */,
				4584E4051E04A84A007E044F /* delta anim.hpp */,
			);
			path = Time;
			sourceTree = "<group>";
		};
		45760EF71E90994100E0EE66 /* Platform */ = {
			isa = PBXGroup;
			children = (
				45760F061E90ACD900E0EE66 /* Interface */,
				45760F111E90CC9E00E0EE66 /* SDL */,
				453B5CCA1E949CB300D0235E /* MacOS */,
			);
			path = Platform;
			sourceTree = "<group>";
		};
		45760F061E90ACD900E0EE66 /* Interface */ = {
			isa = PBXGroup;
			children = (
				45760F081E90AD3300E0EE66 /* window library.hpp */,
				45760F0B1E90AF9A00E0EE66 /* window.hpp */,
				45760F1C1E90ED8200E0EE66 /* input manager.cpp */,
				45760F1D1E90ED8200E0EE66 /* input manager.hpp */,
				45321C141EA5E8C7003484DE /* window manager.hpp */,
				453B5CCB1E949D0600D0235E /* system info.hpp */,
			);
			path = Interface;
			sourceTree = "<group>";
		};
		45760F111E90CC9E00E0EE66 /* SDL */ = {
			isa = PBXGroup;
			children = (
				45760F221E9231FD00E0EE66 /* window library.cpp */,
				45760F231E9231FD00E0EE66 /* window library.hpp */,
				45760F131E90CE9E00E0EE66 /* window.cpp */,
				45760F141E90CE9E00E0EE66 /* window.hpp */,
				45760F1F1E922AFD00E0EE66 /* input manager.cpp */,
				45760F201E922AFD00E0EE66 /* input manager.hpp */,
				45321C161EA5EC25003484DE /* window manager.cpp */,
				45321C171EA5EC25003484DE /* window manager.hpp */,
				453B5CCF1E949DCF00D0235E /* system info.cpp */,
				453B5CD01E949DCF00D0235E /* system info.hpp */,
				45321BDF1EA4810C003484DE /* get nsview.mm */,
				45321BE01EA4810C003484DE /* get nsview.hpp */,
			);
			path = SDL;
			sourceTree = "<group>";
		};
		459390851E2B55F100F564ED /* Listeners */ = {
			isa = PBXGroup;
			children = (
				459390861E2B566C00F564ED /* mouseless fly camera controller.cpp */,
				459390871E2B566C00F564ED /* mouseless fly camera controller.hpp */,
			);
			path = Listeners;
			sourceTree = "<group>";
		};
		45A628901EC4452B00F5022B /* Game */ = {
			isa = PBXGroup;
			children = (
				45A628911EC4480300F5022B /* logic impl.cpp */,
				45A628921EC4480300F5022B /* logic impl.hpp */,
				45A628931EC4480300F5022B /* app impl.cpp */,
				45A628941EC4480300F5022B /* app impl.hpp */,
				45A628951EC4480300F5022B /* human view impl.cpp */,
				45A628961EC4480300F5022B /* human view impl.hpp */,
			);
			path = Game;
			sourceTree = "<group>";
		};
		45BFEC061DD5653E00D0C200 = {
			isa = PBXGroup;
			children = (
				45BFEC121DD5653E00D0C200 /* Game Engine */,
				45BFEC111DD5653E00D0C200 /* Products */,
				455597CD1E1346F900076822 /* Frameworks */,
			);
			sourceTree = "<group>";
		};
		45BFEC111DD5653E00D0C200 /* Products */ = {
			isa = PBXGroup;
			children = (
				45BFEC101DD5653E00D0C200 /* Game Engine.app */,
			);
			name = Products;
			sourceTree = "<group>";
		};
		45BFEC121DD5653E00D0C200 /* Game Engine */ = {
			isa = PBXGroup;
			children = (
				451876B01EAAF83A00A8AA13 /* Tools */,
				4555982B1E21EE8300076822 /* Resources */,
				45F028931DD59BF8007A758A /* Engine */,
				45A628901EC4452B00F5022B /* Game */,
				45BFEC181DD5653E00D0C200 /* main.cpp */,
				45BFEC671DD598DE00D0C200 /* Game Engine-Info.plist */,
				455598011E1F623500076822 /* Images.xcassets */,
			);
			path = "Game Engine";
			sourceTree = "<group>";
		};
		45D332831EAEF58E00E70CD9 /* Products */ = {
			isa = PBXGroup;
			children = (
				45D332871EAEF58F00E70CD9 /* atlasgen */,
			);
			name = Products;
			sourceTree = "<group>";
		};
		45F028931DD59BF8007A758A /* Engine */ = {
			isa = PBXGroup;
			children = (
				45760EF71E90994100E0EE66 /* Platform */,
				455D7A2C1DE2B7D300219FA1 /* Time */,
				451F72421DD958D7000D9E1A /* ID */,
				451F720D1DD94B5E000D9E1A /* Math */,
				45F028A11DD59D67007A758A /* Utils */,
				451876801EA990C500A8AA13 /* Resource */,
				45F028961DD59C37007A758A /* Event */,
				45F028981DD59C6B007A758A /* Memory */,
				45F167281E01310D00922B84 /* Application */,
				45F028971DD59C46007A758A /* Game Logic */,
				453FDD9A1DF28A1D00CB4A7E /* Game View */,
				453FDDAA1DF37B7800CB4A7E /* Input */,
				45F028951DD59C28007A758A /* Anim */,
			);
			path = Engine;
			sourceTree = "<group>";
		};
		45F028951DD59C28007A758A /* Anim */ = {
			isa = PBXGroup;
			children = (
				45F1671C1E00EC8F00922B84 /* process.cpp */,
				45F1671D1E00EC8F00922B84 /* process.hpp */,
				45F1671F1E00EC9B00922B84 /* process manager.cpp */,
				45F167201E00EC9B00922B84 /* process manager.hpp */,
			);
			path = Anim;
			sourceTree = "<group>";
		};
		45F028961DD59C37007A758A /* Event */ = {
			isa = PBXGroup;
			children = (
				45BE36B61DEC08ED003B36D1 /* event.cpp */,
				45BE36B71DEC08ED003B36D1 /* event.hpp */,
				45BE36B81DEC08ED003B36D1 /* manager.cpp */,
				45BE36B91DEC08ED003B36D1 /* manager.hpp */,
				45A9F7D31E7CB50300070663 /* type gen.hpp */,
			);
			path = Event;
			sourceTree = "<group>";
		};
		45F028971DD59C46007A758A /* Game Logic */ = {
			isa = PBXGroup;
			children = (
				45F167351E0230DF00922B84 /* base.cpp */,
				45F167361E0230DF00922B84 /* base.hpp */,
				45F028CD1DD59E28007A758A /* component.cpp */,
				45F028CE1DD59E28007A758A /* component.hpp */,
				455D7A201DE156D300219FA1 /* actor.cpp */,
				455D7A211DE156D300219FA1 /* actor.hpp */,
				455D7A231DE15EA100219FA1 /* actor factory.cpp */,
				455D7A241DE15EA100219FA1 /* actor factory.hpp */,
				45F1673C1E023B9F00922B84 /* events.cpp */,
				45F1673D1E023B9F00922B84 /* events.hpp */,
			);
			path = "Game Logic";
			sourceTree = "<group>";
		};
		45F028981DD59C6B007A758A /* Memory */ = {
			isa = PBXGroup;
			children = (
				45F028DB1DD59E99007A758A /* exceptions.cpp */,
				45F028DC1DD59E99007A758A /* exceptions.hpp */,
				45F028D91DD59E99007A758A /* byteptr.cpp */,
				45F028DA1DD59E99007A758A /* byteptr.hpp */,
				45F4F70E1DDAC52C005FD5C5 /* bits.cpp */,
				45F4F70F1DDAC52C005FD5C5 /* bits.hpp */,
				45F028DF1DD59E99007A758A /* buffer.cpp */,
				45F028E01DD59E99007A758A /* buffer.hpp */,
				45F028DE1DD59E99007A758A /* view.hpp */,
				45F028D51DD59E99007A758A /* blockallocator.cpp */,
				45F028D61DD59E99007A758A /* blockallocator.hpp */,
				45F028D71DD59E99007A758A /* blockallocatorview.cpp */,
				45F028D81DD59E99007A758A /* blockallocatorview.hpp */,
				4518767D1EA893F600A8AA13 /* file io.cpp */,
				4518767E1EA893F600A8AA13 /* file io.hpp */,
			);
			path = Memory;
			sourceTree = "<group>";
		};
		45F028A11DD59D67007A758A /* Utils */ = {
			isa = PBXGroup;
			children = (
				453FDD8D1DF146A000CB4A7E /* debug.hpp */,
				45F029341DD59F6C007A758A /* instance limiter.hpp */,
				45F029371DD59F6C007A758A /* profiler.cpp */,
				45F029381DD59F6C007A758A /* profiler.hpp */,
				45A9F7F21E7F8CFD00070663 /* benchmark.hpp */,
				45F029391DD59F6C007A758A /* singleton.cpp */,
				45F0293A1DD59F6C007A758A /* singleton.hpp */,
				45F166A81DF4008500922B84 /* bool enum.hpp */,
				45F167221E01149600922B84 /* logger.cpp */,
				45F167231E01149600922B84 /* logger.hpp */,
				4584E41B1E063BC8007E044F /* move test.cpp */,
				4584E41C1E063BC8007E044F /* move test.hpp */,
				4593905F1E287B2100F564ED /* property.cpp */,
				459390601E287B2100F564ED /* property.hpp */,
				45E108AB1E38147600D121BA /* any.cpp */,
				45E108AC1E38147600D121BA /* any.hpp */,
				45682CA01E6A33FC00C3E60F /* combine.hpp */,
				45682CA21E6A7B3B00C3E60F /* point in polygon.cpp */,
				45682CA31E6A7B3B00C3E60F /* point in polygon.hpp */,
				45682CB21E6BF5BD00C3E60F /* op stack.hpp */,
				45682CBA1E71355700C3E60F /* int least.hpp */,
				45A9F7D91E7D0E0D00070663 /* member function.hpp */,
				45A9F7DF1E7E464A00070663 /* variadic type traits.hpp */,
				45760F101E90C4A600E0EE66 /* bool enable.hpp */,
				4563E5531E9F6E4E00415853 /* array conv.hpp */,
				4563E5651EA1AB3200415853 /* safe down cast.hpp */,
				45321C101EA5BD66003484DE /* type name.cpp */,
				45321C111EA5BD66003484DE /* type name.hpp */,
				4518766B1EA7021500A8AA13 /* make array.hpp */,
				45D332881EB19F5500E70CD9 /* terminal color.cpp */,
				45D332891EB19F5600E70CD9 /* terminal color.hpp */,
				45A628B81EC81C9C00F5022B /* callable.hpp */,
				4596219B1ECACD4600BE557B /* dispatcher.hpp */,
				45975A611ED03F3C008CC1F6 /* string enum.hpp */,
			);
			path = Utils;
			sourceTree = "<group>";
		};
		45F166D21DFCDF5700922B84 /* State */ = {
			isa = PBXGroup;
			children = (
				45F166DC1DFCE1F800922B84 /* keyboard.cpp */,
				45F166D91DFCE1F800922B84 /* keyboard.hpp */,
				45F166DA1DFCE1F800922B84 /* mouse.cpp */,
				45F166DB1DFCE1F800922B84 /* mouse.hpp */,
			);
			path = State;
			sourceTree = "<group>";
		};
		45F166E21DFD15AA00922B84 /* Human */ = {
			isa = PBXGroup;
			children = (
				45F166E51DFD15F600922B84 /* base.cpp */,
				45F166E61DFD15F600922B84 /* base.hpp */,
				45682C991E66B0A300C3E60F /* aabb.cpp */,
				45682C9A1E66B0A300C3E60F /* aabb.hpp */,
				45682C9C1E6A2AD000C3E60F /* aabb stack.cpp */,
				45682C9D1E6A2AD000C3E60F /* aabb stack.hpp */,
				45682CAE1E6BF45400C3E60F /* height stack.cpp */,
				45682CAF1E6BF45400C3E60F /* height stack.hpp */,
				45682CBE1E7367D300C3E60F /* root.cpp */,
				45682CBF1E7367D300C3E60F /* root.hpp */,
				45811D381E669E02004719EC /* element.cpp */,
				45811D391E669E02004719EC /* element.hpp */,
				45682CA51E6A865600C3E60F /* button.cpp */,
				45682CA61E6A865600C3E60F /* button.hpp */,
				45A9F7E81E7F57E900070663 /* image.cpp */,
				45A9F7E91E7F57E900070663 /* image.hpp */,
				45A9F7EB1E7F5B0400070663 /* checkbox.cpp */,
				45A9F7EC1E7F5B0400070663 /* checkbox.hpp */,
				45C837A11ED94CFE002CE59B /* radio.cpp */,
				45C837A21ED94CFE002CE59B /* radio.hpp */,
				45D3328B1EB1E78D00E70CD9 /* paragraph.cpp */,
				45D3328C1EB1E78D00E70CD9 /* paragraph.hpp */,
				45C8379A1ED57F2C002CE59B /* state element.cpp */,
				45C8379B1ED57F2C002CE59B /* state element.hpp */,
				45C8379D1ED9239D002CE59B /* static state element.hpp */,
				45C8379E1ED93E71002CE59B /* state change observers.cpp */,
				45C8379F1ED93E71002CE59B /* state change observers.hpp */,
				45A9F7DB1E7E017700070663 /* input.cpp */,
				45A9F7DC1E7E017700070663 /* input.hpp */,
				4518766F1EA75D9800A8AA13 /* renderer.cpp */,
				451876701EA75D9800A8AA13 /* renderer.hpp */,
				457DEF8E1EB41745003E4275 /* types.hpp */,
				457DEF8F1EB584D9003E4275 /* conversions.cpp */,
				457DEF901EB584D9003E4275 /* conversions.hpp */,
			);
			path = Human;
			sourceTree = "<group>";
		};
		45F167281E01310D00922B84 /* Application */ = {
			isa = PBXGroup;
			children = (
				45F167291E01315300922B84 /* base.cpp */,
				45F1672A1E01315300922B84 /* base.hpp */,
				45321C0E1EA59972003484DE /* ogre.pch */,
			);
			path = Application;
			sourceTree = "<group>";
		};
/* End PBXGroup section */

/* Begin PBXNativeTarget section */
		45BFEC0F1DD5653E00D0C200 /* Game Engine */ = {
			isa = PBXNativeTarget;
			buildConfigurationList = 45BFEC251DD5653E00D0C200 /* Build configuration list for PBXNativeTarget "Game Engine" */;
			buildPhases = (
				45BFEC0B1DD5653E00D0C200 /* Sources */,
				45BFEC0C1DD5653E00D0C200 /* Frameworks */,
				45BFEC0D1DD5653E00D0C200 /* Resources */,
				45BFEC0E1DD5653E00D0C200 /* Run Script */,
			);
			buildRules = (
			);
			dependencies = (
			);
			name = "Game Engine";
			productName = "Game Engine";
			productReference = 45BFEC101DD5653E00D0C200 /* Game Engine.app */;
			productType = "com.apple.product-type.application";
		};
/* End PBXNativeTarget section */

/* Begin PBXProject section */
		45BFEC071DD5653E00D0C200 /* Project object */ = {
			isa = PBXProject;
			attributes = {
				LastUpgradeCheck = 0810;
				ORGANIZATIONNAME = "Indi Kernick";
				TargetAttributes = {
					45BFEC0F1DD5653E00D0C200 = {
						CreatedOnToolsVersion = 7.3.1;
					};
				};
			};
			buildConfigurationList = 45BFEC0A1DD5653E00D0C200 /* Build configuration list for PBXProject "Game Engine" */;
			compatibilityVersion = "Xcode 8.0";
			developmentRegion = English;
			hasScannedForEncodings = 0;
			knownRegions = (
				en,
			);
			mainGroup = 45BFEC061DD5653E00D0C200;
			productRefGroup = 45BFEC111DD5653E00D0C200 /* Products */;
			projectDirPath = "";
			projectReferences = (
				{
					ProductGroup = 45D332831EAEF58E00E70CD9 /* Products */;
					ProjectRef = 451876AA1EAAF80500A8AA13 /* Texture Atlas Generator.xcodeproj */;
				},
			);
			projectRoot = "";
			targets = (
				45BFEC0F1DD5653E00D0C200 /* Game Engine */,
			);
		};
/* End PBXProject section */

/* Begin PBXReferenceProxy section */
		45D332871EAEF58F00E70CD9 /* atlasgen */ = {
			isa = PBXReferenceProxy;
			fileType = "compiled.mach-o.executable";
			path = atlasgen;
			remoteRef = 45D332861EAEF58F00E70CD9 /* PBXContainerItemProxy */;
			sourceTree = BUILT_PRODUCTS_DIR;
		};
/* End PBXReferenceProxy section */

/* Begin PBXResourcesBuildPhase section */
		45BFEC0D1DD5653E00D0C200 /* Resources */ = {
			isa = PBXResourcesBuildPhase;
			buildActionMask = 2147483647;
			files = (
				45A9F7E41E7F489800070663 /* Images in Resources */,
				45760EF31E90818500E0EE66 /* Fonts in Resources */,
				455598021E1F623500076822 /* Images.xcassets in Resources */,
				459621AC1ECEDC5400BE557B /* UI Screens in Resources */,
				4593907E1E28B5FE00F564ED /* Meshes in Resources */,
				4563E59F1EA30AE800415853 /* ogre resources.cfg in Resources */,
				451876961EAAF2E900A8AA13 /* Materials in Resources */,
				4563E59C1EA3082100415853 /* ogre plugins.cfg in Resources */,
			);
			runOnlyForDeploymentPostprocessing = 0;
		};
/* End PBXResourcesBuildPhase section */

/* Begin PBXShellScriptBuildPhase section */
		45BFEC0E1DD5653E00D0C200 /* Run Script */ = {
			isa = PBXShellScriptBuildPhase;
			buildActionMask = 2147483647;
			files = (
			);
			inputPaths = (
			);
			name = "Run Script";
			outputPaths = (
			);
			runOnlyForDeploymentPostprocessing = 0;
			shellPath = /bin/sh;
			shellScript = "dest=\"$BUILT_PRODUCTS_DIR/$FRAMEWORKS_FOLDER_PATH/\"\nfor f in \"Ogre\" \"OgreOverlay\" \"OgrePaging\" \"OgreProperty\" \"OgreRTShaderSystem\" \"OgreTerrain\" \"OgreVolume\" \"Plugin_BSPSceneManager\" \"Plugin_OctreeSceneManager\" \"Plugin_ParticleFX\" \"RenderSystem_GL\" \ndo\n  ditto \"$PROJECT_DIR/Game Engine/Frameworks/$f.framework\" \"$dest/$f.framework\"\ndone";
		};
/* End PBXShellScriptBuildPhase section */

/* Begin PBXSourcesBuildPhase section */
		45BFEC0B1DD5653E00D0C200 /* Sources */ = {
			isa = PBXSourcesBuildPhase;
			buildActionMask = 2147483647;
			files = (
				459621A71ECECDC900BE557B /* ui screen.cpp in Sources */,
				45760F1E1E90ED8200E0EE66 /* input manager.cpp in Sources */,
				45F1673E1E023B9F00922B84 /* events.cpp in Sources */,
				45F167441E0354AA00922B84 /* fps.cpp in Sources */,
				45F1671E1E00EC8F00922B84 /* process.cpp in Sources */,
				45811D3A1E669E02004719EC /* element.cpp in Sources */,
				45D3328A1EB19F5600E70CD9 /* terminal color.cpp in Sources */,
				45F166DD1DFCE1F800922B84 /* mouse.cpp in Sources */,
				45F028D11DD59E28007A758A /* component.cpp in Sources */,
				45760F151E90CE9E00E0EE66 /* window.cpp in Sources */,
				45A9F7ED1E7F5B0400070663 /* checkbox.cpp in Sources */,
				45321C121EA5BD66003484DE /* type name.cpp in Sources */,
				45D3328D1EB1E78D00E70CD9 /* paragraph.cpp in Sources */,
				45A628981EC4480300F5022B /* app impl.cpp in Sources */,
				45F167241E01149600922B84 /* logger.cpp in Sources */,
				451876861EA9924800A8AA13 /* texture atlas.cpp in Sources */,
				453B5CD31E949EFC00D0235E /* system info.mm in Sources */,
				45682CA41E6A7B3B00C3E60F /* point in polygon.cpp in Sources */,
				45682C9E1E6A2AD100C3E60F /* aabb stack.cpp in Sources */,
				45C837A01ED93E71002CE59B /* state change observers.cpp in Sources */,
				45682CB01E6BF45400C3E60F /* height stack.cpp in Sources */,
				45BFEC191DD5653E00D0C200 /* main.cpp in Sources */,
				455D7A221DE156D300219FA1 /* actor.cpp in Sources */,
				4584E41D1E063BC8007E044F /* move test.cpp in Sources */,
				457DEF911EB584D9003E4275 /* conversions.cpp in Sources */,
				45F1672B1E01315300922B84 /* base.cpp in Sources */,
				45760F241E9231FD00E0EE66 /* window library.cpp in Sources */,
				45BE36BA1DEC08ED003B36D1 /* event.cpp in Sources */,
				455D7A251DE15EA100219FA1 /* actor factory.cpp in Sources */,
				45A9F7DD1E7E017700070663 /* input.cpp in Sources */,
				45F166E81DFD15F600922B84 /* base.cpp in Sources */,
				45F028E51DD59E99007A758A /* blockallocatorview.cpp in Sources */,
				45F0293D1DD59F6C007A758A /* profiler.cpp in Sources */,
				459390611E287B2100F564ED /* property.cpp in Sources */,
				45A9F7EA1E7F57E900070663 /* image.cpp in Sources */,
				455D7A351DE2C1D100219FA1 /* frame anim.cpp in Sources */,
				459621A11ECECDB300BE557B /* ui screen.cpp in Sources */,
				45F167371E0230DF00922B84 /* base.cpp in Sources */,
				45760F211E922AFD00E0EE66 /* input manager.cpp in Sources */,
				451F721E1DD94B8A000D9E1A /* comp.cpp in Sources */,
				45BE36BB1DEC08ED003B36D1 /* manager.cpp in Sources */,
				4518767F1EA893F600A8AA13 /* file io.cpp in Sources */,
				459621A41ECECDBE00BE557B /* ui screen.cpp in Sources */,
				45A628991EC4480300F5022B /* human view impl.cpp in Sources */,
				451876711EA75D9800A8AA13 /* renderer.cpp in Sources */,
				459390881E2B566C00F564ED /* mouseless fly camera controller.cpp in Sources */,
				45F028E71DD59E99007A758A /* exceptions.cpp in Sources */,
				453B5CD11E949DCF00D0235E /* system info.cpp in Sources */,
				45F166C31DFCD9B900922B84 /* event.cpp in Sources */,
				4518768C1EA9925F00A8AA13 /* texture atlas.cpp in Sources */,
				45A628971EC4480300F5022B /* logic impl.cpp in Sources */,
				45F167211E00EC9B00922B84 /* process manager.cpp in Sources */,
				45F166DE1DFCE1F800922B84 /* keyboard.cpp in Sources */,
				45F028E91DD59E99007A758A /* buffer.cpp in Sources */,
				45321C181EA5EC25003484DE /* window manager.cpp in Sources */,
				45F4F7101DDAC52C005FD5C5 /* bits.cpp in Sources */,
				45F028E41DD59E99007A758A /* blockallocator.cpp in Sources */,
				451F721F1DD94B8A000D9E1A /* format.cpp in Sources */,
				45682C9B1E66B0A300C3E60F /* aabb.cpp in Sources */,
				45F166BA1DFB884700922B84 /* base.cpp in Sources */,
				45C8379C1ED57F2C002CE59B /* state element.cpp in Sources */,
				459621AA1ECED32A00BE557B /* exceptions.cpp in Sources */,
				45C837A31ED94CFE002CE59B /* radio.cpp in Sources */,
				45E108AD1E38147600D121BA /* any.cpp in Sources */,
				45F0293E1DD59F6C007A758A /* singleton.cpp in Sources */,
				451876891EA9925100A8AA13 /* texture atlas.cpp in Sources */,
				45F028E61DD59E99007A758A /* byteptr.cpp in Sources */,
				45682CC01E7367D400C3E60F /* root.cpp in Sources */,
				45321BE11EA4810C003484DE /* get nsview.mm in Sources */,
				4584E4061E04A84A007E044F /* delta anim.cpp in Sources */,
				45682CA71E6A865600C3E60F /* button.cpp in Sources */,
			);
			runOnlyForDeploymentPostprocessing = 0;
		};
/* End PBXSourcesBuildPhase section */

/* Begin XCBuildConfiguration section */
		45BFEC231DD5653E00D0C200 /* Debug */ = {
			isa = XCBuildConfiguration;
			buildSettings = {
				CLANG_CXX_LANGUAGE_STANDARD = "c++0x";
				CLANG_CXX_LIBRARY = "libc++";
				CLANG_WARN_BOOL_CONVERSION = YES;
				CLANG_WARN_CONSTANT_CONVERSION = YES;
				CLANG_WARN_EMPTY_BODY = YES;
				CLANG_WARN_ENUM_CONVERSION = YES;
				CLANG_WARN_INFINITE_RECURSION = YES;
				CLANG_WARN_INT_CONVERSION = YES;
				CLANG_WARN_SUSPICIOUS_MOVE = YES;
				CLANG_WARN_UNREACHABLE_CODE = YES;
				CLANG_WARN__DUPLICATE_METHOD_MATCH = YES;
				ENABLE_STRICT_OBJC_MSGSEND = YES;
				ENABLE_TESTABILITY = YES;
				FRAMEWORK_SEARCH_PATHS = (
					/Library/Frameworks/,
					"$(inherited)",
				);
				GCC_NO_COMMON_BLOCKS = YES;
				GCC_VERSION = com.apple.compilers.llvm.clang.1_0;
				GCC_WARN_64_TO_32_BIT_CONVERSION = YES;
				GCC_WARN_ABOUT_RETURN_TYPE = YES;
				GCC_WARN_UNDECLARED_SELECTOR = YES;
				GCC_WARN_UNINITIALIZED_AUTOS = YES;
				GCC_WARN_UNUSED_FUNCTION = YES;
				GCC_WARN_UNUSED_VARIABLE = YES;
				HEADER_SEARCH_PATHS = (
					/usr/local/include/,
					"$(inherited)",
				);
				LIBRARY_SEARCH_PATHS = (
					/usr/local/lib/,
					"$(inherited)",
				);
				MACOSX_DEPLOYMENT_TARGET = 10.7;
				ONLY_ACTIVE_ARCH = YES;
				OTHER_LDFLAGS = "$(inherited)";
				SUPPORTED_PLATFORMS = macosx;
			};
			name = Debug;
		};
		45BFEC241DD5653E00D0C200 /* Release */ = {
			isa = XCBuildConfiguration;
			buildSettings = {
				CLANG_CXX_LANGUAGE_STANDARD = "c++0x";
				CLANG_CXX_LIBRARY = "libc++";
				CLANG_WARN_BOOL_CONVERSION = YES;
				CLANG_WARN_CONSTANT_CONVERSION = YES;
				CLANG_WARN_EMPTY_BODY = YES;
				CLANG_WARN_ENUM_CONVERSION = YES;
				CLANG_WARN_INFINITE_RECURSION = YES;
				CLANG_WARN_INT_CONVERSION = YES;
				CLANG_WARN_SUSPICIOUS_MOVE = YES;
				CLANG_WARN_UNREACHABLE_CODE = YES;
				CLANG_WARN__DUPLICATE_METHOD_MATCH = YES;
				ENABLE_STRICT_OBJC_MSGSEND = YES;
				FRAMEWORK_SEARCH_PATHS = (
					/Library/Frameworks/,
					"$(inherited)",
				);
				GCC_NO_COMMON_BLOCKS = YES;
				GCC_VERSION = com.apple.compilers.llvm.clang.1_0;
				GCC_WARN_64_TO_32_BIT_CONVERSION = YES;
				GCC_WARN_ABOUT_RETURN_TYPE = YES;
				GCC_WARN_UNDECLARED_SELECTOR = YES;
				GCC_WARN_UNINITIALIZED_AUTOS = YES;
				GCC_WARN_UNUSED_FUNCTION = YES;
				GCC_WARN_UNUSED_VARIABLE = YES;
				HEADER_SEARCH_PATHS = (
					/usr/local/include/,
					"$(inherited)",
				);
				LIBRARY_SEARCH_PATHS = (
					/usr/local/lib/,
					"$(inherited)",
				);
				MACOSX_DEPLOYMENT_TARGET = 10.7;
				OTHER_LDFLAGS = "$(inherited)";
				SUPPORTED_PLATFORMS = macosx;
			};
			name = Release;
		};
		45BFEC261DD5653E00D0C200 /* Debug */ = {
			isa = XCBuildConfiguration;
			buildSettings = {
				ASSETCATALOG_COMPILER_APPICON_NAME = AppIcon;
				CLANG_ADDRESS_SANITIZER_CONTAINER_OVERFLOW = YES;
				CLANG_CXX_LANGUAGE_STANDARD = "compiler-default";
				CLANG_WARN_ASSIGN_ENUM = YES;
				FRAMEWORK_SEARCH_PATHS = (
					"$(inherited)",
					"$(PROJECT_DIR)/Game\\ Engine/Frameworks",
				);
				GCC_C_LANGUAGE_STANDARD = c11;
				GCC_OPTIMIZATION_LEVEL = 0;
				GCC_PREFIX_HEADER = "Game Engine/Engine/Application/ogre.pch";
				GCC_PREPROCESSOR_DEFINITIONS = (
					USE_SDL,
					ENABLE_PROFILER,
					ENABLE_INSTANCE_LIMITER,
				);
				GCC_WARN_FOUR_CHARACTER_CONSTANTS = YES;
				GCC_WARN_HIDDEN_VIRTUAL_FUNCTIONS = YES;
				GCC_WARN_INITIALIZER_NOT_FULLY_BRACKETED = YES;
				GCC_WARN_NON_VIRTUAL_DESTRUCTOR = YES;
				GCC_WARN_UNKNOWN_PRAGMAS = YES;
				GCC_WARN_UNUSED_LABEL = YES;
				GCC_WARN_UNUSED_PARAMETER = YES;
				HEADER_SEARCH_PATHS = "$(inherited)";
				INFOPLIST_FILE = "Game Engine/Game Engine-Info.plist";
				LD_RUNPATH_SEARCH_PATHS = "@loader_path/../Frameworks";
				LIBRARY_SEARCH_PATHS = (
					"$(inherited)",
					"\"$(PROJECT_DIR)/Game Engine/Frameworks\"",
					/usr/local/Cellar/sdl2/2.0.5/lib,
					/usr/local/Cellar/tinyxml2/4.0.1/lib,
					/usr/local/Cellar/boost/1.64.0_1/lib,
				);
				MACOSX_DEPLOYMENT_TARGET = 10.12;
				OTHER_CPLUSPLUSFLAGS = (
					"$(OTHER_CFLAGS)",
					"-Wall",
					"-Wextra",
					"-Weffc++",
					"-Wpedantic",
					"-Wextra-semi",
					"-std=c++1z",
				);
				PRODUCT_BUNDLE_IDENTIFIER = "Indi-Kernick.${PRODUCT_NAME:rfc1034identifier}";
				PRODUCT_NAME = "$(TARGET_NAME)";
			};
			name = Debug;
		};
		45BFEC271DD5653E00D0C200 /* Release */ = {
			isa = XCBuildConfiguration;
			buildSettings = {
				ASSETCATALOG_COMPILER_APPICON_NAME = AppIcon;
				CLANG_CXX_LANGUAGE_STANDARD = "compiler-default";
				CLANG_WARN_ASSIGN_ENUM = YES;
				DEAD_CODE_STRIPPING = YES;
				FRAMEWORK_SEARCH_PATHS = (
					"$(inherited)",
					"$(PROJECT_DIR)/Game\\ Engine/Frameworks",
				);
				GCC_C_LANGUAGE_STANDARD = c11;
				GCC_PREFIX_HEADER = "Game Engine/Engine/Application/ogre.pch";
				GCC_PREPROCESSOR_DEFINITIONS = (
					USE_SDL,
					ENABLE_PROFILER,
					ENABLE_INSTANCE_LIMITER,
				);
				GCC_UNROLL_LOOPS = YES;
				GCC_WARN_FOUR_CHARACTER_CONSTANTS = YES;
				GCC_WARN_HIDDEN_VIRTUAL_FUNCTIONS = YES;
				GCC_WARN_INITIALIZER_NOT_FULLY_BRACKETED = YES;
				GCC_WARN_NON_VIRTUAL_DESTRUCTOR = YES;
				GCC_WARN_UNKNOWN_PRAGMAS = YES;
				GCC_WARN_UNUSED_LABEL = YES;
				GCC_WARN_UNUSED_PARAMETER = YES;
				HEADER_SEARCH_PATHS = "$(inherited)";
				INFOPLIST_FILE = "Game Engine/Game Engine-Info.plist";
				LD_RUNPATH_SEARCH_PATHS = "@loader_path/../Frameworks";
				LIBRARY_SEARCH_PATHS = (
					"$(inherited)",
					"\"$(PROJECT_DIR)/Game Engine/Frameworks\"",
					/usr/local/Cellar/sdl2/2.0.5/lib,
					/usr/local/Cellar/tinyxml2/4.0.1/lib,
					/usr/local/Cellar/boost/1.64.0_1/lib,
				);
				LLVM_LTO = YES;
				MACOSX_DEPLOYMENT_TARGET = 10.12;
				OTHER_CPLUSPLUSFLAGS = (
					"$(OTHER_CFLAGS)",
					"-Wall",
					"-Wextra",
					"-Weffc++",
					"-Wpedantic",
					"-Wextra-semi",
					"-std=c++1z",
				);
				PRODUCT_BUNDLE_IDENTIFIER = "Indi-Kernick.${PRODUCT_NAME:rfc1034identifier}";
				PRODUCT_NAME = "$(TARGET_NAME)";
			};
			name = Release;
		};
/* End XCBuildConfiguration section */

/* Begin XCConfigurationList section */
		45BFEC0A1DD5653E00D0C200 /* Build configuration list for PBXProject "Game Engine" */ = {
			isa = XCConfigurationList;
			buildConfigurations = (
				45BFEC231DD5653E00D0C200 /* Debug */,
				45BFEC241DD5653E00D0C200 /* Release */,
			);
			defaultConfigurationIsVisible = 0;
			defaultConfigurationName = Release;
		};
		45BFEC251DD5653E00D0C200 /* Build configuration list for PBXNativeTarget "Game Engine" */ = {
			isa = XCConfigurationList;
			buildConfigurations = (
				45BFEC261DD5653E00D0C200 /* Debug */,
				45BFEC271DD5653E00D0C200 /* Release */,
			);
			defaultConfigurationIsVisible = 0;
			defaultConfigurationName = Release;
		};
/* End XCConfigurationList section */
	};
	rootObject = 45BFEC071DD5653E00D0C200 /* Project object */;
}
