// !$*UTF8*$!
{
	archiveVersion = 1;
	classes = {
	};
	objectVersion = 46;
	objects = {

/* Begin PBXBuildFile section */
		451F721E1DD94B8A000D9E1A /* comp.cpp in Sources */ = {isa = PBXBuildFile; fileRef = 451F72131DD94B8A000D9E1A /* comp.cpp */; };
		451F721F1DD94B8A000D9E1A /* format.cpp in Sources */ = {isa = PBXBuildFile; fileRef = 451F72171DD94B8A000D9E1A /* format.cpp */; };
		451F722F1DD94C24000D9E1A /* circle.cpp in Sources */ = {isa = PBXBuildFile; fileRef = 451F72211DD94C24000D9E1A /* circle.cpp */; };
		451F72301DD94C24000D9E1A /* dir.cpp in Sources */ = {isa = PBXBuildFile; fileRef = 451F72231DD94C24000D9E1A /* dir.cpp */; };
		451F72311DD94C24000D9E1A /* line.cpp in Sources */ = {isa = PBXBuildFile; fileRef = 451F72251DD94C24000D9E1A /* line.cpp */; };
		451F72321DD94C24000D9E1A /* point.cpp in Sources */ = {isa = PBXBuildFile; fileRef = 451F72271DD94C24000D9E1A /* point.cpp */; };
		451F72331DD94C24000D9E1A /* rect.cpp in Sources */ = {isa = PBXBuildFile; fileRef = 451F72291DD94C24000D9E1A /* rect.cpp */; };
		451F72341DD94C24000D9E1A /* size.cpp in Sources */ = {isa = PBXBuildFile; fileRef = 451F722B1DD94C24000D9E1A /* size.cpp */; };
		451F72351DD94C24000D9E1A /* triangle.cpp in Sources */ = {isa = PBXBuildFile; fileRef = 451F722D1DD94C24000D9E1A /* triangle.cpp */; };
		451F723C1DD94E6D000D9E1A /* app.cpp in Sources */ = {isa = PBXBuildFile; fileRef = 451F72361DD94E6D000D9E1A /* app.cpp */; };
		451F723D1DD94E6D000D9E1A /* event.cpp in Sources */ = {isa = PBXBuildFile; fileRef = 451F72381DD94E6D000D9E1A /* event.cpp */; };
		451F723E1DD94E6D000D9E1A /* eventmanager.cpp in Sources */ = {isa = PBXBuildFile; fileRef = 451F723A1DD94E6D000D9E1A /* eventmanager.cpp */; };
		451F72411DD94F5F000D9E1A /* time.cpp in Sources */ = {isa = PBXBuildFile; fileRef = 451F723F1DD94F5F000D9E1A /* time.cpp */; };
		451F72531DD95930000D9E1A /* container.cpp in Sources */ = {isa = PBXBuildFile; fileRef = 451F72431DD95930000D9E1A /* container.cpp */; };
		451F72541DD95930000D9E1A /* count.cpp in Sources */ = {isa = PBXBuildFile; fileRef = 451F72451DD95930000D9E1A /* count.cpp */; };
		451F72551DD95930000D9E1A /* countfast.cpp in Sources */ = {isa = PBXBuildFile; fileRef = 451F72471DD95930000D9E1A /* countfast.cpp */; };
		451F72561DD95930000D9E1A /* freecontainer.cpp in Sources */ = {isa = PBXBuildFile; fileRef = 451F72491DD95930000D9E1A /* freecontainer.cpp */; };
		451F72571DD95930000D9E1A /* interface.cpp in Sources */ = {isa = PBXBuildFile; fileRef = 451F724B1DD95930000D9E1A /* interface.cpp */; };
		451F72581DD95930000D9E1A /* rand.cpp in Sources */ = {isa = PBXBuildFile; fileRef = 451F724D1DD95930000D9E1A /* rand.cpp */; };
		451F72591DD95930000D9E1A /* randfast.cpp in Sources */ = {isa = PBXBuildFile; fileRef = 451F724F1DD95930000D9E1A /* randfast.cpp */; };
		451F725A1DD95930000D9E1A /* uuid.cpp in Sources */ = {isa = PBXBuildFile; fileRef = 451F72511DD95930000D9E1A /* uuid.cpp */; };
		45BFEC161DD5653E00D0C200 /* ResourcePath.mm in Sources */ = {isa = PBXBuildFile; fileRef = 45BFEC151DD5653E00D0C200 /* ResourcePath.mm */; };
		45BFEC191DD5653E00D0C200 /* main.cpp in Sources */ = {isa = PBXBuildFile; fileRef = 45BFEC181DD5653E00D0C200 /* main.cpp */; };
		45BFEC681DD598DE00D0C200 /* Game Engine-Info.plist in Resources */ = {isa = PBXBuildFile; fileRef = 45BFEC671DD598DE00D0C200 /* Game Engine-Info.plist */; };
		45BFEC6D1DD5997900D0C200 /* cute_image.jpg in Resources */ = {isa = PBXBuildFile; fileRef = 45BFEC691DD5997900D0C200 /* cute_image.jpg */; };
		45BFEC6E1DD5997900D0C200 /* icon.png in Resources */ = {isa = PBXBuildFile; fileRef = 45BFEC6A1DD5997900D0C200 /* icon.png */; };
		45BFEC6F1DD5997900D0C200 /* nice_music.ogg in Resources */ = {isa = PBXBuildFile; fileRef = 45BFEC6B1DD5997900D0C200 /* nice_music.ogg */; };
		45BFEC701DD5997900D0C200 /* sansation.ttf in Resources */ = {isa = PBXBuildFile; fileRef = 45BFEC6C1DD5997900D0C200 /* sansation.ttf */; };
		45F028B81DD59DC6007A758A /* camera.cpp in Sources */ = {isa = PBXBuildFile; fileRef = 45F028A21DD59DC6007A758A /* camera.cpp */; };
		45F028B91DD59DC6007A758A /* frustum.cpp in Sources */ = {isa = PBXBuildFile; fileRef = 45F028A41DD59DC6007A758A /* frustum.cpp */; };
		45F028BA1DD59DC6007A758A /* geometry.cpp in Sources */ = {isa = PBXBuildFile; fileRef = 45F028A61DD59DC6007A758A /* geometry.cpp */; };
		45F028BB1DD59DC6007A758A /* material.cpp in Sources */ = {isa = PBXBuildFile; fileRef = 45F028A81DD59DC6007A758A /* material.cpp */; };
		45F028BC1DD59DC6007A758A /* matstack.cpp in Sources */ = {isa = PBXBuildFile; fileRef = 45F028AA1DD59DC6007A758A /* matstack.cpp */; };
		45F028BD1DD59DC6007A758A /* mesh.cpp in Sources */ = {isa = PBXBuildFile; fileRef = 45F028AC1DD59DC6007A758A /* mesh.cpp */; };
		45F028BE1DD59DC6007A758A /* plane.cpp in Sources */ = {isa = PBXBuildFile; fileRef = 45F028AE1DD59DC6007A758A /* plane.cpp */; };
		45F028BF1DD59DC6007A758A /* renderer.cpp in Sources */ = {isa = PBXBuildFile; fileRef = 45F028B01DD59DC6007A758A /* renderer.cpp */; };
		45F028C01DD59DC6007A758A /* scene.cpp in Sources */ = {isa = PBXBuildFile; fileRef = 45F028B21DD59DC6007A758A /* scene.cpp */; };
		45F028C11DD59DC6007A758A /* transform.cpp in Sources */ = {isa = PBXBuildFile; fileRef = 45F028B41DD59DC6007A758A /* transform.cpp */; };
		45F028C21DD59DC6007A758A /* triangulate.cpp in Sources */ = {isa = PBXBuildFile; fileRef = 45F028B61DD59DC6007A758A /* triangulate.cpp */; };
		45F028C71DD59DF1007A758A /* animtask.cpp in Sources */ = {isa = PBXBuildFile; fileRef = 45F028C31DD59DF1007A758A /* animtask.cpp */; };
		45F028C81DD59DF1007A758A /* tempjob.cpp in Sources */ = {isa = PBXBuildFile; fileRef = 45F028C51DD59DF1007A758A /* tempjob.cpp */; };
		45F028D11DD59E28007A758A /* component.cpp in Sources */ = {isa = PBXBuildFile; fileRef = 45F028CD1DD59E28007A758A /* component.cpp */; };
		45F028D21DD59E28007A758A /* entity.cpp in Sources */ = {isa = PBXBuildFile; fileRef = 45F028CF1DD59E28007A758A /* entity.cpp */; };
		45F028E31DD59E99007A758A /* bitmapview.cpp in Sources */ = {isa = PBXBuildFile; fileRef = 45F028D31DD59E99007A758A /* bitmapview.cpp */; };
		45F028E41DD59E99007A758A /* blockallocator.cpp in Sources */ = {isa = PBXBuildFile; fileRef = 45F028D51DD59E99007A758A /* blockallocator.cpp */; };
		45F028E51DD59E99007A758A /* blockallocatorview.cpp in Sources */ = {isa = PBXBuildFile; fileRef = 45F028D71DD59E99007A758A /* blockallocatorview.cpp */; };
		45F028E61DD59E99007A758A /* byteptr.cpp in Sources */ = {isa = PBXBuildFile; fileRef = 45F028D91DD59E99007A758A /* byteptr.cpp */; };
		45F028E71DD59E99007A758A /* exceptions.cpp in Sources */ = {isa = PBXBuildFile; fileRef = 45F028DB1DD59E99007A758A /* exceptions.cpp */; };
		45F028E81DD59E99007A758A /* view.cpp in Sources */ = {isa = PBXBuildFile; fileRef = 45F028DD1DD59E99007A758A /* view.cpp */; };
		45F028E91DD59E99007A758A /* raw.cpp in Sources */ = {isa = PBXBuildFile; fileRef = 45F028DF1DD59E99007A758A /* raw.cpp */; };
		45F028EA1DD59E99007A758A /* stackallocator.cpp in Sources */ = {isa = PBXBuildFile; fileRef = 45F028E11DD59E99007A758A /* stackallocator.cpp */; };
		45F028F11DD59EDE007A758A /* broadcast.cpp in Sources */ = {isa = PBXBuildFile; fileRef = 45F028EB1DD59EDE007A758A /* broadcast.cpp */; };
		45F028F21DD59EDE007A758A /* direct.cpp in Sources */ = {isa = PBXBuildFile; fileRef = 45F028ED1DD59EDE007A758A /* direct.cpp */; };
		45F028F31DD59EDE007A758A /* queued observer.cpp in Sources */ = {isa = PBXBuildFile; fileRef = 45F028EF1DD59EDE007A758A /* queued observer.cpp */; };
		45F028F81DD59EF1007A758A /* observer.cpp in Sources */ = {isa = PBXBuildFile; fileRef = 45F028F41DD59EF1007A758A /* observer.cpp */; };
		45F028F91DD59EF1007A758A /* subject.cpp in Sources */ = {isa = PBXBuildFile; fileRef = 45F028F61DD59EF1007A758A /* subject.cpp */; };
		45F029001DD59F01007A758A /* cache.cpp in Sources */ = {isa = PBXBuildFile; fileRef = 45F028FA1DD59F01007A758A /* cache.cpp */; };
		45F029011DD59F01007A758A /* handle.cpp in Sources */ = {isa = PBXBuildFile; fileRef = 45F028FC1DD59F01007A758A /* handle.cpp */; };
		45F029021DD59F01007A758A /* loader.cpp in Sources */ = {isa = PBXBuildFile; fileRef = 45F028FE1DD59F01007A758A /* loader.cpp */; };
		45F0290D1DD59F1E007A758A /* json.cpp in Sources */ = {isa = PBXBuildFile; fileRef = 45F029031DD59F1E007A758A /* json.cpp */; };
		45F0290E1DD59F1E007A758A /* obj ascii.cpp in Sources */ = {isa = PBXBuildFile; fileRef = 45F029051DD59F1E007A758A /* obj ascii.cpp */; };
		45F0290F1DD59F1E007A758A /* obj bin.cpp in Sources */ = {isa = PBXBuildFile; fileRef = 45F029071DD59F1E007A758A /* obj bin.cpp */; };
		45F029101DD59F1E007A758A /* stl.cpp in Sources */ = {isa = PBXBuildFile; fileRef = 45F029091DD59F1E007A758A /* stl.cpp */; };
		45F029111DD59F1E007A758A /* xml.cpp in Sources */ = {isa = PBXBuildFile; fileRef = 45F0290B1DD59F1E007A758A /* xml.cpp */; };
		45F029161DD59F32007A758A /* machine.cpp in Sources */ = {isa = PBXBuildFile; fileRef = 45F029121DD59F32007A758A /* machine.cpp */; };
		45F029171DD59F32007A758A /* state.cpp in Sources */ = {isa = PBXBuildFile; fileRef = 45F029141DD59F32007A758A /* state.cpp */; };
		45F029221DD59F44007A758A /* alphabetchar.cpp in Sources */ = {isa = PBXBuildFile; fileRef = 45F029181DD59F44007A758A /* alphabetchar.cpp */; };
		45F029231DD59F44007A758A /* case.cpp in Sources */ = {isa = PBXBuildFile; fileRef = 45F0291A1DD59F44007A758A /* case.cpp */; };
		45F029241DD59F44007A758A /* digitchar.cpp in Sources */ = {isa = PBXBuildFile; fileRef = 45F0291C1DD59F44007A758A /* digitchar.cpp */; };
		45F029251DD59F44007A758A /* escape.cpp in Sources */ = {isa = PBXBuildFile; fileRef = 45F0291E1DD59F44007A758A /* escape.cpp */; };
		45F029261DD59F44007A758A /* whitespace.cpp in Sources */ = {isa = PBXBuildFile; fileRef = 45F029201DD59F44007A758A /* whitespace.cpp */; };
		45F0292B1DD59F52007A758A /* manager.cpp in Sources */ = {isa = PBXBuildFile; fileRef = 45F029271DD59F52007A758A /* manager.cpp */; };
		45F0292C1DD59F52007A758A /* task.cpp in Sources */ = {isa = PBXBuildFile; fileRef = 45F029291DD59F52007A758A /* task.cpp */; };
		45F029311DD59F5E007A758A /* grid.cpp in Sources */ = {isa = PBXBuildFile; fileRef = 45F0292D1DD59F5E007A758A /* grid.cpp */; };
		45F029321DD59F5E007A758A /* tile.cpp in Sources */ = {isa = PBXBuildFile; fileRef = 45F0292F1DD59F5E007A758A /* tile.cpp */; };
		45F0293B1DD59F6C007A758A /* instancecounter.cpp in Sources */ = {isa = PBXBuildFile; fileRef = 45F029331DD59F6C007A758A /* instancecounter.cpp */; };
		45F0293C1DD59F6C007A758A /* logger.cpp in Sources */ = {isa = PBXBuildFile; fileRef = 45F029351DD59F6C007A758A /* logger.cpp */; };
		45F0293D1DD59F6C007A758A /* profiler.cpp in Sources */ = {isa = PBXBuildFile; fileRef = 45F029371DD59F6C007A758A /* profiler.cpp */; };
		45F0293E1DD59F6C007A758A /* singleton.cpp in Sources */ = {isa = PBXBuildFile; fileRef = 45F029391DD59F6C007A758A /* singleton.cpp */; };
		45F4F7101DDAC52C005FD5C5 /* bits.cpp in Sources */ = {isa = PBXBuildFile; fileRef = 45F4F70E1DDAC52C005FD5C5 /* bits.cpp */; };
/* End PBXBuildFile section */

/* Begin PBXFileReference section */
		451F720E1DD94B8A000D9E1A /* angleconstants.hpp */ = {isa = PBXFileReference; fileEncoding = 4; lastKnownFileType = sourcecode.cpp.h; lineEnding = 0; path = angleconstants.hpp; sourceTree = "<group>"; xcLanguageSpecificationIdentifier = xcode.lang.cpp; };
		451F72111DD94B8A000D9E1A /* byteconstants.hpp */ = {isa = PBXFileReference; fileEncoding = 4; lastKnownFileType = sourcecode.cpp.h; lineEnding = 0; path = byteconstants.hpp; sourceTree = "<group>"; xcLanguageSpecificationIdentifier = xcode.lang.cpp; };
		451F72121DD94B8A000D9E1A /* clamp.hpp */ = {isa = PBXFileReference; fileEncoding = 4; lastKnownFileType = sourcecode.cpp.h; lineEnding = 0; path = clamp.hpp; sourceTree = "<group>"; xcLanguageSpecificationIdentifier = xcode.lang.cpp; };
		451F72131DD94B8A000D9E1A /* comp.cpp */ = {isa = PBXFileReference; fileEncoding = 4; lastKnownFileType = sourcecode.cpp.cpp; lineEnding = 0; path = comp.cpp; sourceTree = "<group>"; xcLanguageSpecificationIdentifier = xcode.lang.cpp; };
		451F72141DD94B8A000D9E1A /* comp.hpp */ = {isa = PBXFileReference; fileEncoding = 4; lastKnownFileType = sourcecode.cpp.h; lineEnding = 0; path = comp.hpp; sourceTree = "<group>"; xcLanguageSpecificationIdentifier = xcode.lang.cpp; };
		451F72151DD94B8A000D9E1A /* constants.hpp */ = {isa = PBXFileReference; fileEncoding = 4; lastKnownFileType = sourcecode.cpp.h; lineEnding = 0; path = constants.hpp; sourceTree = "<group>"; xcLanguageSpecificationIdentifier = xcode.lang.cpp; };
		451F72161DD94B8A000D9E1A /* fac.hpp */ = {isa = PBXFileReference; fileEncoding = 4; lastKnownFileType = sourcecode.cpp.h; path = fac.hpp; sourceTree = "<group>"; };
		451F72171DD94B8A000D9E1A /* format.cpp */ = {isa = PBXFileReference; fileEncoding = 4; lastKnownFileType = sourcecode.cpp.cpp; path = format.cpp; sourceTree = "<group>"; };
		451F72181DD94B8A000D9E1A /* format.hpp */ = {isa = PBXFileReference; fileEncoding = 4; lastKnownFileType = sourcecode.cpp.h; path = format.hpp; sourceTree = "<group>"; };
		451F72191DD94B8A000D9E1A /* interpolate.hpp */ = {isa = PBXFileReference; fileEncoding = 4; lastKnownFileType = sourcecode.cpp.h; path = interpolate.hpp; sourceTree = "<group>"; };
		451F721A1DD94B8A000D9E1A /* pow.hpp */ = {isa = PBXFileReference; fileEncoding = 4; lastKnownFileType = sourcecode.cpp.h; path = pow.hpp; sourceTree = "<group>"; };
		451F721B1DD94B8A000D9E1A /* scale.hpp */ = {isa = PBXFileReference; fileEncoding = 4; lastKnownFileType = sourcecode.cpp.h; path = scale.hpp; sourceTree = "<group>"; };
		451F721C1DD94B8A000D9E1A /* siconstants.hpp */ = {isa = PBXFileReference; fileEncoding = 4; lastKnownFileType = sourcecode.cpp.h; path = siconstants.hpp; sourceTree = "<group>"; };
		451F72211DD94C24000D9E1A /* circle.cpp */ = {isa = PBXFileReference; fileEncoding = 4; lastKnownFileType = sourcecode.cpp.cpp; lineEnding = 0; path = circle.cpp; sourceTree = "<group>"; xcLanguageSpecificationIdentifier = xcode.lang.cpp; };
		451F72221DD94C24000D9E1A /* circle.hpp */ = {isa = PBXFileReference; fileEncoding = 4; lastKnownFileType = sourcecode.cpp.h; lineEnding = 0; path = circle.hpp; sourceTree = "<group>"; xcLanguageSpecificationIdentifier = xcode.lang.cpp; };
		451F72231DD94C24000D9E1A /* dir.cpp */ = {isa = PBXFileReference; fileEncoding = 4; lastKnownFileType = sourcecode.cpp.cpp; lineEnding = 0; path = dir.cpp; sourceTree = "<group>"; xcLanguageSpecificationIdentifier = xcode.lang.cpp; };
		451F72241DD94C24000D9E1A /* dir.hpp */ = {isa = PBXFileReference; fileEncoding = 4; lastKnownFileType = sourcecode.cpp.h; lineEnding = 0; path = dir.hpp; sourceTree = "<group>"; xcLanguageSpecificationIdentifier = xcode.lang.cpp; };
		451F72251DD94C24000D9E1A /* line.cpp */ = {isa = PBXFileReference; fileEncoding = 4; lastKnownFileType = sourcecode.cpp.cpp; path = line.cpp; sourceTree = "<group>"; };
		451F72261DD94C24000D9E1A /* line.hpp */ = {isa = PBXFileReference; fileEncoding = 4; lastKnownFileType = sourcecode.cpp.h; path = line.hpp; sourceTree = "<group>"; };
		451F72271DD94C24000D9E1A /* point.cpp */ = {isa = PBXFileReference; fileEncoding = 4; lastKnownFileType = sourcecode.cpp.cpp; path = point.cpp; sourceTree = "<group>"; };
		451F72281DD94C24000D9E1A /* point.hpp */ = {isa = PBXFileReference; fileEncoding = 4; lastKnownFileType = sourcecode.cpp.h; path = point.hpp; sourceTree = "<group>"; };
		451F72291DD94C24000D9E1A /* rect.cpp */ = {isa = PBXFileReference; fileEncoding = 4; lastKnownFileType = sourcecode.cpp.cpp; path = rect.cpp; sourceTree = "<group>"; };
		451F722A1DD94C24000D9E1A /* rect.hpp */ = {isa = PBXFileReference; fileEncoding = 4; lastKnownFileType = sourcecode.cpp.h; path = rect.hpp; sourceTree = "<group>"; };
		451F722B1DD94C24000D9E1A /* size.cpp */ = {isa = PBXFileReference; fileEncoding = 4; lastKnownFileType = sourcecode.cpp.cpp; path = size.cpp; sourceTree = "<group>"; };
		451F722C1DD94C24000D9E1A /* size.hpp */ = {isa = PBXFileReference; fileEncoding = 4; lastKnownFileType = sourcecode.cpp.h; path = size.hpp; sourceTree = "<group>"; };
		451F722D1DD94C24000D9E1A /* triangle.cpp */ = {isa = PBXFileReference; fileEncoding = 4; lastKnownFileType = sourcecode.cpp.cpp; path = triangle.cpp; sourceTree = "<group>"; };
		451F722E1DD94C24000D9E1A /* triangle.hpp */ = {isa = PBXFileReference; fileEncoding = 4; lastKnownFileType = sourcecode.cpp.h; path = triangle.hpp; sourceTree = "<group>"; };
		451F72361DD94E6D000D9E1A /* app.cpp */ = {isa = PBXFileReference; fileEncoding = 4; lastKnownFileType = sourcecode.cpp.cpp; lineEnding = 0; path = app.cpp; sourceTree = "<group>"; xcLanguageSpecificationIdentifier = xcode.lang.cpp; };
		451F72371DD94E6D000D9E1A /* app.hpp */ = {isa = PBXFileReference; fileEncoding = 4; lastKnownFileType = sourcecode.cpp.h; lineEnding = 0; path = app.hpp; sourceTree = "<group>"; xcLanguageSpecificationIdentifier = xcode.lang.cpp; };
		451F72381DD94E6D000D9E1A /* event.cpp */ = {isa = PBXFileReference; fileEncoding = 4; lastKnownFileType = sourcecode.cpp.cpp; lineEnding = 0; path = event.cpp; sourceTree = "<group>"; xcLanguageSpecificationIdentifier = xcode.lang.cpp; };
		451F72391DD94E6D000D9E1A /* event.hpp */ = {isa = PBXFileReference; fileEncoding = 4; lastKnownFileType = sourcecode.cpp.h; lineEnding = 0; path = event.hpp; sourceTree = "<group>"; xcLanguageSpecificationIdentifier = xcode.lang.cpp; };
		451F723A1DD94E6D000D9E1A /* eventmanager.cpp */ = {isa = PBXFileReference; fileEncoding = 4; lastKnownFileType = sourcecode.cpp.cpp; path = eventmanager.cpp; sourceTree = "<group>"; };
		451F723B1DD94E6D000D9E1A /* eventmanager.hpp */ = {isa = PBXFileReference; fileEncoding = 4; lastKnownFileType = sourcecode.cpp.h; path = eventmanager.hpp; sourceTree = "<group>"; };
		451F723F1DD94F5F000D9E1A /* time.cpp */ = {isa = PBXFileReference; fileEncoding = 4; lastKnownFileType = sourcecode.cpp.cpp; path = time.cpp; sourceTree = "<group>"; };
		451F72401DD94F5F000D9E1A /* time.hpp */ = {isa = PBXFileReference; fileEncoding = 4; lastKnownFileType = sourcecode.cpp.h; path = time.hpp; sourceTree = "<group>"; };
		451F72431DD95930000D9E1A /* container.cpp */ = {isa = PBXFileReference; fileEncoding = 4; lastKnownFileType = sourcecode.cpp.cpp; lineEnding = 0; path = container.cpp; sourceTree = "<group>"; xcLanguageSpecificationIdentifier = xcode.lang.cpp; };
		451F72441DD95930000D9E1A /* container.hpp */ = {isa = PBXFileReference; fileEncoding = 4; lastKnownFileType = sourcecode.cpp.h; lineEnding = 0; path = container.hpp; sourceTree = "<group>"; xcLanguageSpecificationIdentifier = xcode.lang.cpp; };
		451F72451DD95930000D9E1A /* count.cpp */ = {isa = PBXFileReference; fileEncoding = 4; lastKnownFileType = sourcecode.cpp.cpp; lineEnding = 0; path = count.cpp; sourceTree = "<group>"; xcLanguageSpecificationIdentifier = xcode.lang.cpp; };
		451F72461DD95930000D9E1A /* count.hpp */ = {isa = PBXFileReference; fileEncoding = 4; lastKnownFileType = sourcecode.cpp.h; lineEnding = 0; path = count.hpp; sourceTree = "<group>"; xcLanguageSpecificationIdentifier = xcode.lang.cpp; };
		451F72471DD95930000D9E1A /* countfast.cpp */ = {isa = PBXFileReference; fileEncoding = 4; lastKnownFileType = sourcecode.cpp.cpp; lineEnding = 0; path = countfast.cpp; sourceTree = "<group>"; xcLanguageSpecificationIdentifier = xcode.lang.cpp; };
		451F72481DD95930000D9E1A /* countfast.hpp */ = {isa = PBXFileReference; fileEncoding = 4; lastKnownFileType = sourcecode.cpp.h; lineEnding = 0; path = countfast.hpp; sourceTree = "<group>"; xcLanguageSpecificationIdentifier = xcode.lang.cpp; };
		451F72491DD95930000D9E1A /* freecontainer.cpp */ = {isa = PBXFileReference; fileEncoding = 4; lastKnownFileType = sourcecode.cpp.cpp; path = freecontainer.cpp; sourceTree = "<group>"; };
		451F724A1DD95930000D9E1A /* freecontainer.hpp */ = {isa = PBXFileReference; fileEncoding = 4; lastKnownFileType = sourcecode.cpp.h; path = freecontainer.hpp; sourceTree = "<group>"; };
		451F724B1DD95930000D9E1A /* interface.cpp */ = {isa = PBXFileReference; fileEncoding = 4; lastKnownFileType = sourcecode.cpp.cpp; path = interface.cpp; sourceTree = "<group>"; };
		451F724C1DD95930000D9E1A /* interface.hpp */ = {isa = PBXFileReference; fileEncoding = 4; lastKnownFileType = sourcecode.cpp.h; path = interface.hpp; sourceTree = "<group>"; };
		451F724D1DD95930000D9E1A /* rand.cpp */ = {isa = PBXFileReference; fileEncoding = 4; lastKnownFileType = sourcecode.cpp.cpp; path = rand.cpp; sourceTree = "<group>"; };
		451F724E1DD95930000D9E1A /* rand.hpp */ = {isa = PBXFileReference; fileEncoding = 4; lastKnownFileType = sourcecode.cpp.h; path = rand.hpp; sourceTree = "<group>"; };
		451F724F1DD95930000D9E1A /* randfast.cpp */ = {isa = PBXFileReference; fileEncoding = 4; lastKnownFileType = sourcecode.cpp.cpp; path = randfast.cpp; sourceTree = "<group>"; };
		451F72501DD95930000D9E1A /* randfast.hpp */ = {isa = PBXFileReference; fileEncoding = 4; lastKnownFileType = sourcecode.cpp.h; path = randfast.hpp; sourceTree = "<group>"; };
		451F72511DD95930000D9E1A /* uuid.cpp */ = {isa = PBXFileReference; fileEncoding = 4; lastKnownFileType = sourcecode.cpp.cpp; path = uuid.cpp; sourceTree = "<group>"; };
		451F72521DD95930000D9E1A /* uuid.hpp */ = {isa = PBXFileReference; fileEncoding = 4; lastKnownFileType = sourcecode.cpp.h; path = uuid.hpp; sourceTree = "<group>"; };
		451F725C1DD9A9E7000D9E1A /* blockallocator - debug.jpg */ = {isa = PBXFileReference; lastKnownFileType = image.jpeg; path = "blockallocator - debug.jpg"; sourceTree = "<group>"; };
		451F725D1DD9A9E7000D9E1A /* blockallocator - release.jpg */ = {isa = PBXFileReference; lastKnownFileType = image.jpeg; path = "blockallocator - release.jpg"; sourceTree = "<group>"; };
		45BFEC101DD5653E00D0C200 /* Game Engine.app */ = {isa = PBXFileReference; explicitFileType = wrapper.application; includeInIndex = 0; path = "Game Engine.app"; sourceTree = BUILT_PRODUCTS_DIR; };
		45BFEC151DD5653E00D0C200 /* ResourcePath.mm */ = {isa = PBXFileReference; lastKnownFileType = sourcecode.cpp.objcpp; path = ResourcePath.mm; sourceTree = "<group>"; };
		45BFEC171DD5653E00D0C200 /* ResourcePath.hpp */ = {isa = PBXFileReference; lastKnownFileType = sourcecode.cpp.h; path = ResourcePath.hpp; sourceTree = "<group>"; };
		45BFEC181DD5653E00D0C200 /* main.cpp */ = {isa = PBXFileReference; lastKnownFileType = sourcecode.cpp.cpp; path = main.cpp; sourceTree = "<group>"; };
		45BFEC671DD598DE00D0C200 /* Game Engine-Info.plist */ = {isa = PBXFileReference; fileEncoding = 4; lastKnownFileType = text.plist.xml; path = "Game Engine-Info.plist"; sourceTree = "<group>"; };
		45BFEC691DD5997900D0C200 /* cute_image.jpg */ = {isa = PBXFileReference; lastKnownFileType = image.jpeg; path = cute_image.jpg; sourceTree = "<group>"; };
		45BFEC6A1DD5997900D0C200 /* icon.png */ = {isa = PBXFileReference; lastKnownFileType = image.png; path = icon.png; sourceTree = "<group>"; };
		45BFEC6B1DD5997900D0C200 /* nice_music.ogg */ = {isa = PBXFileReference; lastKnownFileType = file; path = nice_music.ogg; sourceTree = "<group>"; };
		45BFEC6C1DD5997900D0C200 /* sansation.ttf */ = {isa = PBXFileReference; lastKnownFileType = file; path = sansation.ttf; sourceTree = "<group>"; };
		45F028A21DD59DC6007A758A /* camera.cpp */ = {isa = PBXFileReference; fileEncoding = 4; lastKnownFileType = sourcecode.cpp.cpp; lineEnding = 0; path = camera.cpp; sourceTree = "<group>"; xcLanguageSpecificationIdentifier = xcode.lang.cpp; };
		45F028A31DD59DC6007A758A /* camera.hpp */ = {isa = PBXFileReference; fileEncoding = 4; lastKnownFileType = sourcecode.cpp.h; lineEnding = 0; path = camera.hpp; sourceTree = "<group>"; xcLanguageSpecificationIdentifier = xcode.lang.cpp; };
		45F028A41DD59DC6007A758A /* frustum.cpp */ = {isa = PBXFileReference; fileEncoding = 4; lastKnownFileType = sourcecode.cpp.cpp; path = frustum.cpp; sourceTree = "<group>"; };
		45F028A51DD59DC6007A758A /* frustum.hpp */ = {isa = PBXFileReference; fileEncoding = 4; lastKnownFileType = sourcecode.cpp.h; path = frustum.hpp; sourceTree = "<group>"; };
		45F028A61DD59DC6007A758A /* geometry.cpp */ = {isa = PBXFileReference; fileEncoding = 4; lastKnownFileType = sourcecode.cpp.cpp; path = geometry.cpp; sourceTree = "<group>"; };
		45F028A71DD59DC6007A758A /* geometry.hpp */ = {isa = PBXFileReference; fileEncoding = 4; lastKnownFileType = sourcecode.cpp.h; path = geometry.hpp; sourceTree = "<group>"; };
		45F028A81DD59DC6007A758A /* material.cpp */ = {isa = PBXFileReference; fileEncoding = 4; lastKnownFileType = sourcecode.cpp.cpp; path = material.cpp; sourceTree = "<group>"; };
		45F028A91DD59DC6007A758A /* material.hpp */ = {isa = PBXFileReference; fileEncoding = 4; lastKnownFileType = sourcecode.cpp.h; path = material.hpp; sourceTree = "<group>"; };
		45F028AA1DD59DC6007A758A /* matstack.cpp */ = {isa = PBXFileReference; fileEncoding = 4; lastKnownFileType = sourcecode.cpp.cpp; path = matstack.cpp; sourceTree = "<group>"; };
		45F028AB1DD59DC6007A758A /* matstack.hpp */ = {isa = PBXFileReference; fileEncoding = 4; lastKnownFileType = sourcecode.cpp.h; path = matstack.hpp; sourceTree = "<group>"; };
		45F028AC1DD59DC6007A758A /* mesh.cpp */ = {isa = PBXFileReference; fileEncoding = 4; lastKnownFileType = sourcecode.cpp.cpp; path = mesh.cpp; sourceTree = "<group>"; };
		45F028AD1DD59DC6007A758A /* mesh.hpp */ = {isa = PBXFileReference; fileEncoding = 4; lastKnownFileType = sourcecode.cpp.h; path = mesh.hpp; sourceTree = "<group>"; };
		45F028AE1DD59DC6007A758A /* plane.cpp */ = {isa = PBXFileReference; fileEncoding = 4; lastKnownFileType = sourcecode.cpp.cpp; path = plane.cpp; sourceTree = "<group>"; };
		45F028AF1DD59DC6007A758A /* plane.hpp */ = {isa = PBXFileReference; fileEncoding = 4; lastKnownFileType = sourcecode.cpp.h; path = plane.hpp; sourceTree = "<group>"; };
		45F028B01DD59DC6007A758A /* renderer.cpp */ = {isa = PBXFileReference; fileEncoding = 4; lastKnownFileType = sourcecode.cpp.cpp; path = renderer.cpp; sourceTree = "<group>"; };
		45F028B11DD59DC6007A758A /* renderer.hpp */ = {isa = PBXFileReference; fileEncoding = 4; lastKnownFileType = sourcecode.cpp.h; path = renderer.hpp; sourceTree = "<group>"; };
		45F028B21DD59DC6007A758A /* scene.cpp */ = {isa = PBXFileReference; fileEncoding = 4; lastKnownFileType = sourcecode.cpp.cpp; path = scene.cpp; sourceTree = "<group>"; };
		45F028B31DD59DC6007A758A /* scene.hpp */ = {isa = PBXFileReference; fileEncoding = 4; lastKnownFileType = sourcecode.cpp.h; path = scene.hpp; sourceTree = "<group>"; };
		45F028B41DD59DC6007A758A /* transform.cpp */ = {isa = PBXFileReference; fileEncoding = 4; lastKnownFileType = sourcecode.cpp.cpp; path = transform.cpp; sourceTree = "<group>"; };
		45F028B51DD59DC6007A758A /* transform.hpp */ = {isa = PBXFileReference; fileEncoding = 4; lastKnownFileType = sourcecode.cpp.h; path = transform.hpp; sourceTree = "<group>"; };
		45F028B61DD59DC6007A758A /* triangulate.cpp */ = {isa = PBXFileReference; fileEncoding = 4; lastKnownFileType = sourcecode.cpp.cpp; path = triangulate.cpp; sourceTree = "<group>"; };
		45F028B71DD59DC6007A758A /* triangulate.hpp */ = {isa = PBXFileReference; fileEncoding = 4; lastKnownFileType = sourcecode.cpp.h; path = triangulate.hpp; sourceTree = "<group>"; };
		45F028C31DD59DF1007A758A /* animtask.cpp */ = {isa = PBXFileReference; fileEncoding = 4; lastKnownFileType = sourcecode.cpp.cpp; lineEnding = 0; path = animtask.cpp; sourceTree = "<group>"; xcLanguageSpecificationIdentifier = xcode.lang.cpp; };
		45F028C41DD59DF1007A758A /* animtask.hpp */ = {isa = PBXFileReference; fileEncoding = 4; lastKnownFileType = sourcecode.cpp.h; lineEnding = 0; path = animtask.hpp; sourceTree = "<group>"; xcLanguageSpecificationIdentifier = xcode.lang.cpp; };
		45F028C51DD59DF1007A758A /* tempjob.cpp */ = {isa = PBXFileReference; fileEncoding = 4; lastKnownFileType = sourcecode.cpp.cpp; path = tempjob.cpp; sourceTree = "<group>"; };
		45F028C61DD59DF1007A758A /* tempjob.hpp */ = {isa = PBXFileReference; fileEncoding = 4; lastKnownFileType = sourcecode.cpp.h; path = tempjob.hpp; sourceTree = "<group>"; };
		45F028C91DD59E0A007A758A /* default.hpp */ = {isa = PBXFileReference; lastKnownFileType = sourcecode.cpp.h; lineEnding = 0; path = default.hpp; sourceTree = "<group>"; xcLanguageSpecificationIdentifier = xcode.lang.cpp; };
		45F028CA1DD59E0A007A758A /* in.hpp */ = {isa = PBXFileReference; lastKnownFileType = sourcecode.cpp.h; path = in.hpp; sourceTree = "<group>"; };
		45F028CB1DD59E0A007A758A /* inout.hpp */ = {isa = PBXFileReference; lastKnownFileType = sourcecode.cpp.h; path = inout.hpp; sourceTree = "<group>"; };
		45F028CC1DD59E0A007A758A /* out.hpp */ = {isa = PBXFileReference; lastKnownFileType = sourcecode.cpp.h; path = out.hpp; sourceTree = "<group>"; };
		45F028CD1DD59E28007A758A /* component.cpp */ = {isa = PBXFileReference; fileEncoding = 4; lastKnownFileType = sourcecode.cpp.cpp; lineEnding = 0; path = component.cpp; sourceTree = "<group>"; xcLanguageSpecificationIdentifier = xcode.lang.cpp; };
		45F028CE1DD59E28007A758A /* component.hpp */ = {isa = PBXFileReference; fileEncoding = 4; lastKnownFileType = sourcecode.cpp.h; lineEnding = 0; path = component.hpp; sourceTree = "<group>"; xcLanguageSpecificationIdentifier = xcode.lang.cpp; };
		45F028CF1DD59E28007A758A /* entity.cpp */ = {isa = PBXFileReference; fileEncoding = 4; lastKnownFileType = sourcecode.cpp.cpp; lineEnding = 0; path = entity.cpp; sourceTree = "<group>"; xcLanguageSpecificationIdentifier = xcode.lang.cpp; };
		45F028D01DD59E28007A758A /* entity.hpp */ = {isa = PBXFileReference; fileEncoding = 4; lastKnownFileType = sourcecode.cpp.h; lineEnding = 0; path = entity.hpp; sourceTree = "<group>"; xcLanguageSpecificationIdentifier = xcode.lang.cpp; };
		45F028D31DD59E99007A758A /* bitmapview.cpp */ = {isa = PBXFileReference; fileEncoding = 4; lastKnownFileType = sourcecode.cpp.cpp; lineEnding = 0; path = bitmapview.cpp; sourceTree = "<group>"; xcLanguageSpecificationIdentifier = xcode.lang.cpp; };
		45F028D41DD59E99007A758A /* bitmapview.hpp */ = {isa = PBXFileReference; fileEncoding = 4; lastKnownFileType = sourcecode.cpp.h; lineEnding = 0; path = bitmapview.hpp; sourceTree = "<group>"; xcLanguageSpecificationIdentifier = xcode.lang.cpp; };
		45F028D51DD59E99007A758A /* blockallocator.cpp */ = {isa = PBXFileReference; fileEncoding = 4; lastKnownFileType = sourcecode.cpp.cpp; path = blockallocator.cpp; sourceTree = "<group>"; };
		45F028D61DD59E99007A758A /* blockallocator.hpp */ = {isa = PBXFileReference; fileEncoding = 4; lastKnownFileType = sourcecode.cpp.h; path = blockallocator.hpp; sourceTree = "<group>"; };
		45F028D71DD59E99007A758A /* blockallocatorview.cpp */ = {isa = PBXFileReference; fileEncoding = 4; lastKnownFileType = sourcecode.cpp.cpp; path = blockallocatorview.cpp; sourceTree = "<group>"; };
		45F028D81DD59E99007A758A /* blockallocatorview.hpp */ = {isa = PBXFileReference; fileEncoding = 4; lastKnownFileType = sourcecode.cpp.h; path = blockallocatorview.hpp; sourceTree = "<group>"; };
		45F028D91DD59E99007A758A /* byteptr.cpp */ = {isa = PBXFileReference; fileEncoding = 4; lastKnownFileType = sourcecode.cpp.cpp; lineEnding = 0; path = byteptr.cpp; sourceTree = "<group>"; xcLanguageSpecificationIdentifier = xcode.lang.cpp; };
		45F028DA1DD59E99007A758A /* byteptr.hpp */ = {isa = PBXFileReference; fileEncoding = 4; lastKnownFileType = sourcecode.cpp.h; lineEnding = 0; path = byteptr.hpp; sourceTree = "<group>"; xcLanguageSpecificationIdentifier = xcode.lang.cpp; };
		45F028DB1DD59E99007A758A /* exceptions.cpp */ = {isa = PBXFileReference; fileEncoding = 4; lastKnownFileType = sourcecode.cpp.cpp; path = exceptions.cpp; sourceTree = "<group>"; };
		45F028DC1DD59E99007A758A /* exceptions.hpp */ = {isa = PBXFileReference; fileEncoding = 4; lastKnownFileType = sourcecode.cpp.h; path = exceptions.hpp; sourceTree = "<group>"; };
		45F028DD1DD59E99007A758A /* view.cpp */ = {isa = PBXFileReference; fileEncoding = 4; lastKnownFileType = sourcecode.cpp.cpp; path = view.cpp; sourceTree = "<group>"; };
		45F028DE1DD59E99007A758A /* view.hpp */ = {isa = PBXFileReference; fileEncoding = 4; lastKnownFileType = sourcecode.cpp.h; path = view.hpp; sourceTree = "<group>"; };
		45F028DF1DD59E99007A758A /* raw.cpp */ = {isa = PBXFileReference; fileEncoding = 4; lastKnownFileType = sourcecode.cpp.cpp; path = raw.cpp; sourceTree = "<group>"; };
		45F028E01DD59E99007A758A /* raw.hpp */ = {isa = PBXFileReference; fileEncoding = 4; lastKnownFileType = sourcecode.cpp.h; path = raw.hpp; sourceTree = "<group>"; };
		45F028E11DD59E99007A758A /* stackallocator.cpp */ = {isa = PBXFileReference; fileEncoding = 4; lastKnownFileType = sourcecode.cpp.cpp; path = stackallocator.cpp; sourceTree = "<group>"; };
		45F028E21DD59E99007A758A /* stackallocator.hpp */ = {isa = PBXFileReference; fileEncoding = 4; lastKnownFileType = sourcecode.cpp.h; path = stackallocator.hpp; sourceTree = "<group>"; };
		45F028EB1DD59EDE007A758A /* broadcast.cpp */ = {isa = PBXFileReference; fileEncoding = 4; lastKnownFileType = sourcecode.cpp.cpp; lineEnding = 0; path = broadcast.cpp; sourceTree = "<group>"; xcLanguageSpecificationIdentifier = xcode.lang.cpp; };
		45F028EC1DD59EDE007A758A /* broadcast.hpp */ = {isa = PBXFileReference; fileEncoding = 4; lastKnownFileType = sourcecode.cpp.h; lineEnding = 0; path = broadcast.hpp; sourceTree = "<group>"; xcLanguageSpecificationIdentifier = xcode.lang.cpp; };
		45F028ED1DD59EDE007A758A /* direct.cpp */ = {isa = PBXFileReference; fileEncoding = 4; lastKnownFileType = sourcecode.cpp.cpp; lineEnding = 0; path = direct.cpp; sourceTree = "<group>"; xcLanguageSpecificationIdentifier = xcode.lang.cpp; };
		45F028EE1DD59EDE007A758A /* direct.hpp */ = {isa = PBXFileReference; fileEncoding = 4; lastKnownFileType = sourcecode.cpp.h; lineEnding = 0; path = direct.hpp; sourceTree = "<group>"; xcLanguageSpecificationIdentifier = xcode.lang.cpp; };
		45F028EF1DD59EDE007A758A /* queued observer.cpp */ = {isa = PBXFileReference; fileEncoding = 4; lastKnownFileType = sourcecode.cpp.cpp; path = "queued observer.cpp"; sourceTree = "<group>"; };
		45F028F01DD59EDE007A758A /* queued observer.hpp */ = {isa = PBXFileReference; fileEncoding = 4; lastKnownFileType = sourcecode.cpp.h; path = "queued observer.hpp"; sourceTree = "<group>"; };
		45F028F41DD59EF1007A758A /* observer.cpp */ = {isa = PBXFileReference; fileEncoding = 4; lastKnownFileType = sourcecode.cpp.cpp; path = observer.cpp; sourceTree = "<group>"; };
		45F028F51DD59EF1007A758A /* observer.hpp */ = {isa = PBXFileReference; fileEncoding = 4; lastKnownFileType = sourcecode.cpp.h; path = observer.hpp; sourceTree = "<group>"; };
		45F028F61DD59EF1007A758A /* subject.cpp */ = {isa = PBXFileReference; fileEncoding = 4; lastKnownFileType = sourcecode.cpp.cpp; path = subject.cpp; sourceTree = "<group>"; };
		45F028F71DD59EF1007A758A /* subject.hpp */ = {isa = PBXFileReference; fileEncoding = 4; lastKnownFileType = sourcecode.cpp.h; path = subject.hpp; sourceTree = "<group>"; };
		45F028FA1DD59F01007A758A /* cache.cpp */ = {isa = PBXFileReference; fileEncoding = 4; lastKnownFileType = sourcecode.cpp.cpp; lineEnding = 0; path = cache.cpp; sourceTree = "<group>"; xcLanguageSpecificationIdentifier = xcode.lang.cpp; };
		45F028FB1DD59F01007A758A /* cache.hpp */ = {isa = PBXFileReference; fileEncoding = 4; lastKnownFileType = sourcecode.cpp.h; lineEnding = 0; path = cache.hpp; sourceTree = "<group>"; xcLanguageSpecificationIdentifier = xcode.lang.cpp; };
		45F028FC1DD59F01007A758A /* handle.cpp */ = {isa = PBXFileReference; fileEncoding = 4; lastKnownFileType = sourcecode.cpp.cpp; path = handle.cpp; sourceTree = "<group>"; };
		45F028FD1DD59F01007A758A /* handle.hpp */ = {isa = PBXFileReference; fileEncoding = 4; lastKnownFileType = sourcecode.cpp.h; path = handle.hpp; sourceTree = "<group>"; };
		45F028FE1DD59F01007A758A /* loader.cpp */ = {isa = PBXFileReference; fileEncoding = 4; lastKnownFileType = sourcecode.cpp.cpp; path = loader.cpp; sourceTree = "<group>"; };
		45F028FF1DD59F01007A758A /* loader.hpp */ = {isa = PBXFileReference; fileEncoding = 4; lastKnownFileType = sourcecode.cpp.h; path = loader.hpp; sourceTree = "<group>"; };
		45F029031DD59F1E007A758A /* json.cpp */ = {isa = PBXFileReference; fileEncoding = 4; lastKnownFileType = sourcecode.cpp.cpp; path = json.cpp; sourceTree = "<group>"; };
		45F029041DD59F1E007A758A /* json.hpp */ = {isa = PBXFileReference; fileEncoding = 4; lastKnownFileType = sourcecode.cpp.h; path = json.hpp; sourceTree = "<group>"; };
		45F029051DD59F1E007A758A /* obj ascii.cpp */ = {isa = PBXFileReference; fileEncoding = 4; lastKnownFileType = sourcecode.cpp.cpp; path = "obj ascii.cpp"; sourceTree = "<group>"; };
		45F029061DD59F1E007A758A /* obj ascii.hpp */ = {isa = PBXFileReference; fileEncoding = 4; lastKnownFileType = sourcecode.cpp.h; path = "obj ascii.hpp"; sourceTree = "<group>"; };
		45F029071DD59F1E007A758A /* obj bin.cpp */ = {isa = PBXFileReference; fileEncoding = 4; lastKnownFileType = sourcecode.cpp.cpp; path = "obj bin.cpp"; sourceTree = "<group>"; };
		45F029081DD59F1E007A758A /* obj bin.hpp */ = {isa = PBXFileReference; fileEncoding = 4; lastKnownFileType = sourcecode.cpp.h; path = "obj bin.hpp"; sourceTree = "<group>"; };
		45F029091DD59F1E007A758A /* stl.cpp */ = {isa = PBXFileReference; fileEncoding = 4; lastKnownFileType = sourcecode.cpp.cpp; path = stl.cpp; sourceTree = "<group>"; };
		45F0290A1DD59F1E007A758A /* stl.hpp */ = {isa = PBXFileReference; fileEncoding = 4; lastKnownFileType = sourcecode.cpp.h; path = stl.hpp; sourceTree = "<group>"; };
		45F0290B1DD59F1E007A758A /* xml.cpp */ = {isa = PBXFileReference; fileEncoding = 4; lastKnownFileType = sourcecode.cpp.cpp; path = xml.cpp; sourceTree = "<group>"; };
		45F0290C1DD59F1E007A758A /* xml.hpp */ = {isa = PBXFileReference; fileEncoding = 4; lastKnownFileType = sourcecode.cpp.h; path = xml.hpp; sourceTree = "<group>"; };
		45F029121DD59F32007A758A /* machine.cpp */ = {isa = PBXFileReference; fileEncoding = 4; lastKnownFileType = sourcecode.cpp.cpp; path = machine.cpp; sourceTree = "<group>"; };
		45F029131DD59F32007A758A /* machine.hpp */ = {isa = PBXFileReference; fileEncoding = 4; lastKnownFileType = sourcecode.cpp.h; path = machine.hpp; sourceTree = "<group>"; };
		45F029141DD59F32007A758A /* state.cpp */ = {isa = PBXFileReference; fileEncoding = 4; lastKnownFileType = sourcecode.cpp.cpp; path = state.cpp; sourceTree = "<group>"; };
		45F029151DD59F32007A758A /* state.hpp */ = {isa = PBXFileReference; fileEncoding = 4; lastKnownFileType = sourcecode.cpp.h; path = state.hpp; sourceTree = "<group>"; };
		45F029181DD59F44007A758A /* alphabetchar.cpp */ = {isa = PBXFileReference; fileEncoding = 4; lastKnownFileType = sourcecode.cpp.cpp; lineEnding = 0; path = alphabetchar.cpp; sourceTree = "<group>"; xcLanguageSpecificationIdentifier = xcode.lang.cpp; };
		45F029191DD59F44007A758A /* alphabetchar.hpp */ = {isa = PBXFileReference; fileEncoding = 4; lastKnownFileType = sourcecode.cpp.h; lineEnding = 0; path = alphabetchar.hpp; sourceTree = "<group>"; xcLanguageSpecificationIdentifier = xcode.lang.cpp; };
		45F0291A1DD59F44007A758A /* case.cpp */ = {isa = PBXFileReference; fileEncoding = 4; lastKnownFileType = sourcecode.cpp.cpp; lineEnding = 0; path = case.cpp; sourceTree = "<group>"; xcLanguageSpecificationIdentifier = xcode.lang.cpp; };
		45F0291B1DD59F44007A758A /* case.hpp */ = {isa = PBXFileReference; fileEncoding = 4; lastKnownFileType = sourcecode.cpp.h; lineEnding = 0; path = case.hpp; sourceTree = "<group>"; xcLanguageSpecificationIdentifier = xcode.lang.cpp; };
		45F0291C1DD59F44007A758A /* digitchar.cpp */ = {isa = PBXFileReference; fileEncoding = 4; lastKnownFileType = sourcecode.cpp.cpp; lineEnding = 0; path = digitchar.cpp; sourceTree = "<group>"; xcLanguageSpecificationIdentifier = xcode.lang.cpp; };
		45F0291D1DD59F44007A758A /* digitchar.hpp */ = {isa = PBXFileReference; fileEncoding = 4; lastKnownFileType = sourcecode.cpp.h; lineEnding = 0; path = digitchar.hpp; sourceTree = "<group>"; xcLanguageSpecificationIdentifier = xcode.lang.cpp; };
		45F0291E1DD59F44007A758A /* escape.cpp */ = {isa = PBXFileReference; fileEncoding = 4; lastKnownFileType = sourcecode.cpp.cpp; lineEnding = 0; path = escape.cpp; sourceTree = "<group>"; xcLanguageSpecificationIdentifier = xcode.lang.cpp; };
		45F0291F1DD59F44007A758A /* escape.hpp */ = {isa = PBXFileReference; fileEncoding = 4; lastKnownFileType = sourcecode.cpp.h; lineEnding = 0; path = escape.hpp; sourceTree = "<group>"; xcLanguageSpecificationIdentifier = xcode.lang.cpp; };
		45F029201DD59F44007A758A /* whitespace.cpp */ = {isa = PBXFileReference; fileEncoding = 4; lastKnownFileType = sourcecode.cpp.cpp; path = whitespace.cpp; sourceTree = "<group>"; };
		45F029211DD59F44007A758A /* whitespace.hpp */ = {isa = PBXFileReference; fileEncoding = 4; lastKnownFileType = sourcecode.cpp.h; path = whitespace.hpp; sourceTree = "<group>"; };
		45F029271DD59F52007A758A /* manager.cpp */ = {isa = PBXFileReference; fileEncoding = 4; lastKnownFileType = sourcecode.cpp.cpp; path = manager.cpp; sourceTree = "<group>"; };
		45F029281DD59F52007A758A /* manager.hpp */ = {isa = PBXFileReference; fileEncoding = 4; lastKnownFileType = sourcecode.cpp.h; path = manager.hpp; sourceTree = "<group>"; };
		45F029291DD59F52007A758A /* task.cpp */ = {isa = PBXFileReference; fileEncoding = 4; lastKnownFileType = sourcecode.cpp.cpp; path = task.cpp; sourceTree = "<group>"; };
		45F0292A1DD59F52007A758A /* task.hpp */ = {isa = PBXFileReference; fileEncoding = 4; lastKnownFileType = sourcecode.cpp.h; path = task.hpp; sourceTree = "<group>"; };
		45F0292D1DD59F5E007A758A /* grid.cpp */ = {isa = PBXFileReference; fileEncoding = 4; lastKnownFileType = sourcecode.cpp.cpp; path = grid.cpp; sourceTree = "<group>"; };
		45F0292E1DD59F5E007A758A /* grid.hpp */ = {isa = PBXFileReference; fileEncoding = 4; lastKnownFileType = sourcecode.cpp.h; path = grid.hpp; sourceTree = "<group>"; };
		45F0292F1DD59F5E007A758A /* tile.cpp */ = {isa = PBXFileReference; fileEncoding = 4; lastKnownFileType = sourcecode.cpp.cpp; path = tile.cpp; sourceTree = "<group>"; };
		45F029301DD59F5E007A758A /* tile.hpp */ = {isa = PBXFileReference; fileEncoding = 4; lastKnownFileType = sourcecode.cpp.h; path = tile.hpp; sourceTree = "<group>"; };
		45F029331DD59F6C007A758A /* instancecounter.cpp */ = {isa = PBXFileReference; fileEncoding = 4; lastKnownFileType = sourcecode.cpp.cpp; path = instancecounter.cpp; sourceTree = "<group>"; };
		45F029341DD59F6C007A758A /* instancecounter.hpp */ = {isa = PBXFileReference; fileEncoding = 4; lastKnownFileType = sourcecode.cpp.h; path = instancecounter.hpp; sourceTree = "<group>"; };
		45F029351DD59F6C007A758A /* logger.cpp */ = {isa = PBXFileReference; fileEncoding = 4; lastKnownFileType = sourcecode.cpp.cpp; path = logger.cpp; sourceTree = "<group>"; };
		45F029361DD59F6C007A758A /* logger.hpp */ = {isa = PBXFileReference; fileEncoding = 4; lastKnownFileType = sourcecode.cpp.h; path = logger.hpp; sourceTree = "<group>"; };
		45F029371DD59F6C007A758A /* profiler.cpp */ = {isa = PBXFileReference; fileEncoding = 4; lastKnownFileType = sourcecode.cpp.cpp; path = profiler.cpp; sourceTree = "<group>"; };
		45F029381DD59F6C007A758A /* profiler.hpp */ = {isa = PBXFileReference; fileEncoding = 4; lastKnownFileType = sourcecode.cpp.h; path = profiler.hpp; sourceTree = "<group>"; };
		45F029391DD59F6C007A758A /* singleton.cpp */ = {isa = PBXFileReference; fileEncoding = 4; lastKnownFileType = sourcecode.cpp.cpp; path = singleton.cpp; sourceTree = "<group>"; };
		45F0293A1DD59F6C007A758A /* singleton.hpp */ = {isa = PBXFileReference; fileEncoding = 4; lastKnownFileType = sourcecode.cpp.h; path = singleton.hpp; sourceTree = "<group>"; };
		45F4F70E1DDAC52C005FD5C5 /* bits.cpp */ = {isa = PBXFileReference; fileEncoding = 4; lastKnownFileType = sourcecode.cpp.cpp; path = bits.cpp; sourceTree = "<group>"; };
		45F4F70F1DDAC52C005FD5C5 /* bits.hpp */ = {isa = PBXFileReference; fileEncoding = 4; lastKnownFileType = sourcecode.cpp.h; path = bits.hpp; sourceTree = "<group>"; };
		45F4F7121DDC0242005FD5C5 /* unitconstants.hpp */ = {isa = PBXFileReference; fileEncoding = 4; lastKnownFileType = sourcecode.cpp.h; path = unitconstants.hpp; sourceTree = "<group>"; };
		45F4F7151DDC1E07005FD5C5 /* debugmacros.hpp */ = {isa = PBXFileReference; fileEncoding = 4; lastKnownFileType = sourcecode.cpp.h; path = debugmacros.hpp; sourceTree = "<group>"; };
/* End PBXFileReference section */

/* Begin PBXFrameworksBuildPhase section */
		45BFEC0C1DD5653E00D0C200 /* Frameworks */ = {
			isa = PBXFrameworksBuildPhase;
			buildActionMask = 2147483647;
			files = (
			);
			runOnlyForDeploymentPostprocessing = 0;
		};
/* End PBXFrameworksBuildPhase section */

/* Begin PBXGroup section */
		451F720D1DD94B5E000D9E1A /* Math */ = {
			isa = PBXGroup;
			children = (
				451F720E1DD94B8A000D9E1A /* angleconstants.hpp */,
				451F72111DD94B8A000D9E1A /* byteconstants.hpp */,
				451F72121DD94B8A000D9E1A /* clamp.hpp */,
				451F72131DD94B8A000D9E1A /* comp.cpp */,
				451F72141DD94B8A000D9E1A /* comp.hpp */,
				451F72151DD94B8A000D9E1A /* constants.hpp */,
				451F72161DD94B8A000D9E1A /* fac.hpp */,
				451F72171DD94B8A000D9E1A /* format.cpp */,
				451F72181DD94B8A000D9E1A /* format.hpp */,
				451F72191DD94B8A000D9E1A /* interpolate.hpp */,
				451F721A1DD94B8A000D9E1A /* pow.hpp */,
				451F721B1DD94B8A000D9E1A /* scale.hpp */,
				451F721C1DD94B8A000D9E1A /* siconstants.hpp */,
				45F4F7121DDC0242005FD5C5 /* unitconstants.hpp */,
			);
			path = Math;
			sourceTree = "<group>";
		};
		451F72201DD94BC1000D9E1A /* Geometry */ = {
			isa = PBXGroup;
			children = (
				451F72211DD94C24000D9E1A /* circle.cpp */,
				451F72221DD94C24000D9E1A /* circle.hpp */,
				451F72231DD94C24000D9E1A /* dir.cpp */,
				451F72241DD94C24000D9E1A /* dir.hpp */,
				451F72251DD94C24000D9E1A /* line.cpp */,
				451F72261DD94C24000D9E1A /* line.hpp */,
				451F72271DD94C24000D9E1A /* point.cpp */,
				451F72281DD94C24000D9E1A /* point.hpp */,
				451F72291DD94C24000D9E1A /* rect.cpp */,
				451F722A1DD94C24000D9E1A /* rect.hpp */,
				451F722B1DD94C24000D9E1A /* size.cpp */,
				451F722C1DD94C24000D9E1A /* size.hpp */,
				451F722D1DD94C24000D9E1A /* triangle.cpp */,
				451F722E1DD94C24000D9E1A /* triangle.hpp */,
			);
			path = Geometry;
			sourceTree = "<group>";
		};
		451F72421DD958D7000D9E1A /* ID */ = {
			isa = PBXGroup;
			children = (
				451F72431DD95930000D9E1A /* container.cpp */,
				451F72441DD95930000D9E1A /* container.hpp */,
				451F72451DD95930000D9E1A /* count.cpp */,
				451F72461DD95930000D9E1A /* count.hpp */,
				451F72471DD95930000D9E1A /* countfast.cpp */,
				451F72481DD95930000D9E1A /* countfast.hpp */,
				451F72491DD95930000D9E1A /* freecontainer.cpp */,
				451F724A1DD95930000D9E1A /* freecontainer.hpp */,
				451F724B1DD95930000D9E1A /* interface.cpp */,
				451F724C1DD95930000D9E1A /* interface.hpp */,
				451F724D1DD95930000D9E1A /* rand.cpp */,
				451F724E1DD95930000D9E1A /* rand.hpp */,
				451F724F1DD95930000D9E1A /* randfast.cpp */,
				451F72501DD95930000D9E1A /* randfast.hpp */,
				451F72511DD95930000D9E1A /* uuid.cpp */,
				451F72521DD95930000D9E1A /* uuid.hpp */,
			);
			path = ID;
			sourceTree = "<group>";
		};
		451F725B1DD9A98E000D9E1A /* Documentation resources */ = {
			isa = PBXGroup;
			children = (
				451F725C1DD9A9E7000D9E1A /* blockallocator - debug.jpg */,
				451F725D1DD9A9E7000D9E1A /* blockallocator - release.jpg */,
			);
			path = "Documentation resources";
			sourceTree = "<group>";
		};
		45BFEC061DD5653E00D0C200 = {
			isa = PBXGroup;
			children = (
				45BFEC121DD5653E00D0C200 /* Game Engine */,
				45BFEC111DD5653E00D0C200 /* Products */,
			);
			sourceTree = "<group>";
		};
		45BFEC111DD5653E00D0C200 /* Products */ = {
			isa = PBXGroup;
			children = (
				45BFEC101DD5653E00D0C200 /* Game Engine.app */,
			);
			name = Products;
			sourceTree = "<group>";
		};
		45BFEC121DD5653E00D0C200 /* Game Engine */ = {
			isa = PBXGroup;
			children = (
				45F028931DD59BF8007A758A /* Engine */,
				45BFEC151DD5653E00D0C200 /* ResourcePath.mm */,
				45BFEC171DD5653E00D0C200 /* ResourcePath.hpp */,
				45BFEC181DD5653E00D0C200 /* main.cpp */,
				45BFEC671DD598DE00D0C200 /* Game Engine-Info.plist */,
				45BFEC691DD5997900D0C200 /* cute_image.jpg */,
				45BFEC6A1DD5997900D0C200 /* icon.png */,
				45BFEC6B1DD5997900D0C200 /* nice_music.ogg */,
				45BFEC6C1DD5997900D0C200 /* sansation.ttf */,
			);
			path = "Game Engine";
			sourceTree = "<group>";
		};
		45F028931DD59BF8007A758A /* Engine */ = {
			isa = PBXGroup;
			children = (
				451F72361DD94E6D000D9E1A /* app.cpp */,
				451F72371DD94E6D000D9E1A /* app.hpp */,
				451F72381DD94E6D000D9E1A /* event.cpp */,
				451F72391DD94E6D000D9E1A /* event.hpp */,
				451F723A1DD94E6D000D9E1A /* eventmanager.cpp */,
				451F723B1DD94E6D000D9E1A /* eventmanager.hpp */,
				451F723F1DD94F5F000D9E1A /* time.cpp */,
				451F72401DD94F5F000D9E1A /* time.hpp */,
				451F72421DD958D7000D9E1A /* ID */,
				451F72201DD94BC1000D9E1A /* Geometry */,
				451F720D1DD94B5E000D9E1A /* Math */,
				45F028A11DD59D67007A758A /* Utils */,
				45F028A01DD59D46007A758A /* Tile Engine */,
				45F0289F1DD59D2B007A758A /* Task Manager */,
				45F0289E1DD59D19007A758A /* Strings */,
				45F0289D1DD59D09007A758A /* State */,
				45F0289C1DD59CE7007A758A /* Serial */,
				45F0289B1DD59CB4007A758A /* Resource */,
				45F0289A1DD59C9B007A758A /* Observer */,
				45F028991DD59C84007A758A /* Message */,
				45F028981DD59C6B007A758A /* Memory */,
				45F028971DD59C46007A758A /* Game Logic */,
				45F028961DD59C37007A758A /* Event */,
				45F028951DD59C28007A758A /* Anim */,
				45F028941DD59C0B007A758A /* 3D */,
				45F4F7151DDC1E07005FD5C5 /* debugmacros.hpp */,
			);
			path = Engine;
			sourceTree = "<group>";
		};
		45F028941DD59C0B007A758A /* 3D */ = {
			isa = PBXGroup;
			children = (
				45F028A21DD59DC6007A758A /* camera.cpp */,
				45F028A31DD59DC6007A758A /* camera.hpp */,
				45F028A41DD59DC6007A758A /* frustum.cpp */,
				45F028A51DD59DC6007A758A /* frustum.hpp */,
				45F028A61DD59DC6007A758A /* geometry.cpp */,
				45F028A71DD59DC6007A758A /* geometry.hpp */,
				45F028A81DD59DC6007A758A /* material.cpp */,
				45F028A91DD59DC6007A758A /* material.hpp */,
				45F028AA1DD59DC6007A758A /* matstack.cpp */,
				45F028AB1DD59DC6007A758A /* matstack.hpp */,
				45F028AC1DD59DC6007A758A /* mesh.cpp */,
				45F028AD1DD59DC6007A758A /* mesh.hpp */,
				45F028AE1DD59DC6007A758A /* plane.cpp */,
				45F028AF1DD59DC6007A758A /* plane.hpp */,
				45F028B01DD59DC6007A758A /* renderer.cpp */,
				45F028B11DD59DC6007A758A /* renderer.hpp */,
				45F028B21DD59DC6007A758A /* scene.cpp */,
				45F028B31DD59DC6007A758A /* scene.hpp */,
				45F028B41DD59DC6007A758A /* transform.cpp */,
				45F028B51DD59DC6007A758A /* transform.hpp */,
				45F028B61DD59DC6007A758A /* triangulate.cpp */,
				45F028B71DD59DC6007A758A /* triangulate.hpp */,
			);
			path = 3D;
			sourceTree = "<group>";
		};
		45F028951DD59C28007A758A /* Anim */ = {
			isa = PBXGroup;
			children = (
				45F028C31DD59DF1007A758A /* animtask.cpp */,
				45F028C41DD59DF1007A758A /* animtask.hpp */,
				45F028C51DD59DF1007A758A /* tempjob.cpp */,
				45F028C61DD59DF1007A758A /* tempjob.hpp */,
			);
			path = Anim;
			sourceTree = "<group>";
		};
		45F028961DD59C37007A758A /* Event */ = {
			isa = PBXGroup;
			children = (
				45F028C91DD59E0A007A758A /* default.hpp */,
				45F028CA1DD59E0A007A758A /* in.hpp */,
				45F028CB1DD59E0A007A758A /* inout.hpp */,
				45F028CC1DD59E0A007A758A /* out.hpp */,
			);
			path = Event;
			sourceTree = "<group>";
		};
		45F028971DD59C46007A758A /* Game Logic */ = {
			isa = PBXGroup;
			children = (
				45F028CD1DD59E28007A758A /* component.cpp */,
				45F028CE1DD59E28007A758A /* component.hpp */,
				45F028CF1DD59E28007A758A /* entity.cpp */,
				45F028D01DD59E28007A758A /* entity.hpp */,
			);
			path = "Game Logic";
			sourceTree = "<group>";
		};
		45F028981DD59C6B007A758A /* Memory */ = {
			isa = PBXGroup;
			children = (
				451F725B1DD9A98E000D9E1A /* Documentation resources */,
				45F028DB1DD59E99007A758A /* exceptions.cpp */,
				45F028DC1DD59E99007A758A /* exceptions.hpp */,
				45F028D91DD59E99007A758A /* byteptr.cpp */,
				45F028DA1DD59E99007A758A /* byteptr.hpp */,
				45F4F70E1DDAC52C005FD5C5 /* bits.cpp */,
				45F4F70F1DDAC52C005FD5C5 /* bits.hpp */,
				45F028DF1DD59E99007A758A /* raw.cpp */,
				45F028E01DD59E99007A758A /* raw.hpp */,
				45F028DD1DD59E99007A758A /* view.cpp */,
				45F028DE1DD59E99007A758A /* view.hpp */,
				45F028D31DD59E99007A758A /* bitmapview.cpp */,
				45F028D41DD59E99007A758A /* bitmapview.hpp */,
				45F028D51DD59E99007A758A /* blockallocator.cpp */,
				45F028D61DD59E99007A758A /* blockallocator.hpp */,
				45F028D71DD59E99007A758A /* blockallocatorview.cpp */,
				45F028D81DD59E99007A758A /* blockallocatorview.hpp */,
				45F028E11DD59E99007A758A /* stackallocator.cpp */,
				45F028E21DD59E99007A758A /* stackallocator.hpp */,
			);
			path = Memory;
			sourceTree = "<group>";
		};
		45F028991DD59C84007A758A /* Message */ = {
			isa = PBXGroup;
			children = (
				45F028EB1DD59EDE007A758A /* broadcast.cpp */,
				45F028EC1DD59EDE007A758A /* broadcast.hpp */,
				45F028ED1DD59EDE007A758A /* direct.cpp */,
				45F028EE1DD59EDE007A758A /* direct.hpp */,
				45F028EF1DD59EDE007A758A /* queued observer.cpp */,
				45F028F01DD59EDE007A758A /* queued observer.hpp */,
			);
			path = Message;
			sourceTree = "<group>";
		};
		45F0289A1DD59C9B007A758A /* Observer */ = {
			isa = PBXGroup;
			children = (
				45F028F41DD59EF1007A758A /* observer.cpp */,
				45F028F51DD59EF1007A758A /* observer.hpp */,
				45F028F61DD59EF1007A758A /* subject.cpp */,
				45F028F71DD59EF1007A758A /* subject.hpp */,
			);
			path = Observer;
			sourceTree = "<group>";
		};
		45F0289B1DD59CB4007A758A /* Resource */ = {
			isa = PBXGroup;
			children = (
				45F028FA1DD59F01007A758A /* cache.cpp */,
				45F028FB1DD59F01007A758A /* cache.hpp */,
				45F028FC1DD59F01007A758A /* handle.cpp */,
				45F028FD1DD59F01007A758A /* handle.hpp */,
				45F028FE1DD59F01007A758A /* loader.cpp */,
				45F028FF1DD59F01007A758A /* loader.hpp */,
			);
			path = Resource;
			sourceTree = "<group>";
		};
		45F0289C1DD59CE7007A758A /* Serial */ = {
			isa = PBXGroup;
			children = (
				45F029031DD59F1E007A758A /* json.cpp */,
				45F029041DD59F1E007A758A /* json.hpp */,
				45F029051DD59F1E007A758A /* obj ascii.cpp */,
				45F029061DD59F1E007A758A /* obj ascii.hpp */,
				45F029071DD59F1E007A758A /* obj bin.cpp */,
				45F029081DD59F1E007A758A /* obj bin.hpp */,
				45F029091DD59F1E007A758A /* stl.cpp */,
				45F0290A1DD59F1E007A758A /* stl.hpp */,
				45F0290B1DD59F1E007A758A /* xml.cpp */,
				45F0290C1DD59F1E007A758A /* xml.hpp */,
			);
			path = Serial;
			sourceTree = "<group>";
		};
		45F0289D1DD59D09007A758A /* State */ = {
			isa = PBXGroup;
			children = (
				45F029121DD59F32007A758A /* machine.cpp */,
				45F029131DD59F32007A758A /* machine.hpp */,
				45F029141DD59F32007A758A /* state.cpp */,
				45F029151DD59F32007A758A /* state.hpp */,
			);
			path = State;
			sourceTree = "<group>";
		};
		45F0289E1DD59D19007A758A /* Strings */ = {
			isa = PBXGroup;
			children = (
				45F029181DD59F44007A758A /* alphabetchar.cpp */,
				45F029191DD59F44007A758A /* alphabetchar.hpp */,
				45F0291A1DD59F44007A758A /* case.cpp */,
				45F0291B1DD59F44007A758A /* case.hpp */,
				45F0291C1DD59F44007A758A /* digitchar.cpp */,
				45F0291D1DD59F44007A758A /* digitchar.hpp */,
				45F0291E1DD59F44007A758A /* escape.cpp */,
				45F0291F1DD59F44007A758A /* escape.hpp */,
				45F029201DD59F44007A758A /* whitespace.cpp */,
				45F029211DD59F44007A758A /* whitespace.hpp */,
			);
			path = Strings;
			sourceTree = "<group>";
		};
		45F0289F1DD59D2B007A758A /* Task Manager */ = {
			isa = PBXGroup;
			children = (
				45F029271DD59F52007A758A /* manager.cpp */,
				45F029281DD59F52007A758A /* manager.hpp */,
				45F029291DD59F52007A758A /* task.cpp */,
				45F0292A1DD59F52007A758A /* task.hpp */,
			);
			path = "Task Manager";
			sourceTree = "<group>";
		};
		45F028A01DD59D46007A758A /* Tile Engine */ = {
			isa = PBXGroup;
			children = (
				45F0292D1DD59F5E007A758A /* grid.cpp */,
				45F0292E1DD59F5E007A758A /* grid.hpp */,
				45F0292F1DD59F5E007A758A /* tile.cpp */,
				45F029301DD59F5E007A758A /* tile.hpp */,
			);
			path = "Tile Engine";
			sourceTree = "<group>";
		};
		45F028A11DD59D67007A758A /* Utils */ = {
			isa = PBXGroup;
			children = (
				45F029331DD59F6C007A758A /* instancecounter.cpp */,
				45F029341DD59F6C007A758A /* instancecounter.hpp */,
				45F029351DD59F6C007A758A /* logger.cpp */,
				45F029361DD59F6C007A758A /* logger.hpp */,
				45F029371DD59F6C007A758A /* profiler.cpp */,
				45F029381DD59F6C007A758A /* profiler.hpp */,
				45F029391DD59F6C007A758A /* singleton.cpp */,
				45F0293A1DD59F6C007A758A /* singleton.hpp */,
			);
			path = Utils;
			sourceTree = "<group>";
		};
/* End PBXGroup section */

/* Begin PBXNativeTarget section */
		45BFEC0F1DD5653E00D0C200 /* Game Engine */ = {
			isa = PBXNativeTarget;
			buildConfigurationList = 45BFEC251DD5653E00D0C200 /* Build configuration list for PBXNativeTarget "Game Engine" */;
			buildPhases = (
				45BFEC0B1DD5653E00D0C200 /* Sources */,
				45BFEC0C1DD5653E00D0C200 /* Frameworks */,
				45BFEC0D1DD5653E00D0C200 /* Resources */,
				45BFEC0E1DD5653E00D0C200 /* ShellScript */,
			);
			buildRules = (
			);
			dependencies = (
			);
			name = "Game Engine";
			productName = "Game Engine";
			productReference = 45BFEC101DD5653E00D0C200 /* Game Engine.app */;
			productType = "com.apple.product-type.application";
		};
/* End PBXNativeTarget section */

/* Begin PBXProject section */
		45BFEC071DD5653E00D0C200 /* Project object */ = {
			isa = PBXProject;
			attributes = {
				LastUpgradeCheck = 0730;
				ORGANIZATIONNAME = "Indi Kernick";
				TargetAttributes = {
					45BFEC0F1DD5653E00D0C200 = {
						CreatedOnToolsVersion = 7.3.1;
					};
				};
			};
			buildConfigurationList = 45BFEC0A1DD5653E00D0C200 /* Build configuration list for PBXProject "Game Engine" */;
			compatibilityVersion = "Xcode 3.2";
			developmentRegion = English;
			hasScannedForEncodings = 0;
			knownRegions = (
				en,
			);
			mainGroup = 45BFEC061DD5653E00D0C200;
			productRefGroup = 45BFEC111DD5653E00D0C200 /* Products */;
			projectDirPath = "";
			projectRoot = "";
			targets = (
				45BFEC0F1DD5653E00D0C200 /* Game Engine */,
			);
		};
/* End PBXProject section */

/* Begin PBXResourcesBuildPhase section */
		45BFEC0D1DD5653E00D0C200 /* Resources */ = {
			isa = PBXResourcesBuildPhase;
			buildActionMask = 2147483647;
			files = (
				45BFEC6F1DD5997900D0C200 /* nice_music.ogg in Resources */,
				45BFEC701DD5997900D0C200 /* sansation.ttf in Resources */,
				45BFEC6D1DD5997900D0C200 /* cute_image.jpg in Resources */,
				45BFEC681DD598DE00D0C200 /* Game Engine-Info.plist in Resources */,
				45BFEC6E1DD5997900D0C200 /* icon.png in Resources */,
			);
			runOnlyForDeploymentPostprocessing = 0;
		};
/* End PBXResourcesBuildPhase section */

/* Begin PBXShellScriptBuildPhase section */
		45BFEC0E1DD5653E00D0C200 /* ShellScript */ = {
			isa = PBXShellScriptBuildPhase;
			buildActionMask = 2147483647;
			files = (
			);
			inputPaths = (
			);
			outputPaths = (
			);
			runOnlyForDeploymentPostprocessing = 0;
			shellPath = /bin/sh;
			shellScript = "# This shell script simply copies required SFML dylibs/frameworks into the application bundle frameworks folder.\n# If you're using static libraries (which is not recommended) you should remove this script from your project.\n\n# SETTINGS\nCMAKE_INSTALL_FRAMEWORK_PREFIX=\"/Library/Frameworks\"\nCMAKE_INSTALL_LIB_PREFIX=\"/usr/local/lib\"\nFRAMEWORKS_FULL_PATH=\"$BUILT_PRODUCTS_DIR/$FRAMEWORKS_FOLDER_PATH/\"\n\n# Are we building a project that uses frameworks or dylibs?\ncase \"$SFML_BINARY_TYPE\" in\n    DYLIBS)\n        frameworks=\"false\"\n        ;;\n    *)\n        frameworks=\"true\"\n        ;;\nesac\n\n# Echoes to stderr\nerror () # $* message to display\n{\n    echo $* 1>&2\n    exit 2\n}\n\nassert () # $1 is a boolean, $2...N is an error message\n{\n    if [ $# -lt 2 ]\n    then\n        error \"Internal error in assert: not enough args\"\n    fi\n\n    if [ $1 -ne 0 ]\n    then\n        shift\n        error \"$*\"\n    fi\n}\n\nforce_remove () # $@ is some paths\n{\n    test $# -ge 1\n    assert $? \"force_remove() requires at least one parameter\"\n    rm -fr $@\n    assert $? \"couldn't remove $@\"\n}\n\ncopy () # $1 is a source, $2 is a destination\n{\n    test $# -eq 2\n    assert $? \"copy() requires two parameters\"\n    ditto \"$1\" \"$2\"\n    assert $? \"couldn't copy $1 to $2\"\n}\n\nrequire () # $1 is a SFML module like 'system' or 'audio'\n{\n    dest=\"$BUILT_PRODUCTS_DIR/$FRAMEWORKS_FOLDER_PATH/\"\n\n    if [ -z \"$1\" ]\n    then\n        error \"require() requires one parameter!\"\n    else\n        # clean potentially old stuff\n        force_remove \"$dest/libsfml-$1\"*\n        force_remove \"$dest/sfml-$1.framework\"\n\n        # copy SFML libraries\n        if [ \"$frameworks\" = \"true\" ]\n        then\n            source=\"$CMAKE_INSTALL_FRAMEWORK_PREFIX/sfml-$1.framework\"\n            target=\"sfml-$1.framework\"\n        elif [ \"$SFML_LINK_DYLIBS_SUFFIX\" = \"-d\" ]\n        then\n            source=\"$CMAKE_INSTALL_LIB_PREFIX/libsfml-$1-d.dylib\"\n            target=\"`readlink $source`\"\n        else\n            source=\"$CMAKE_INSTALL_LIB_PREFIX/libsfml-$1.dylib\"\n            target=\"`readlink $source`\"\n        fi\n\n        copy \"$source\" \"$dest/$target\"\n\n        # copy extra dependencies\n        if [ \"$1\" = \"audio\" ]\n        then\n            # copy \"FLAC\" \"ogg\" \"vorbis\" \"vorbisenc\" \"vorbisfile\" \"OpenAL\" frameworks too\n            for f in \"FLAC\" \"ogg\" \"vorbis\" \"vorbisenc\" \"vorbisfile\" \"OpenAL\"\n            do\n                copy \"$CMAKE_INSTALL_FRAMEWORK_PREFIX/$f.framework\" \"$dest/$f.framework\"\n            done\n        elif [ \"$1\" = \"graphics\" ]\n        then\n            copy \"$CMAKE_INSTALL_FRAMEWORK_PREFIX/freetype.framework\" \"$dest/freetype.framework\"\n        fi\n    fi\n}\n\nif [ -n \"$SFML_SYSTEM\" ]\nthen\n    require \"system\"\nfi\n\nif [ -n \"$SFML_AUDIO\" ]\nthen\n    require \"audio\"\nfi\n\nif [ -n \"$SFML_NETWORK\" ]\nthen\n    require \"network\"\nfi\n\nif [ -n \"$SFML_WINDOW\" ]\nthen\n    require \"window\"\nfi\n\nif [ -n \"$SFML_GRAPHICS\" ]\nthen\n    require \"graphics\"\nfi\n\n                ";
		};
/* End PBXShellScriptBuildPhase section */

/* Begin PBXSourcesBuildPhase section */
		45BFEC0B1DD5653E00D0C200 /* Sources */ = {
			isa = PBXSourcesBuildPhase;
			buildActionMask = 2147483647;
			files = (
				45F028BB1DD59DC6007A758A /* material.cpp in Sources */,
				451F72531DD95930000D9E1A /* container.cpp in Sources */,
				45F029111DD59F1E007A758A /* xml.cpp in Sources */,
				45F028F31DD59EDE007A758A /* queued observer.cpp in Sources */,
				45F028D11DD59E28007A758A /* component.cpp in Sources */,
				45F0290D1DD59F1E007A758A /* json.cpp in Sources */,
				45F0293B1DD59F6C007A758A /* instancecounter.cpp in Sources */,
				451F722F1DD94C24000D9E1A /* circle.cpp in Sources */,
				451F725A1DD95930000D9E1A /* uuid.cpp in Sources */,
				45F029231DD59F44007A758A /* case.cpp in Sources */,
				45BFEC191DD5653E00D0C200 /* main.cpp in Sources */,
				45F028C11DD59DC6007A758A /* transform.cpp in Sources */,
				45F028BF1DD59DC6007A758A /* renderer.cpp in Sources */,
				45F028BC1DD59DC6007A758A /* matstack.cpp in Sources */,
				451F72311DD94C24000D9E1A /* line.cpp in Sources */,
				45F029161DD59F32007A758A /* machine.cpp in Sources */,
				45F029261DD59F44007A758A /* whitespace.cpp in Sources */,
				45F029011DD59F01007A758A /* handle.cpp in Sources */,
				45F029251DD59F44007A758A /* escape.cpp in Sources */,
				45F028E51DD59E99007A758A /* blockallocatorview.cpp in Sources */,
				45F0293D1DD59F6C007A758A /* profiler.cpp in Sources */,
				45F028B81DD59DC6007A758A /* camera.cpp in Sources */,
				451F72321DD94C24000D9E1A /* point.cpp in Sources */,
				45F029101DD59F1E007A758A /* stl.cpp in Sources */,
				451F72571DD95930000D9E1A /* interface.cpp in Sources */,
				45F028E81DD59E99007A758A /* view.cpp in Sources */,
				45F0290F1DD59F1E007A758A /* obj bin.cpp in Sources */,
				451F72591DD95930000D9E1A /* randfast.cpp in Sources */,
				45F0290E1DD59F1E007A758A /* obj ascii.cpp in Sources */,
				45F028B91DD59DC6007A758A /* frustum.cpp in Sources */,
				451F72411DD94F5F000D9E1A /* time.cpp in Sources */,
				451F721E1DD94B8A000D9E1A /* comp.cpp in Sources */,
				45F028E71DD59E99007A758A /* exceptions.cpp in Sources */,
				45F029021DD59F01007A758A /* loader.cpp in Sources */,
				45F028C21DD59DC6007A758A /* triangulate.cpp in Sources */,
				45F028EA1DD59E99007A758A /* stackallocator.cpp in Sources */,
				451F72551DD95930000D9E1A /* countfast.cpp in Sources */,
				45F028F11DD59EDE007A758A /* broadcast.cpp in Sources */,
				45F028E31DD59E99007A758A /* bitmapview.cpp in Sources */,
				45F028BE1DD59DC6007A758A /* plane.cpp in Sources */,
				45F028BA1DD59DC6007A758A /* geometry.cpp in Sources */,
				45F0293C1DD59F6C007A758A /* logger.cpp in Sources */,
				45F028BD1DD59DC6007A758A /* mesh.cpp in Sources */,
				451F72341DD94C24000D9E1A /* size.cpp in Sources */,
				45F028D21DD59E28007A758A /* entity.cpp in Sources */,
				45F0292B1DD59F52007A758A /* manager.cpp in Sources */,
				45F028F21DD59EDE007A758A /* direct.cpp in Sources */,
				45F028F81DD59EF1007A758A /* observer.cpp in Sources */,
				451F72541DD95930000D9E1A /* count.cpp in Sources */,
				45BFEC161DD5653E00D0C200 /* ResourcePath.mm in Sources */,
				45F028E91DD59E99007A758A /* raw.cpp in Sources */,
				45F028F91DD59EF1007A758A /* subject.cpp in Sources */,
				45F029221DD59F44007A758A /* alphabetchar.cpp in Sources */,
				45F4F7101DDAC52C005FD5C5 /* bits.cpp in Sources */,
				45F028E41DD59E99007A758A /* blockallocator.cpp in Sources */,
				451F72561DD95930000D9E1A /* freecontainer.cpp in Sources */,
				451F721F1DD94B8A000D9E1A /* format.cpp in Sources */,
				451F72581DD95930000D9E1A /* rand.cpp in Sources */,
				45F029241DD59F44007A758A /* digitchar.cpp in Sources */,
				45F0292C1DD59F52007A758A /* task.cpp in Sources */,
				45F028C01DD59DC6007A758A /* scene.cpp in Sources */,
				451F723E1DD94E6D000D9E1A /* eventmanager.cpp in Sources */,
				45F029171DD59F32007A758A /* state.cpp in Sources */,
				45F028C81DD59DF1007A758A /* tempjob.cpp in Sources */,
				451F72301DD94C24000D9E1A /* dir.cpp in Sources */,
				45F029321DD59F5E007A758A /* tile.cpp in Sources */,
				45F028C71DD59DF1007A758A /* animtask.cpp in Sources */,
				451F723C1DD94E6D000D9E1A /* app.cpp in Sources */,
				45F0293E1DD59F6C007A758A /* singleton.cpp in Sources */,
				451F723D1DD94E6D000D9E1A /* event.cpp in Sources */,
				451F72351DD94C24000D9E1A /* triangle.cpp in Sources */,
				45F029001DD59F01007A758A /* cache.cpp in Sources */,
				451F72331DD94C24000D9E1A /* rect.cpp in Sources */,
				45F028E61DD59E99007A758A /* byteptr.cpp in Sources */,
				45F029311DD59F5E007A758A /* grid.cpp in Sources */,
			);
			runOnlyForDeploymentPostprocessing = 0;
		};
/* End PBXSourcesBuildPhase section */

/* Begin XCBuildConfiguration section */
		45BFEC231DD5653E00D0C200 /* Debug */ = {
			isa = XCBuildConfiguration;
			buildSettings = {
				ARCHS = "$(NATIVE_ARCH_ACTUAL)";
				CLANG_CXX_LANGUAGE_STANDARD = "c++0x";
				CLANG_CXX_LIBRARY = "libc++";
				FRAMEWORK_SEARCH_PATHS = (
					/Library/Frameworks/,
					"$(inherited)",
				);
				GCC_VERSION = com.apple.compilers.llvm.clang.1_0;
				HEADER_SEARCH_PATHS = (
					/usr/local/include/,
					"$(inherited)",
				);
				LIBRARY_SEARCH_PATHS = (
					/usr/local/lib/,
					"$(inherited)",
				);
				MACOSX_DEPLOYMENT_TARGET = 10.7;
				OTHER_LDFLAGS = (
					"$(inherited)",
					"$(SFML_SYSTEM)",
					"$(SFML_WINDOW)",
					"$(SFML_GRAPHICS)",
					"$(SFML_AUDIO)",
					"$(SFML_NETWORK)",
				);
				SFML_AUDIO = "$(SFML_LINK_PREFIX) sfml-audio$(SFML_LINK_SUFFIX)";
				SFML_BINARY_TYPE = FRAMEWORKS;
				SFML_GRAPHICS = "$(SFML_LINK_PREFIX) sfml-graphics$(SFML_LINK_SUFFIX)";
				SFML_LINK_DYLIBS_PREFIX = "-l";
				SFML_LINK_DYLIBS_SUFFIX = "";
				SFML_LINK_FRAMEWORKS_PREFIX = "-framework";
				SFML_LINK_FRAMEWORKS_SUFFIX = "";
				SFML_LINK_PREFIX = "$(SFML_LINK_$(SFML_BINARY_TYPE)_PREFIX)";
				SFML_LINK_SUFFIX = "$(SFML_LINK_$(SFML_BINARY_TYPE)_SUFFIX)";
				SFML_NETWORK = "$(SFML_LINK_PREFIX) sfml-network$(SFML_LINK_SUFFIX)";
				SFML_SYSTEM = "$(SFML_LINK_PREFIX) sfml-system$(SFML_LINK_SUFFIX)";
				SFML_WINDOW = "$(SFML_LINK_PREFIX) sfml-window$(SFML_LINK_SUFFIX)";
				SUPPORTED_PLATFORMS = macosx;
			};
			name = Debug;
		};
		45BFEC241DD5653E00D0C200 /* Release */ = {
			isa = XCBuildConfiguration;
			buildSettings = {
				ARCHS = "$(NATIVE_ARCH_ACTUAL)";
				CLANG_CXX_LANGUAGE_STANDARD = "c++0x";
				CLANG_CXX_LIBRARY = "libc++";
				FRAMEWORK_SEARCH_PATHS = (
					/Library/Frameworks/,
					"$(inherited)",
				);
				GCC_VERSION = com.apple.compilers.llvm.clang.1_0;
				HEADER_SEARCH_PATHS = (
					/usr/local/include/,
					"$(inherited)",
				);
				LIBRARY_SEARCH_PATHS = (
					/usr/local/lib/,
					"$(inherited)",
				);
				MACOSX_DEPLOYMENT_TARGET = 10.7;
				OTHER_LDFLAGS = (
					"$(inherited)",
					"$(SFML_SYSTEM)",
					"$(SFML_WINDOW)",
					"$(SFML_GRAPHICS)",
					"$(SFML_AUDIO)",
					"$(SFML_NETWORK)",
				);
				SFML_AUDIO = "$(SFML_LINK_PREFIX) sfml-audio$(SFML_LINK_SUFFIX)";
				SFML_BINARY_TYPE = FRAMEWORKS;
				SFML_GRAPHICS = "$(SFML_LINK_PREFIX) sfml-graphics$(SFML_LINK_SUFFIX)";
				SFML_LINK_DYLIBS_PREFIX = "-l";
				SFML_LINK_DYLIBS_SUFFIX = "";
				SFML_LINK_FRAMEWORKS_PREFIX = "-framework";
				SFML_LINK_FRAMEWORKS_SUFFIX = "";
				SFML_LINK_PREFIX = "$(SFML_LINK_$(SFML_BINARY_TYPE)_PREFIX)";
				SFML_LINK_SUFFIX = "$(SFML_LINK_$(SFML_BINARY_TYPE)_SUFFIX)";
				SFML_NETWORK = "$(SFML_LINK_PREFIX) sfml-network$(SFML_LINK_SUFFIX)";
				SFML_SYSTEM = "$(SFML_LINK_PREFIX) sfml-system$(SFML_LINK_SUFFIX)";
				SFML_WINDOW = "$(SFML_LINK_PREFIX) sfml-window$(SFML_LINK_SUFFIX)";
				SUPPORTED_PLATFORMS = macosx;
			};
			name = Release;
		};
		45BFEC261DD5653E00D0C200 /* Debug */ = {
			isa = XCBuildConfiguration;
			buildSettings = {
				CLANG_CXX_LANGUAGE_STANDARD = "c++14";
				INFOPLIST_FILE = "Game Engine/Game Engine-Info.plist";
				LD_RUNPATH_SEARCH_PATHS = "@loader_path/../Frameworks";
				PRODUCT_NAME = "$(TARGET_NAME)";
			};
			name = Debug;
		};
		45BFEC271DD5653E00D0C200 /* Release */ = {
			isa = XCBuildConfiguration;
			buildSettings = {
				CLANG_CXX_LANGUAGE_STANDARD = "c++14";
				INFOPLIST_FILE = "Game Engine/Game Engine-Info.plist";
				LD_RUNPATH_SEARCH_PATHS = "@loader_path/../Frameworks";
				PRODUCT_NAME = "$(TARGET_NAME)";
			};
			name = Release;
		};
/* End XCBuildConfiguration section */

/* Begin XCConfigurationList section */
		45BFEC0A1DD5653E00D0C200 /* Build configuration list for PBXProject "Game Engine" */ = {
			isa = XCConfigurationList;
			buildConfigurations = (
				45BFEC231DD5653E00D0C200 /* Debug */,
				45BFEC241DD5653E00D0C200 /* Release */,
			);
			defaultConfigurationIsVisible = 0;
			defaultConfigurationName = Release;
		};
		45BFEC251DD5653E00D0C200 /* Build configuration list for PBXNativeTarget "Game Engine" */ = {
			isa = XCConfigurationList;
			buildConfigurations = (
				45BFEC261DD5653E00D0C200 /* Debug */,
				45BFEC271DD5653E00D0C200 /* Release */,
			);
			defaultConfigurationIsVisible = 0;
			defaultConfigurationName = Release;
		};
/* End XCConfigurationList section */
	};
	rootObject = 45BFEC071DD5653E00D0C200 /* Project object */;
}
